Microsoft Visual Studio Solution File, Format Version 10.00
# Visual Studio 2008
Project("{8BC9CEB8-8B4A-11D0-8D11-00A0C91BC942}") = "peerPhysX", "peerPhysX\peerPhysX_vc9.vcproj", "{35F18913-F384-43A8-B664-624682177FBF}"
EndProject
Global
	GlobalSection(SolutionConfigurationPlatforms) = preSolution
		Debug|Win32 = Debug|Win32
		DebugNCS|Win32 = DebugNCS|Win32
		Release|Win32 = Release|Win32
		ReleaseNCS|Win32 = ReleaseNCS|Win32
	EndGlobalSection
	GlobalSection(ProjectConfigurationPlatforms) = postSolution
		{35F18913-F384-43A8-B664-624682177FBF}.Debug|Win32.ActiveCfg = Debug|Win32
		{35F18913-F384-43A8-B664-624682177FBF}.Debug|Win32.Build.0 = Debug|Win32
		{35F18913-F384-43A8-B664-624682177FBF}.DebugNCS|Win32.ActiveCfg = DebugNCS|Win32
		{35F18913-F384-43A8-B664-624682177FBF}.DebugNCS|Win32.Build.0 = DebugNCS|Win32
		{35F18913-F384-43A8-B664-624682177FBF}.Release|Win32.ActiveCfg = Release|Win32
		{35F18913-F384-43A8-B664-624682177FBF}.Release|Win32.Build.0 = Release|Win32
		{35F18913-F384-43A8-B664-624682177FBF}.ReleaseNCS|Win32.ActiveCfg = ReleaseNCS|Win32
		{35F18913-F384-43A8-B664-624682177FBF}.ReleaseNCS|Win32.Build.0 = ReleaseNCS|Win32
	EndGlobalSection
	GlobalSection(SolutionProperties) = preSolution
		HideSolutionNode = FALSE
	EndGlobalSection
EndGlobal
