
Microsoft Visual Studio Solution File, Format Version 9.00
# Visual Studio 2005
Project("{8BC9CEB8-8B4A-11D0-8D11-00A0C91BC942}") = "llmozlib_vc8", "DevTools\llmozlib\llmozlib_vc8.vcproj", "{B464AB9E-C9ED-4797-9179-77282A916378}"
EndProject
Project("{8BC9CEB8-8B4A-11D0-8D11-00A0C91BC942}") = "Navi_vc8", "DevTools\navi\Navi\Navi_vc8.vcproj", "{5902A470-3E2A-4159-A2F7-57BDC5614070}"
	ProjectSection(ProjectDependencies) = postProject
		{B464AB9E-C9ED-4797-9179-77282A916378} = {B464AB9E-C9ED-4797-9179-77282A916378}
	EndProjectSection
EndProject
Project("{8BC9CEB8-8B4A-11D0-8D11-00A0C91BC942}") = "pthread", "DevTools\pthreads\pthread_vc8.vcproj", "{938D2C05-A26E-4C35-8EC0-44F1B7B06B8C}"
EndProject
Project("{8BC9CEB8-8B4A-11D0-8D11-00A0C91BC942}") = "tinyxml", "DevTools\tinyxml\tinyxml_lib_vc8.vcproj", "{C406DAEC-0886-4771-8DEA-9D7329B46CC1}"
EndProject
Project("{8BC9CEB8-8B4A-11D0-8D11-00A0C91BC942}") = "XmlRpc", "DevTools\xmlrpc++\XmlRpc_vc8.vcproj", "{C9C8B7B0-2509-4B8A-9224-9FF04297C33B}"
EndProject
Project("{8BC9CEB8-8B4A-11D0-8D11-00A0C91BC942}") = "Navigator", "navigator\navigator_vc8.vcproj", "{38A06E51-F5AE-4B39-A04D-EB0F7F434E71}"
	ProjectSection(ProjectDependencies) = postProject
		{5902A470-3E2A-4159-A2F7-57BDC5614070} = {5902A470-3E2A-4159-A2F7-57BDC5614070}
		{DF22C2FB-C678-4378-8475-9CCE0A906756} = {DF22C2FB-C678-4378-8475-9CCE0A906756}
		{938D2C05-A26E-4C35-8EC0-44F1B7B06B8C} = {938D2C05-A26E-4C35-8EC0-44F1B7B06B8C}
		{E737AF5B-9F63-4095-BA6F-25F173DF34E2} = {E737AF5B-9F63-4095-BA6F-25F173DF34E2}
		{C406DAEC-0886-4771-8DEA-9D7329B46CC1} = {C406DAEC-0886-4771-8DEA-9D7329B46CC1}
		{C9C8B7B0-2509-4B8A-9224-9FF04297C33B} = {C9C8B7B0-2509-4B8A-9224-9FF04297C33B}
	EndProjectSection
EndProject
Project("{8BC9CEB8-8B4A-11D0-8D11-00A0C91BC942}") = "liblua_vc8", "DevTools\lua\scripts\liblua_vc8.vcproj", "{E737AF5B-9F63-4095-BA6F-25F173DF34E2}"
EndProject
Project("{8BC9CEB8-8B4A-11D0-8D11-00A0C91BC942}") = "ode", "DevTools\OgreOde\ode\build\vs2005\ode.vcproj", "{247E6601-C6F1-5D49-A516-A2516E524C53}"
EndProject
Project("{8BC9CEB8-8B4A-11D0-8D11-00A0C91BC942}") = "OgreOde_Core", "DevTools\OgreOde\scripts\VC8\OgreOde_Core_Source.vcproj", "{DF22C2FB-C678-4378-8475-9CCE0A906756}"
	ProjectSection(ProjectDependencies) = postProject
		{247E6601-C6F1-5D49-A516-A2516E524C53} = {247E6601-C6F1-5D49-A516-A2516E524C53}
	EndProjectSection
EndProject
Global
	GlobalSection(SolutionConfigurationPlatforms) = preSolution
		Debug|Win32 = Debug|Win32
		DebugDLL|Win32 = DebugDLL|Win32
		DebugLib|Win32 = DebugLib|Win32
		Release|Win32 = Release|Win32
		ReleaseDLL|Win32 = ReleaseDLL|Win32
		ReleaseLib|Win32 = ReleaseLib|Win32
	EndGlobalSection
	GlobalSection(ProjectConfigurationPlatforms) = postSolution
		{B464AB9E-C9ED-4797-9179-77282A916378}.Debug|Win32.ActiveCfg = Debug|Win32
		{B464AB9E-C9ED-4797-9179-77282A916378}.Debug|Win32.Build.0 = Debug|Win32
		{B464AB9E-C9ED-4797-9179-77282A916378}.DebugDLL|Win32.ActiveCfg = Debug|Win32
		{B464AB9E-C9ED-4797-9179-77282A916378}.DebugDLL|Win32.Build.0 = Debug|Win32
		{B464AB9E-C9ED-4797-9179-77282A916378}.DebugLib|Win32.ActiveCfg = Debug|Win32
		{B464AB9E-C9ED-4797-9179-77282A916378}.DebugLib|Win32.Build.0 = Debug|Win32
		{B464AB9E-C9ED-4797-9179-77282A916378}.Release|Win32.ActiveCfg = Release|Win32
		{B464AB9E-C9ED-4797-9179-77282A916378}.Release|Win32.Build.0 = Release|Win32
		{B464AB9E-C9ED-4797-9179-77282A916378}.ReleaseDLL|Win32.ActiveCfg = Release|Win32
		{B464AB9E-C9ED-4797-9179-77282A916378}.ReleaseDLL|Win32.Build.0 = Release|Win32
		{B464AB9E-C9ED-4797-9179-77282A916378}.ReleaseLib|Win32.ActiveCfg = Release|Win32
		{B464AB9E-C9ED-4797-9179-77282A916378}.ReleaseLib|Win32.Build.0 = Release|Win32
		{5902A470-3E2A-4159-A2F7-57BDC5614070}.Debug|Win32.ActiveCfg = Debug|Win32
		{5902A470-3E2A-4159-A2F7-57BDC5614070}.Debug|Win32.Build.0 = Debug|Win32
		{5902A470-3E2A-4159-A2F7-57BDC5614070}.DebugDLL|Win32.ActiveCfg = Debug|Win32
		{5902A470-3E2A-4159-A2F7-57BDC5614070}.DebugDLL|Win32.Build.0 = Debug|Win32
		{5902A470-3E2A-4159-A2F7-57BDC5614070}.DebugLib|Win32.ActiveCfg = Debug|Win32
		{5902A470-3E2A-4159-A2F7-57BDC5614070}.DebugLib|Win32.Build.0 = Debug|Win32
		{5902A470-3E2A-4159-A2F7-57BDC5614070}.Release|Win32.ActiveCfg = Release|Win32
		{5902A470-3E2A-4159-A2F7-57BDC5614070}.Release|Win32.Build.0 = Release|Win32
		{5902A470-3E2A-4159-A2F7-57BDC5614070}.ReleaseDLL|Win32.ActiveCfg = Release|Win32
		{5902A470-3E2A-4159-A2F7-57BDC5614070}.ReleaseDLL|Win32.Build.0 = Release|Win32
		{5902A470-3E2A-4159-A2F7-57BDC5614070}.ReleaseLib|Win32.ActiveCfg = Release|Win32
		{5902A470-3E2A-4159-A2F7-57BDC5614070}.ReleaseLib|Win32.Build.0 = Release|Win32
		{938D2C05-A26E-4C35-8EC0-44F1B7B06B8C}.Debug|Win32.ActiveCfg = Debug|Win32
		{938D2C05-A26E-4C35-8EC0-44F1B7B06B8C}.Debug|Win32.Build.0 = Debug|Win32
		{938D2C05-A26E-4C35-8EC0-44F1B7B06B8C}.DebugDLL|Win32.ActiveCfg = Debug|Win32
		{938D2C05-A26E-4C35-8EC0-44F1B7B06B8C}.DebugDLL|Win32.Build.0 = Debug|Win32
		{938D2C05-A26E-4C35-8EC0-44F1B7B06B8C}.DebugLib|Win32.ActiveCfg = Debug|Win32
		{938D2C05-A26E-4C35-8EC0-44F1B7B06B8C}.DebugLib|Win32.Build.0 = Debug|Win32
		{938D2C05-A26E-4C35-8EC0-44F1B7B06B8C}.Release|Win32.ActiveCfg = Release|Win32
		{938D2C05-A26E-4C35-8EC0-44F1B7B06B8C}.Release|Win32.Build.0 = Release|Win32
		{938D2C05-A26E-4C35-8EC0-44F1B7B06B8C}.ReleaseDLL|Win32.ActiveCfg = Release|Win32
		{938D2C05-A26E-4C35-8EC0-44F1B7B06B8C}.ReleaseDLL|Win32.Build.0 = Release|Win32
		{938D2C05-A26E-4C35-8EC0-44F1B7B06B8C}.ReleaseLib|Win32.ActiveCfg = Release|Win32
		{938D2C05-A26E-4C35-8EC0-44F1B7B06B8C}.ReleaseLib|Win32.Build.0 = Release|Win32
		{C406DAEC-0886-4771-8DEA-9D7329B46CC1}.Debug|Win32.ActiveCfg = Debug|Win32
		{C406DAEC-0886-4771-8DEA-9D7329B46CC1}.Debug|Win32.Build.0 = Debug|Win32
		{C406DAEC-0886-4771-8DEA-9D7329B46CC1}.DebugDLL|Win32.ActiveCfg = Debug|Win32
		{C406DAEC-0886-4771-8DEA-9D7329B46CC1}.DebugDLL|Win32.Build.0 = Debug|Win32
		{C406DAEC-0886-4771-8DEA-9D7329B46CC1}.DebugLib|Win32.ActiveCfg = Debug|Win32
		{C406DAEC-0886-4771-8DEA-9D7329B46CC1}.DebugLib|Win32.Build.0 = Debug|Win32
		{C406DAEC-0886-4771-8DEA-9D7329B46CC1}.Release|Win32.ActiveCfg = Release|Win32
		{C406DAEC-0886-4771-8DEA-9D7329B46CC1}.Release|Win32.Build.0 = Release|Win32
		{C406DAEC-0886-4771-8DEA-9D7329B46CC1}.ReleaseDLL|Win32.ActiveCfg = Release|Win32
		{C406DAEC-0886-4771-8DEA-9D7329B46CC1}.ReleaseDLL|Win32.Build.0 = Release|Win32
		{C406DAEC-0886-4771-8DEA-9D7329B46CC1}.ReleaseLib|Win32.ActiveCfg = Release|Win32
		{C406DAEC-0886-4771-8DEA-9D7329B46CC1}.ReleaseLib|Win32.Build.0 = Release|Win32
		{C9C8B7B0-2509-4B8A-9224-9FF04297C33B}.Debug|Win32.ActiveCfg = Debug|Win32
		{C9C8B7B0-2509-4B8A-9224-9FF04297C33B}.Debug|Win32.Build.0 = Debug|Win32
		{C9C8B7B0-2509-4B8A-9224-9FF04297C33B}.DebugDLL|Win32.ActiveCfg = Debug|Win32
		{C9C8B7B0-2509-4B8A-9224-9FF04297C33B}.DebugDLL|Win32.Build.0 = Debug|Win32
		{C9C8B7B0-2509-4B8A-9224-9FF04297C33B}.DebugLib|Win32.ActiveCfg = Debug|Win32
		{C9C8B7B0-2509-4B8A-9224-9FF04297C33B}.DebugLib|Win32.Build.0 = Debug|Win32
		{C9C8B7B0-2509-4B8A-9224-9FF04297C33B}.Release|Win32.ActiveCfg = Release|Win32
		{C9C8B7B0-2509-4B8A-9224-9FF04297C33B}.Release|Win32.Build.0 = Release|Win32
		{C9C8B7B0-2509-4B8A-9224-9FF04297C33B}.ReleaseDLL|Win32.ActiveCfg = Release|Win32
		{C9C8B7B0-2509-4B8A-9224-9FF04297C33B}.ReleaseDLL|Win32.Build.0 = Release|Win32
		{C9C8B7B0-2509-4B8A-9224-9FF04297C33B}.ReleaseLib|Win32.ActiveCfg = Release|Win32
		{C9C8B7B0-2509-4B8A-9224-9FF04297C33B}.ReleaseLib|Win32.Build.0 = Release|Win32
		{38A06E51-F5AE-4B39-A04D-EB0F7F434E71}.Debug|Win32.ActiveCfg = Debug|Win32
		{38A06E51-F5AE-4B39-A04D-EB0F7F434E71}.Debug|Win32.Build.0 = Debug|Win32
		{38A06E51-F5AE-4B39-A04D-EB0F7F434E71}.DebugDLL|Win32.ActiveCfg = Debug|Win32
		{38A06E51-F5AE-4B39-A04D-EB0F7F434E71}.DebugDLL|Win32.Build.0 = Debug|Win32
		{38A06E51-F5AE-4B39-A04D-EB0F7F434E71}.DebugLib|Win32.ActiveCfg = Debug|Win32
		{38A06E51-F5AE-4B39-A04D-EB0F7F434E71}.DebugLib|Win32.Build.0 = Debug|Win32
		{38A06E51-F5AE-4B39-A04D-EB0F7F434E71}.Release|Win32.ActiveCfg = Release|Win32
		{38A06E51-F5AE-4B39-A04D-EB0F7F434E71}.Release|Win32.Build.0 = Release|Win32
		{38A06E51-F5AE-4B39-A04D-EB0F7F434E71}.ReleaseDLL|Win32.ActiveCfg = Release|Win32
		{38A06E51-F5AE-4B39-A04D-EB0F7F434E71}.ReleaseDLL|Win32.Build.0 = Release|Win32
		{38A06E51-F5AE-4B39-A04D-EB0F7F434E71}.ReleaseLib|Win32.ActiveCfg = Release|Win32
		{38A06E51-F5AE-4B39-A04D-EB0F7F434E71}.ReleaseLib|Win32.Build.0 = Release|Win32
		{E737AF5B-9F63-4095-BA6F-25F173DF34E2}.Debug|Win32.ActiveCfg = Debug|Win32
		{E737AF5B-9F63-4095-BA6F-25F173DF34E2}.Debug|Win32.Build.0 = Debug|Win32
		{E737AF5B-9F63-4095-BA6F-25F173DF34E2}.DebugDLL|Win32.ActiveCfg = DebugDLL|Win32
		{E737AF5B-9F63-4095-BA6F-25F173DF34E2}.DebugDLL|Win32.Build.0 = DebugDLL|Win32
		{E737AF5B-9F63-4095-BA6F-25F173DF34E2}.DebugLib|Win32.ActiveCfg = DebugDLL|Win32
		{E737AF5B-9F63-4095-BA6F-25F173DF34E2}.DebugLib|Win32.Build.0 = DebugDLL|Win32
		{E737AF5B-9F63-4095-BA6F-25F173DF34E2}.Release|Win32.ActiveCfg = Release|Win32
		{E737AF5B-9F63-4095-BA6F-25F173DF34E2}.Release|Win32.Build.0 = Release|Win32
		{E737AF5B-9F63-4095-BA6F-25F173DF34E2}.ReleaseDLL|Win32.ActiveCfg = ReleaseDLL|Win32
		{E737AF5B-9F63-4095-BA6F-25F173DF34E2}.ReleaseDLL|Win32.Build.0 = ReleaseDLL|Win32
		{E737AF5B-9F63-4095-BA6F-25F173DF34E2}.ReleaseLib|Win32.ActiveCfg = ReleaseDLL|Win32
		{E737AF5B-9F63-4095-BA6F-25F173DF34E2}.ReleaseLib|Win32.Build.0 = ReleaseDLL|Win32
		{247E6601-C6F1-5D49-A516-A2516E524C53}.Debug|Win32.ActiveCfg = DebugLib|Win32
		{247E6601-C6F1-5D49-A516-A2516E524C53}.Debug|Win32.Build.0 = DebugLib|Win32
		{247E6601-C6F1-5D49-A516-A2516E524C53}.DebugDLL|Win32.ActiveCfg = DebugDLL|Win32
		{247E6601-C6F1-5D49-A516-A2516E524C53}.DebugDLL|Win32.Build.0 = DebugDLL|Win32
		{247E6601-C6F1-5D49-A516-A2516E524C53}.DebugLib|Win32.ActiveCfg = DebugLib|Win32
		{247E6601-C6F1-5D49-A516-A2516E524C53}.DebugLib|Win32.Build.0 = DebugLib|Win32
		{247E6601-C6F1-5D49-A516-A2516E524C53}.Release|Win32.ActiveCfg = ReleaseLib|Win32
		{247E6601-C6F1-5D49-A516-A2516E524C53}.Release|Win32.Build.0 = ReleaseLib|Win32
		{247E6601-C6F1-5D49-A516-A2516E524C53}.ReleaseDLL|Win32.ActiveCfg = ReleaseDLL|Win32
		{247E6601-C6F1-5D49-A516-A2516E524C53}.ReleaseDLL|Win32.Build.0 = ReleaseDLL|Win32
		{247E6601-C6F1-5D49-A516-A2516E524C53}.ReleaseLib|Win32.ActiveCfg = ReleaseLib|Win32
		{247E6601-C6F1-5D49-A516-A2516E524C53}.ReleaseLib|Win32.Build.0 = ReleaseLib|Win32
		{DF22C2FB-C678-4378-8475-9CCE0A906756}.Debug|Win32.ActiveCfg = Debug|Win32
		{DF22C2FB-C678-4378-8475-9CCE0A906756}.Debug|Win32.Build.0 = Debug|Win32
		{DF22C2FB-C678-4378-8475-9CCE0A906756}.DebugDLL|Win32.ActiveCfg = Debug|Win32
		{DF22C2FB-C678-4378-8475-9CCE0A906756}.DebugDLL|Win32.Build.0 = Debug|Win32
		{DF22C2FB-C678-4378-8475-9CCE0A906756}.DebugLib|Win32.ActiveCfg = Debug|Win32
		{DF22C2FB-C678-4378-8475-9CCE0A906756}.DebugLib|Win32.Build.0 = Debug|Win32
		{DF22C2FB-C678-4378-8475-9CCE0A906756}.Release|Win32.ActiveCfg = Release|Win32
		{DF22C2FB-C678-4378-8475-9CCE0A906756}.Release|Win32.Build.0 = Release|Win32
		{DF22C2FB-C678-4378-8475-9CCE0A906756}.ReleaseDLL|Win32.ActiveCfg = Release|Win32
		{DF22C2FB-C678-4378-8475-9CCE0A906756}.ReleaseDLL|Win32.Build.0 = Release|Win32
		{DF22C2FB-C678-4378-8475-9CCE0A906756}.ReleaseLib|Win32.ActiveCfg = Release|Win32
		{DF22C2FB-C678-4378-8475-9CCE0A906756}.ReleaseLib|Win32.Build.0 = Release|Win32
	EndGlobalSection
	GlobalSection(SolutionProperties) = preSolution
		HideSolutionNode = FALSE
	EndGlobalSection
EndGlobal
