Microsoft Visual Studio Solution File, Format Version 10.00
# Visual Studio 2008
Project("{8BC9CEB8-8B4A-11D0-8D11-00A0C91BC942}") = "llmozlib_vc9", "DevTools\llmozlib\llmozlib_vc9.vcproj", "{B464AB9E-C9ED-4797-9179-77282A916378}"
EndProject
Project("{8BC9CEB8-8B4A-11D0-8D11-00A0C91BC942}") = "Navi_vc9", "DevTools\navi\Navi\Navi_vc9.vcproj", "{5902A470-3E2A-4159-A2F7-57BDC5614070}"
	ProjectSection(ProjectDependencies) = postProject
		{B464AB9E-C9ED-4797-9179-77282A916378} = {B464AB9E-C9ED-4797-9179-77282A916378}
	EndProjectSection
EndProject
Project("{8BC9CEB8-8B4A-11D0-8D11-00A0C91BC942}") = "pthread", "DevTools\pthreads\pthread_vc9.vcproj", "{938D2C05-A26E-4C35-8EC0-44F1B7B06B8C}"
EndProject
Project("{8BC9CEB8-8B4A-11D0-8D11-00A0C91BC942}") = "tinyxml", "DevTools\tinyxml\tinyxml_lib_vc9.vcproj", "{C406DAEC-0886-4771-8DEA-9D7329B46CC1}"
EndProject
Project("{8BC9CEB8-8B4A-11D0-8D11-00A0C91BC942}") = "XmlRpc", "DevTools\xmlrpc++\XmlRpc_vc9.vcproj", "{C9C8B7B0-2509-4B8A-9224-9FF04297C33B}"
EndProject
Project("{8BC9CEB8-8B4A-11D0-8D11-00A0C91BC942}") = "Navigator", "navigator\navigator_vc9.vcproj", "{38A06E51-F5AE-4B39-A04D-EB0F7F434E71}"
	ProjectSection(ProjectDependencies) = postProject
		{35F18913-F384-43A8-B664-624682177FBF} = {35F18913-F384-43A8-B664-624682177FBF}
		{B71ED042-7AAC-48D8-9BE9-5946D194A25F} = {B71ED042-7AAC-48D8-9BE9-5946D194A25F}
		{12E3DE4B-827E-4785-A8AF-16D1A945F3D6} = {12E3DE4B-827E-4785-A8AF-16D1A945F3D6}
	EndProjectSection
EndProject
Project("{8BC9CEB8-8B4A-11D0-8D11-00A0C91BC942}") = "liblua_vc9", "DevTools\lua\scripts\liblua_vc9.vcproj", "{E737AF5B-9F63-4095-BA6F-25F173DF34E2}"
EndProject
Project("{8BC9CEB8-8B4A-11D0-8D11-00A0C91BC942}") = "MdlrTools", "MdlrTools\MdlrTools_vc9.vcproj", "{16DC2030-A313-4674-800F-1D995CCC344E}"
	ProjectSection(ProjectDependencies) = postProject
		{E366FE8F-0CD1-47C5-BEE2-943E4667816B} = {E366FE8F-0CD1-47C5-BEE2-943E4667816B}
		{2517A49B-1219-4823-8178-2A8B6D5FC63C} = {2517A49B-1219-4823-8178-2A8B6D5FC63C}
		{DD2704DC-41CA-4FBB-99FC-204FA6942500} = {DD2704DC-41CA-4FBB-99FC-204FA6942500}
		{C406DAEC-0886-4771-8DEA-9D7329B46CC1} = {C406DAEC-0886-4771-8DEA-9D7329B46CC1}
		{9CCBCFF0-C83F-4E6C-A2B8-7C23409ECFF9} = {9CCBCFF0-C83F-4E6C-A2B8-7C23409ECFF9}
	EndProjectSection
EndProject
Project("{8BC9CEB8-8B4A-11D0-8D11-00A0C91BC942}") = "brep_vc9", "DevTools\brep\brep_vc9.vcproj", "{39A9638B-D487-471A-BA44-D5B81C0E91A4}"
EndProject
Project("{8BC9CEB8-8B4A-11D0-8D11-00A0C91BC942}") = "csg_vc9", "DevTools\CSG\csg_vc9.vcproj", "{9CCBCFF0-C83F-4E6C-A2B8-7C23409ECFF9}"
	ProjectSection(ProjectDependencies) = postProject
		{39A9638B-D487-471A-BA44-D5B81C0E91A4} = {39A9638B-D487-471A-BA44-D5B81C0E91A4}
	EndProjectSection
EndProject
Project("{8BC9CEB8-8B4A-11D0-8D11-00A0C91BC942}") = "zlib", "DevTools\zlib123\projects\visualc6\zlib_vc9.vcproj", "{E366FE8F-0CD1-47C5-BEE2-943E4667816B}"
EndProject
Project("{8BC9CEB8-8B4A-11D0-8D11-00A0C91BC942}") = "expat", "DevTools\expat\lib\expat_vc9.vcproj", "{50FC458E-425A-487F-83E5-E77F18C25C5C}"
EndProject
Project("{8BC9CEB8-8B4A-11D0-8D11-00A0C91BC942}") = "navigatorModule", "navigatorModuleOnlyNav\navigatorModule_vc9.vcproj", "{B71ED042-7AAC-48D8-9BE9-5946D194A25F}"
	ProjectSection(ProjectDependencies) = postProject
		{938D2C05-A26E-4C35-8EC0-44F1B7B06B8C} = {938D2C05-A26E-4C35-8EC0-44F1B7B06B8C}
		{DF452F0F-5CA2-44A6-BFB9-2E0520BF718A} = {DF452F0F-5CA2-44A6-BFB9-2E0520BF718A}
		{16DC2030-A313-4674-800F-1D995CCC344E} = {16DC2030-A313-4674-800F-1D995CCC344E}
		{E737AF5B-9F63-4095-BA6F-25F173DF34E2} = {E737AF5B-9F63-4095-BA6F-25F173DF34E2}
		{5902A470-3E2A-4159-A2F7-57BDC5614070} = {5902A470-3E2A-4159-A2F7-57BDC5614070}
		{89AD7D88-16EC-4964-99FA-98E1043AC1A8} = {89AD7D88-16EC-4964-99FA-98E1043AC1A8}
		{22FABB93-9E49-42DD-B9DB-A356C6784F56} = {22FABB93-9E49-42DD-B9DB-A356C6784F56}
		{38512799-B050-49D0-8025-C7623D2D1CF1} = {38512799-B050-49D0-8025-C7623D2D1CF1}
		{5F784299-72E2-4482-941D-12485DE80C30} = {5F784299-72E2-4482-941D-12485DE80C30}
		{2517A49B-1219-4823-8178-2A8B6D5FC63C} = {2517A49B-1219-4823-8178-2A8B6D5FC63C}
		{A0E177B2-2F3B-4EAC-9DFF-B3AA42256993} = {A0E177B2-2F3B-4EAC-9DFF-B3AA42256993}
		{2FE1F5C9-BCD8-43AA-9C15-FE7FCB3819BF} = {2FE1F5C9-BCD8-43AA-9C15-FE7FCB3819BF}
		{CB6BE1D0-F46F-4BC2-A4B7-EC16E7944B0F} = {CB6BE1D0-F46F-4BC2-A4B7-EC16E7944B0F}
		{FD5D38D2-70B6-430C-9294-801AB0D9225C} = {FD5D38D2-70B6-430C-9294-801AB0D9225C}
		{6F1BEDD7-D31B-4CEE-8B70-D254F1F1F0BE} = {6F1BEDD7-D31B-4CEE-8B70-D254F1F1F0BE}
		{C406DAEC-0886-4771-8DEA-9D7329B46CC1} = {C406DAEC-0886-4771-8DEA-9D7329B46CC1}
		{6FE81BEF-D89F-45ED-B044-D8CC0975A825} = {6FE81BEF-D89F-45ED-B044-D8CC0975A825}
	EndProjectSection
EndProject
Project("{8BC9CEB8-8B4A-11D0-8D11-00A0C91BC942}") = "ulxmlrpcpp", "DevTools\ulxmlrpcpp\msvc9\ulxmlrpcpp\ulxmlrpcpp.vcproj", "{D1B5E526-900B-4C9F-9F42-8A15862B9A3C}"
	ProjectSection(ProjectDependencies) = postProject
		{50FC458E-425A-487F-83E5-E77F18C25C5C} = {50FC458E-425A-487F-83E5-E77F18C25C5C}
	EndProjectSection
EndProject
Project("{8BC9CEB8-8B4A-11D0-8D11-00A0C91BC942}") = "XmlDatas", "protocols\XmlDatas\XmlDatas_vc9.vcproj", "{DD2704DC-41CA-4FBB-99FC-204FA6942500}"
	ProjectSection(ProjectDependencies) = postProject
		{938D2C05-A26E-4C35-8EC0-44F1B7B06B8C} = {938D2C05-A26E-4C35-8EC0-44F1B7B06B8C}
		{F726EB96-A5D1-402A-980C-E4D09ED1BB3C} = {F726EB96-A5D1-402A-980C-E4D09ED1BB3C}
		{C406DAEC-0886-4771-8DEA-9D7329B46CC1} = {C406DAEC-0886-4771-8DEA-9D7329B46CC1}
	EndProjectSection
EndProject
Project("{8BC9CEB8-8B4A-11D0-8D11-00A0C91BC942}") = "XMLRPCP2NServer", "protocols\P2NServer\xmlrpc++\XMLRPCP2NServer_vc9.vcproj", "{3F9BA22F-03A7-4931-8C20-96909D9EC03E}"
	ProjectSection(ProjectDependencies) = postProject
		{C9C8B7B0-2509-4B8A-9224-9FF04297C33B} = {C9C8B7B0-2509-4B8A-9224-9FF04297C33B}
		{DD2704DC-41CA-4FBB-99FC-204FA6942500} = {DD2704DC-41CA-4FBB-99FC-204FA6942500}
	EndProjectSection
EndProject
Project("{8BC9CEB8-8B4A-11D0-8D11-00A0C91BC942}") = "ULXMLRPCPPP2NServer", "protocols\P2NServer\ulxmlrpcpp\ULXMLRPCPPP2NServer_vc9.vcproj", "{D2327232-EF4E-4CE5-A9CA-568D2BC9690B}"
	ProjectSection(ProjectDependencies) = postProject
		{D1B5E526-900B-4C9F-9F42-8A15862B9A3C} = {D1B5E526-900B-4C9F-9F42-8A15862B9A3C}
		{DD2704DC-41CA-4FBB-99FC-204FA6942500} = {DD2704DC-41CA-4FBB-99FC-204FA6942500}
	EndProjectSection
EndProject
Project("{8BC9CEB8-8B4A-11D0-8D11-00A0C91BC942}") = "XMLRPCP2NClient", "protocols\P2NClient\xmlrpc++\XMLRPCP2NClient_vc9.vcproj", "{DF452F0F-5CA2-44A6-BFB9-2E0520BF718A}"
	ProjectSection(ProjectDependencies) = postProject
		{C9C8B7B0-2509-4B8A-9224-9FF04297C33B} = {C9C8B7B0-2509-4B8A-9224-9FF04297C33B}
		{DD2704DC-41CA-4FBB-99FC-204FA6942500} = {DD2704DC-41CA-4FBB-99FC-204FA6942500}
	EndProjectSection
EndProject
Project("{8BC9CEB8-8B4A-11D0-8D11-00A0C91BC942}") = "P2NNullClientServer", "protocols\P2NNullClientServer\P2NNullClientServer_vc9.vcproj", "{2FE1F5C9-BCD8-43AA-9C15-FE7FCB3819BF}"
	ProjectSection(ProjectDependencies) = postProject
		{DD2704DC-41CA-4FBB-99FC-204FA6942500} = {DD2704DC-41CA-4FBB-99FC-204FA6942500}
	EndProjectSection
EndProject
Project("{8BC9CEB8-8B4A-11D0-8D11-00A0C91BC942}") = "peerPhysX", "peerPhysics\peerPhysX\peerPhysX_vc9.vcproj", "{35F18913-F384-43A8-B664-624682177FBF}"
	ProjectSection(ProjectDependencies) = postProject
		{B71ED042-7AAC-48D8-9BE9-5946D194A25F} = {B71ED042-7AAC-48D8-9BE9-5946D194A25F}
		{12E3DE4B-827E-4785-A8AF-16D1A945F3D6} = {12E3DE4B-827E-4785-A8AF-16D1A945F3D6}
	EndProjectSection
EndProject
Project("{8BC9CEB8-8B4A-11D0-8D11-00A0C91BC942}") = "peer", "peer\peerApplication_vc9.vcproj", "{A206BD57-63BC-4848-9764-62799F867772}"
	ProjectSection(ProjectDependencies) = postProject
		{DF452F0F-5CA2-44A6-BFB9-2E0520BF718A} = {DF452F0F-5CA2-44A6-BFB9-2E0520BF718A}
		{12E3DE4B-827E-4785-A8AF-16D1A945F3D6} = {12E3DE4B-827E-4785-A8AF-16D1A945F3D6}
		{22FABB93-9E49-42DD-B9DB-A356C6784F56} = {22FABB93-9E49-42DD-B9DB-A356C6784F56}
		{DD2704DC-41CA-4FBB-99FC-204FA6942500} = {DD2704DC-41CA-4FBB-99FC-204FA6942500}
	EndProjectSection
EndProject
Project("{8BC9CEB8-8B4A-11D0-8D11-00A0C91BC942}") = "AvatarTools", "AvatarTools\AvatarTools_vc9.vcproj", "{89AD7D88-16EC-4964-99FA-98E1043AC1A8}"
	ProjectSection(ProjectDependencies) = postProject
		{DC8D9E2C-7686-4902-8D07-367C902812E4} = {DC8D9E2C-7686-4902-8D07-367C902812E4}
		{16DC2030-A313-4674-800F-1D995CCC344E} = {16DC2030-A313-4674-800F-1D995CCC344E}
		{5F784299-72E2-4482-941D-12485DE80C30} = {5F784299-72E2-4482-941D-12485DE80C30}
	EndProjectSection
EndProject
Project("{8BC9CEB8-8B4A-11D0-8D11-00A0C91BC942}") = "ULXMLRPCPPP2NClient", "protocols\P2NClient\ulxmlrpcpp\ULXMLRPCPPP2NClient_vc9.vcproj", "{22FABB93-9E49-42DD-B9DB-A356C6784F56}"
	ProjectSection(ProjectDependencies) = postProject
		{D1B5E526-900B-4C9F-9F42-8A15862B9A3C} = {D1B5E526-900B-4C9F-9F42-8A15862B9A3C}
		{DD2704DC-41CA-4FBB-99FC-204FA6942500} = {DD2704DC-41CA-4FBB-99FC-204FA6942500}
	EndProjectSection
EndProject
Project("{8BC9CEB8-8B4A-11D0-8D11-00A0C91BC942}") = "CommonTools", "CommonTools\CommonTools_vc9.vcproj", "{2517A49B-1219-4823-8178-2A8B6D5FC63C}"
	ProjectSection(ProjectDependencies) = postProject
		{938D2C05-A26E-4C35-8EC0-44F1B7B06B8C} = {938D2C05-A26E-4C35-8EC0-44F1B7B06B8C}
	EndProjectSection
EndProject
Project("{8BC9CEB8-8B4A-11D0-8D11-00A0C91BC942}") = "plugin_3ds", "plugin_3ds\plugin_3ds_vc9.vcproj", "{6F1BEDD7-D31B-4CEE-8B70-D254F1F1F0BE}"
	ProjectSection(ProjectDependencies) = postProject
		{B15BDA35-0972-428E-B5DA-F5EE528E36F0} = {B15BDA35-0972-428E-B5DA-F5EE528E36F0}
	EndProjectSection
EndProject
Project("{8BC9CEB8-8B4A-11D0-8D11-00A0C91BC942}") = "3dsftk3", "plugin_3ds\3dsftk3\SOURCE\3dsftk3_vc9.vcproj", "{B15BDA35-0972-428E-B5DA-F5EE528E36F0}"
EndProject
Project("{8BC9CEB8-8B4A-11D0-8D11-00A0C91BC942}") = "RakNetDLL", "DevTools\RakNet\Lib\DLL\RakNetDLL_vc9.vcproj", "{BC75CD23-CB75-4233-A305-B7328825A9A5}"
EndProject
Project("{8BC9CEB8-8B4A-11D0-8D11-00A0C91BC942}") = "RakNetServer", "RakNetServer\RakNetServer_vc9.vcproj", "{DC02C6ED-7F17-45F4-8DD6-19267655D12E}"
	ProjectSection(ProjectDependencies) = postProject
		{938D2C05-A26E-4C35-8EC0-44F1B7B06B8C} = {938D2C05-A26E-4C35-8EC0-44F1B7B06B8C}
		{F3C1AD5F-9D9A-4D93-B427-01A2F2031D50} = {F3C1AD5F-9D9A-4D93-B427-01A2F2031D50}
		{2517A49B-1219-4823-8178-2A8B6D5FC63C} = {2517A49B-1219-4823-8178-2A8B6D5FC63C}
		{DD2704DC-41CA-4FBB-99FC-204FA6942500} = {DD2704DC-41CA-4FBB-99FC-204FA6942500}
		{C406DAEC-0886-4771-8DEA-9D7329B46CC1} = {C406DAEC-0886-4771-8DEA-9D7329B46CC1}
	EndProjectSection
EndProject
Project("{8BC9CEB8-8B4A-11D0-8D11-00A0C91BC942}") = "Plugin_skp", "plugin_skp\Plugin_skp_vc9.vcproj", "{CB6BE1D0-F46F-4BC2-A4B7-EC16E7944B0F}"
EndProject
Project("{8BC9CEB8-8B4A-11D0-8D11-00A0C91BC942}") = "peerModuleRakNet", "peerModuleRakNet\peerModuleRakNet_vc9.vcproj", "{12E3DE4B-827E-4785-A8AF-16D1A945F3D6}"
	ProjectSection(ProjectDependencies) = postProject
		{938D2C05-A26E-4C35-8EC0-44F1B7B06B8C} = {938D2C05-A26E-4C35-8EC0-44F1B7B06B8C}
		{3F9BA22F-03A7-4931-8C20-96909D9EC03E} = {3F9BA22F-03A7-4931-8C20-96909D9EC03E}
		{D2327232-EF4E-4CE5-A9CA-568D2BC9690B} = {D2327232-EF4E-4CE5-A9CA-568D2BC9690B}
		{F3C1AD5F-9D9A-4D93-B427-01A2F2031D50} = {F3C1AD5F-9D9A-4D93-B427-01A2F2031D50}
		{2517A49B-1219-4823-8178-2A8B6D5FC63C} = {2517A49B-1219-4823-8178-2A8B6D5FC63C}
		{2FE1F5C9-BCD8-43AA-9C15-FE7FCB3819BF} = {2FE1F5C9-BCD8-43AA-9C15-FE7FCB3819BF}
		{DD2704DC-41CA-4FBB-99FC-204FA6942500} = {DD2704DC-41CA-4FBB-99FC-204FA6942500}
	EndProjectSection
EndProject
Project("{8BC9CEB8-8B4A-11D0-8D11-00A0C91BC942}") = "curllib", "DevTools\curl\lib\curllib_vc9.vcproj", "{87EE9DA4-DE1E-4448-8324-183C98DCA588}"
EndProject
Project("{8BC9CEB8-8B4A-11D0-8D11-00A0C91BC942}") = "authentFB", "authentFB\authentFB_vc9.vcproj", "{A0E177B2-2F3B-4EAC-9DFF-B3AA42256993}"
	ProjectSection(ProjectDependencies) = postProject
		{98EBB16F-044B-4054-801E-3268A830C994} = {98EBB16F-044B-4054-801E-3268A830C994}
		{87EE9DA4-DE1E-4448-8324-183C98DCA588} = {87EE9DA4-DE1E-4448-8324-183C98DCA588}
		{C406DAEC-0886-4771-8DEA-9D7329B46CC1} = {C406DAEC-0886-4771-8DEA-9D7329B46CC1}
	EndProjectSection
EndProject
Project("{8BC9CEB8-8B4A-11D0-8D11-00A0C91BC942}") = "md5wrapper", "DevTools\md5wrapper\md5wrapper_vc9.vcproj", "{98EBB16F-044B-4054-801E-3268A830C994}"
EndProject
Project("{8BC9CEB8-8B4A-11D0-8D11-00A0C91BC942}") = "RakNetObjects", "RakNetObjects\RakNetObjects_vc9.vcproj", "{F3C1AD5F-9D9A-4D93-B427-01A2F2031D50}"
	ProjectSection(ProjectDependencies) = postProject
		{938D2C05-A26E-4C35-8EC0-44F1B7B06B8C} = {938D2C05-A26E-4C35-8EC0-44F1B7B06B8C}
		{BC75CD23-CB75-4233-A305-B7328825A9A5} = {BC75CD23-CB75-4233-A305-B7328825A9A5}
		{2517A49B-1219-4823-8178-2A8B6D5FC63C} = {2517A49B-1219-4823-8178-2A8B6D5FC63C}
		{DD2704DC-41CA-4FBB-99FC-204FA6942500} = {DD2704DC-41CA-4FBB-99FC-204FA6942500}
	EndProjectSection
EndProject
Project("{8BC9CEB8-8B4A-11D0-8D11-00A0C91BC942}") = "navigatorConfigDialog", "navigatorConfigDialog\navigatorConfigDialog_vc9.vcproj", "{6FE81BEF-D89F-45ED-B044-D8CC0975A825}"
EndProject
Project("{8BC9CEB8-8B4A-11D0-8D11-00A0C91BC942}") = "voiceEngineFModSpeex", "voiceEngine\voiceEngineFModSpeex\voiceEngineFModSpeex_vc9.vcproj", "{148CA9AA-F955-48C0-A1A6-765AE0C6F21B}"
	ProjectSection(ProjectDependencies) = postProject
		{938D2C05-A26E-4C35-8EC0-44F1B7B06B8C} = {938D2C05-A26E-4C35-8EC0-44F1B7B06B8C}
		{E1130C36-D33E-4D43-BD7F-7D7297D9A1B2} = {E1130C36-D33E-4D43-BD7F-7D7297D9A1B2}
		{B71ED042-7AAC-48D8-9BE9-5946D194A25F} = {B71ED042-7AAC-48D8-9BE9-5946D194A25F}
		{38512799-B050-49D0-8025-C7623D2D1CF1} = {38512799-B050-49D0-8025-C7623D2D1CF1}
		{5F784299-72E2-4482-941D-12485DE80C30} = {5F784299-72E2-4482-941D-12485DE80C30}
		{2517A49B-1219-4823-8178-2A8B6D5FC63C} = {2517A49B-1219-4823-8178-2A8B6D5FC63C}
	EndProjectSection
EndProject
Project("{8BC9CEB8-8B4A-11D0-8D11-00A0C91BC942}") = "VoiceEngineClient", "voiceEngine\Client\VoiceEngineClient_vc9.vcproj", "{E1130C36-D33E-4D43-BD7F-7D7297D9A1B2}"
	ProjectSection(ProjectDependencies) = postProject
		{938D2C05-A26E-4C35-8EC0-44F1B7B06B8C} = {938D2C05-A26E-4C35-8EC0-44F1B7B06B8C}
		{2517A49B-1219-4823-8178-2A8B6D5FC63C} = {2517A49B-1219-4823-8178-2A8B6D5FC63C}
		{CCDFA8B2-DA14-4F21-BA0A-5140FA39AF3B} = {CCDFA8B2-DA14-4F21-BA0A-5140FA39AF3B}
		{40B5BFB6-29B2-455B-8A5F-5331657D4F93} = {40B5BFB6-29B2-455B-8A5F-5331657D4F93}
	EndProjectSection
EndProject
Project("{2150E333-8FDC-42A3-9474-1A3956D46DE8}") = "applications", "applications", "{55C06D2A-37A5-4962-BB33-194388B80259}"
EndProject
Project("{2150E333-8FDC-42A3-9474-1A3956D46DE8}") = "libraries", "libraries", "{5F88F72F-2AA9-4EDE-B82E-E03C7B41AD9A}"
EndProject
Project("{2150E333-8FDC-42A3-9474-1A3956D46DE8}") = "navigator_plugins", "navigator_plugins", "{489FEF4F-9A79-40C6-B2FA-7406C92FEF04}"
EndProject
Project("{2150E333-8FDC-42A3-9474-1A3956D46DE8}") = "3rdparty", "3rdparty", "{B9826B29-BAAB-4CE4-94C1-77589DFB67EE}"
EndProject
Project("{8BC9CEB8-8B4A-11D0-8D11-00A0C91BC942}") = "voiceEngine", "voiceEngine\voiceEngine_vc9.vcproj", "{5F784299-72E2-4482-941D-12485DE80C30}"
	ProjectSection(ProjectDependencies) = postProject
		{38512799-B050-49D0-8025-C7623D2D1CF1} = {38512799-B050-49D0-8025-C7623D2D1CF1}
		{2517A49B-1219-4823-8178-2A8B6D5FC63C} = {2517A49B-1219-4823-8178-2A8B6D5FC63C}
		{DD2704DC-41CA-4FBB-99FC-204FA6942500} = {DD2704DC-41CA-4FBB-99FC-204FA6942500}
	EndProjectSection
EndProject
Project("{8BC9CEB8-8B4A-11D0-8D11-00A0C91BC942}") = "DummyPhonetizer", "DummyPhonetizer\DummyPhonetizer_vc9.vcproj", "{C0E62EB8-7D34-43BE-BAEA-50AA8F4C224E}"
	ProjectSection(ProjectDependencies) = postProject
		{B71ED042-7AAC-48D8-9BE9-5946D194A25F} = {B71ED042-7AAC-48D8-9BE9-5946D194A25F}
		{38512799-B050-49D0-8025-C7623D2D1CF1} = {38512799-B050-49D0-8025-C7623D2D1CF1}
		{2517A49B-1219-4823-8178-2A8B6D5FC63C} = {2517A49B-1219-4823-8178-2A8B6D5FC63C}
	EndProjectSection
EndProject
Project("{8BC9CEB8-8B4A-11D0-8D11-00A0C91BC942}") = "Phonetizer", "Phonetizer\Phonetizer_vc9.vcproj", "{38512799-B050-49D0-8025-C7623D2D1CF1}"
	ProjectSection(ProjectDependencies) = postProject
		{2517A49B-1219-4823-8178-2A8B6D5FC63C} = {2517A49B-1219-4823-8178-2A8B6D5FC63C}
	EndProjectSection
EndProject
Project("{8BC9CEB8-8B4A-11D0-8D11-00A0C91BC942}") = "SimpleVoiceEngineProtocol", "voiceEngine\SimpleVoiceEngineProtocol\SimpleVoiceEngineProtocol_vc9.vcproj", "{CCDFA8B2-DA14-4F21-BA0A-5140FA39AF3B}"
	ProjectSection(ProjectDependencies) = postProject
		{DD2704DC-41CA-4FBB-99FC-204FA6942500} = {DD2704DC-41CA-4FBB-99FC-204FA6942500}
	EndProjectSection
EndProject
Project("{8BC9CEB8-8B4A-11D0-8D11-00A0C91BC942}") = "libspeex", "DevTools\speex\win32\libspeex\libspeex_vc9.vcproj", "{40B5BFB6-29B2-455B-8A5F-5331657D4F93}"
EndProject
Project("{8BC9CEB8-8B4A-11D0-8D11-00A0C91BC942}") = "libiconv", "DevTools\libiconv\libiconv_vc9.vcproj", "{F726EB96-A5D1-402A-980C-E4D09ED1BB3C}"
EndProject
Project("{8BC9CEB8-8B4A-11D0-8D11-00A0C91BC942}") = "FaceController", "FaceController\FaceController_vc9.vcproj", "{DC8D9E2C-7686-4902-8D07-367C902812E4}"
EndProject
Project("{8BC9CEB8-8B4A-11D0-8D11-00A0C91BC942}") = "VLCPlugin", "VLCPlugin\VLCPlugin_vc9.vcproj", "{C477314D-972B-4524-95C3-25DA9471A3C3}"
	ProjectSection(ProjectDependencies) = postProject
		{938D2C05-A26E-4C35-8EC0-44F1B7B06B8C} = {938D2C05-A26E-4C35-8EC0-44F1B7B06B8C}
		{B71ED042-7AAC-48D8-9BE9-5946D194A25F} = {B71ED042-7AAC-48D8-9BE9-5946D194A25F}
	EndProjectSection
EndProject
Project("{8BC9CEB8-8B4A-11D0-8D11-00A0C91BC942}") = "VNCPlugin", "VNCPlugin\VNCPlugin_vc9.vcproj", "{D9552077-0E23-4507-8460-3D939B79527D}"
	ProjectSection(ProjectDependencies) = postProject
		{D5828715-F3FF-478D-86C8-F9518C3EF383} = {D5828715-F3FF-478D-86C8-F9518C3EF383}
		{B71ED042-7AAC-48D8-9BE9-5946D194A25F} = {B71ED042-7AAC-48D8-9BE9-5946D194A25F}
	EndProjectSection
EndProject
Project("{8BC9CEB8-8B4A-11D0-8D11-00A0C91BC942}") = "vncviewer", "VNCPlugin\vncviewer\vncviewerWoZlib_vc9.vcproj", "{D5828715-F3FF-478D-86C8-F9518C3EF383}"
	ProjectSection(ProjectDependencies) = postProject
		{0434BF2B-6310-4BB5-804E-F7A11C074CA2} = {0434BF2B-6310-4BB5-804E-F7A11C074CA2}
		{B6F84561-61FE-477D-AE2E-D4152A247FB1} = {B6F84561-61FE-477D-AE2E-D4152A247FB1}
		{E366FE8F-0CD1-47C5-BEE2-943E4667816B} = {E366FE8F-0CD1-47C5-BEE2-943E4667816B}
	EndProjectSection
EndProject
Project("{8BC9CEB8-8B4A-11D0-8D11-00A0C91BC942}") = "libjpeg", "VNCPlugin\vncviewer\libjpeg\libjpeg_vc9.vcproj", "{B6F84561-61FE-477D-AE2E-D4152A247FB1}"
EndProject
Project("{8BC9CEB8-8B4A-11D0-8D11-00A0C91BC942}") = "omnithread", "VNCPlugin\vncviewer\omnithread\omnithread_vc9.vcproj", "{0434BF2B-6310-4BB5-804E-F7A11C074CA2}"
EndProject
Project("{8BC9CEB8-8B4A-11D0-8D11-00A0C91BC942}") = "ogreMax_vc9", "DevTools\ogreMax\script\ogreMax_vc9.vcproj", "{FD5D38D2-70B6-430C-9294-801AB0D9225C}"
EndProject
Project("{8BC9CEB8-8B4A-11D0-8D11-00A0C91BC942}") = "SWFPlugin", "plugin_swf\plugin_swf_vc9.vcproj", "{F2481C43-BA3A-47F1-92F8-27B0FD5C8702}"
	ProjectSection(ProjectDependencies) = postProject
		{EE63115E-70F7-49D4-BADD-9C6D0F4DC295} = {EE63115E-70F7-49D4-BADD-9C6D0F4DC295}
		{B71ED042-7AAC-48D8-9BE9-5946D194A25F} = {B71ED042-7AAC-48D8-9BE9-5946D194A25F}
	EndProjectSection
EndProject
Project("{8BC9CEB8-8B4A-11D0-8D11-00A0C91BC942}") = "Hikari", "DevTools\hikari\Hikari_vc9.vcproj", "{EE63115E-70F7-49D4-BADD-9C6D0F4DC295}"
EndProject
Project("{8BC9CEB8-8B4A-11D0-8D11-00A0C91BC942}") = "DeclarativeModeler", "DeclarativeModeler\DeclarativeModeler_vc9.vcproj", "{94B5ED03-E8F8-4168-911A-BFC102D080BF}"
	ProjectSection(ProjectDependencies) = postProject
		{AA4C8F77-7789-4AF7-9B69-910A984BEF1D} = {AA4C8F77-7789-4AF7-9B69-910A984BEF1D}
		{EF1D90D8-AE1A-47B7-8FDD-B107D29C9B74} = {EF1D90D8-AE1A-47B7-8FDD-B107D29C9B74}
	EndProjectSection
EndProject
Project("{8BC9CEB8-8B4A-11D0-8D11-00A0C91BC942}") = "Antlr2.7.6", "DevTools\Antlr2.7.6\Antlr2.7.6_vc9.vcproj", "{EF1D90D8-AE1A-47B7-8FDD-B107D29C9B74}"
EndProject
Project("{8BC9CEB8-8B4A-11D0-8D11-00A0C91BC942}") = "gecode-2.2.0", "DevTools\gecode-2.2.0\gecode-2.2.0_vc9.vcproj", "{AA4C8F77-7789-4AF7-9B69-910A984BEF1D}"
EndProject
Project("{8BC9CEB8-8B4A-11D0-8D11-00A0C91BC942}") = "VoiceEngineSimpleServer", "voiceEngine\SimpleServer\VoiceEngineSimpleServer_vc9.vcproj", "{FB8ECE98-9645-48FE-B3B3-8E2B8F19A376}"
EndProject
Project("{8BC9CEB8-8B4A-11D0-8D11-00A0C91BC942}") = "TestServer", "voiceEngine\TestServer\TestServer_vc9.vcproj", "{446B08B4-8977-4FB1-AB5B-016ED9E7CA53}"
	ProjectSection(ProjectDependencies) = postProject
		{FB8ECE98-9645-48FE-B3B3-8E2B8F19A376} = {FB8ECE98-9645-48FE-B3B3-8E2B8F19A376}
	EndProjectSection
EndProject
Global
	GlobalSection(SolutionConfigurationPlatforms) = preSolution
		Debug|Win32 = Debug|Win32
		DebugNCS|Win32 = DebugNCS|Win32
		Release|Win32 = Release|Win32
		ReleaseNCS|Win32 = ReleaseNCS|Win32
	EndGlobalSection
	GlobalSection(ProjectConfigurationPlatforms) = postSolution
		{B464AB9E-C9ED-4797-9179-77282A916378}.Debug|Win32.ActiveCfg = Debug|Win32
		{B464AB9E-C9ED-4797-9179-77282A916378}.Debug|Win32.Build.0 = Debug|Win32
		{B464AB9E-C9ED-4797-9179-77282A916378}.DebugNCS|Win32.ActiveCfg = Debug|Win32
		{B464AB9E-C9ED-4797-9179-77282A916378}.DebugNCS|Win32.Build.0 = Debug|Win32
		{B464AB9E-C9ED-4797-9179-77282A916378}.Release|Win32.ActiveCfg = Release|Win32
		{B464AB9E-C9ED-4797-9179-77282A916378}.Release|Win32.Build.0 = Release|Win32
		{B464AB9E-C9ED-4797-9179-77282A916378}.ReleaseNCS|Win32.ActiveCfg = Release|Win32
		{B464AB9E-C9ED-4797-9179-77282A916378}.ReleaseNCS|Win32.Build.0 = Release|Win32
		{5902A470-3E2A-4159-A2F7-57BDC5614070}.Debug|Win32.ActiveCfg = Debug|Win32
		{5902A470-3E2A-4159-A2F7-57BDC5614070}.Debug|Win32.Build.0 = Debug|Win32
		{5902A470-3E2A-4159-A2F7-57BDC5614070}.DebugNCS|Win32.ActiveCfg = Debug|Win32
		{5902A470-3E2A-4159-A2F7-57BDC5614070}.DebugNCS|Win32.Build.0 = Debug|Win32
		{5902A470-3E2A-4159-A2F7-57BDC5614070}.Release|Win32.ActiveCfg = Release|Win32
		{5902A470-3E2A-4159-A2F7-57BDC5614070}.Release|Win32.Build.0 = Release|Win32
		{5902A470-3E2A-4159-A2F7-57BDC5614070}.ReleaseNCS|Win32.ActiveCfg = Release|Win32
		{5902A470-3E2A-4159-A2F7-57BDC5614070}.ReleaseNCS|Win32.Build.0 = Release|Win32
		{938D2C05-A26E-4C35-8EC0-44F1B7B06B8C}.Debug|Win32.ActiveCfg = Debug|Win32
		{938D2C05-A26E-4C35-8EC0-44F1B7B06B8C}.Debug|Win32.Build.0 = Debug|Win32
		{938D2C05-A26E-4C35-8EC0-44F1B7B06B8C}.DebugNCS|Win32.ActiveCfg = Debug|Win32
		{938D2C05-A26E-4C35-8EC0-44F1B7B06B8C}.DebugNCS|Win32.Build.0 = Debug|Win32
		{938D2C05-A26E-4C35-8EC0-44F1B7B06B8C}.Release|Win32.ActiveCfg = Release|Win32
		{938D2C05-A26E-4C35-8EC0-44F1B7B06B8C}.Release|Win32.Build.0 = Release|Win32
		{938D2C05-A26E-4C35-8EC0-44F1B7B06B8C}.ReleaseNCS|Win32.ActiveCfg = Release|Win32
		{938D2C05-A26E-4C35-8EC0-44F1B7B06B8C}.ReleaseNCS|Win32.Build.0 = Release|Win32
		{C406DAEC-0886-4771-8DEA-9D7329B46CC1}.Debug|Win32.ActiveCfg = Debug|Win32
		{C406DAEC-0886-4771-8DEA-9D7329B46CC1}.Debug|Win32.Build.0 = Debug|Win32
		{C406DAEC-0886-4771-8DEA-9D7329B46CC1}.DebugNCS|Win32.ActiveCfg = Debug|Win32
		{C406DAEC-0886-4771-8DEA-9D7329B46CC1}.DebugNCS|Win32.Build.0 = Debug|Win32
		{C406DAEC-0886-4771-8DEA-9D7329B46CC1}.Release|Win32.ActiveCfg = Release|Win32
		{C406DAEC-0886-4771-8DEA-9D7329B46CC1}.Release|Win32.Build.0 = Release|Win32
		{C406DAEC-0886-4771-8DEA-9D7329B46CC1}.ReleaseNCS|Win32.ActiveCfg = Release|Win32
		{C406DAEC-0886-4771-8DEA-9D7329B46CC1}.ReleaseNCS|Win32.Build.0 = Release|Win32
		{C9C8B7B0-2509-4B8A-9224-9FF04297C33B}.Debug|Win32.ActiveCfg = Debug|Win32
		{C9C8B7B0-2509-4B8A-9224-9FF04297C33B}.Debug|Win32.Build.0 = Debug|Win32
		{C9C8B7B0-2509-4B8A-9224-9FF04297C33B}.DebugNCS|Win32.ActiveCfg = Debug|Win32
		{C9C8B7B0-2509-4B8A-9224-9FF04297C33B}.DebugNCS|Win32.Build.0 = Debug|Win32
		{C9C8B7B0-2509-4B8A-9224-9FF04297C33B}.Release|Win32.ActiveCfg = Release|Win32
		{C9C8B7B0-2509-4B8A-9224-9FF04297C33B}.Release|Win32.Build.0 = Release|Win32
		{C9C8B7B0-2509-4B8A-9224-9FF04297C33B}.ReleaseNCS|Win32.ActiveCfg = Release|Win32
		{C9C8B7B0-2509-4B8A-9224-9FF04297C33B}.ReleaseNCS|Win32.Build.0 = Release|Win32
		{38A06E51-F5AE-4B39-A04D-EB0F7F434E71}.Debug|Win32.ActiveCfg = Debug|Win32
		{38A06E51-F5AE-4B39-A04D-EB0F7F434E71}.Debug|Win32.Build.0 = Debug|Win32
		{38A06E51-F5AE-4B39-A04D-EB0F7F434E71}.DebugNCS|Win32.ActiveCfg = DebugNCS|Win32
		{38A06E51-F5AE-4B39-A04D-EB0F7F434E71}.DebugNCS|Win32.Build.0 = DebugNCS|Win32
		{38A06E51-F5AE-4B39-A04D-EB0F7F434E71}.Release|Win32.ActiveCfg = Release|Win32
		{38A06E51-F5AE-4B39-A04D-EB0F7F434E71}.Release|Win32.Build.0 = Release|Win32
		{38A06E51-F5AE-4B39-A04D-EB0F7F434E71}.ReleaseNCS|Win32.ActiveCfg = ReleaseNCS|Win32
		{38A06E51-F5AE-4B39-A04D-EB0F7F434E71}.ReleaseNCS|Win32.Build.0 = ReleaseNCS|Win32
		{E737AF5B-9F63-4095-BA6F-25F173DF34E2}.Debug|Win32.ActiveCfg = Debug|Win32
		{E737AF5B-9F63-4095-BA6F-25F173DF34E2}.Debug|Win32.Build.0 = Debug|Win32
		{E737AF5B-9F63-4095-BA6F-25F173DF34E2}.DebugNCS|Win32.ActiveCfg = Debug|Win32
		{E737AF5B-9F63-4095-BA6F-25F173DF34E2}.DebugNCS|Win32.Build.0 = Debug|Win32
		{E737AF5B-9F63-4095-BA6F-25F173DF34E2}.Release|Win32.ActiveCfg = Release|Win32
		{E737AF5B-9F63-4095-BA6F-25F173DF34E2}.Release|Win32.Build.0 = Release|Win32
		{E737AF5B-9F63-4095-BA6F-25F173DF34E2}.ReleaseNCS|Win32.ActiveCfg = Release|Win32
		{E737AF5B-9F63-4095-BA6F-25F173DF34E2}.ReleaseNCS|Win32.Build.0 = Release|Win32
		{16DC2030-A313-4674-800F-1D995CCC344E}.Debug|Win32.ActiveCfg = Debug|Win32
		{16DC2030-A313-4674-800F-1D995CCC344E}.Debug|Win32.Build.0 = Debug|Win32
		{16DC2030-A313-4674-800F-1D995CCC344E}.DebugNCS|Win32.ActiveCfg = Debug|Win32
		{16DC2030-A313-4674-800F-1D995CCC344E}.DebugNCS|Win32.Build.0 = Debug|Win32
		{16DC2030-A313-4674-800F-1D995CCC344E}.Release|Win32.ActiveCfg = Release|Win32
		{16DC2030-A313-4674-800F-1D995CCC344E}.Release|Win32.Build.0 = Release|Win32
		{16DC2030-A313-4674-800F-1D995CCC344E}.ReleaseNCS|Win32.ActiveCfg = Release|Win32
		{16DC2030-A313-4674-800F-1D995CCC344E}.ReleaseNCS|Win32.Build.0 = Release|Win32
		{39A9638B-D487-471A-BA44-D5B81C0E91A4}.Debug|Win32.ActiveCfg = Debug|Win32
		{39A9638B-D487-471A-BA44-D5B81C0E91A4}.Debug|Win32.Build.0 = Debug|Win32
		{39A9638B-D487-471A-BA44-D5B81C0E91A4}.DebugNCS|Win32.ActiveCfg = Debug|Win32
		{39A9638B-D487-471A-BA44-D5B81C0E91A4}.DebugNCS|Win32.Build.0 = Debug|Win32
		{39A9638B-D487-471A-BA44-D5B81C0E91A4}.Release|Win32.ActiveCfg = Release|Win32
		{39A9638B-D487-471A-BA44-D5B81C0E91A4}.Release|Win32.Build.0 = Release|Win32
		{39A9638B-D487-471A-BA44-D5B81C0E91A4}.ReleaseNCS|Win32.ActiveCfg = Release|Win32
		{39A9638B-D487-471A-BA44-D5B81C0E91A4}.ReleaseNCS|Win32.Build.0 = Release|Win32
		{9CCBCFF0-C83F-4E6C-A2B8-7C23409ECFF9}.Debug|Win32.ActiveCfg = Debug|Win32
		{9CCBCFF0-C83F-4E6C-A2B8-7C23409ECFF9}.Debug|Win32.Build.0 = Debug|Win32
		{9CCBCFF0-C83F-4E6C-A2B8-7C23409ECFF9}.DebugNCS|Win32.ActiveCfg = Debug|Win32
		{9CCBCFF0-C83F-4E6C-A2B8-7C23409ECFF9}.DebugNCS|Win32.Build.0 = Debug|Win32
		{9CCBCFF0-C83F-4E6C-A2B8-7C23409ECFF9}.Release|Win32.ActiveCfg = Release|Win32
		{9CCBCFF0-C83F-4E6C-A2B8-7C23409ECFF9}.Release|Win32.Build.0 = Release|Win32
		{9CCBCFF0-C83F-4E6C-A2B8-7C23409ECFF9}.ReleaseNCS|Win32.ActiveCfg = Release|Win32
		{9CCBCFF0-C83F-4E6C-A2B8-7C23409ECFF9}.ReleaseNCS|Win32.Build.0 = Release|Win32
		{E366FE8F-0CD1-47C5-BEE2-943E4667816B}.Debug|Win32.ActiveCfg = LIB Debug|Win32
		{E366FE8F-0CD1-47C5-BEE2-943E4667816B}.Debug|Win32.Build.0 = LIB Debug|Win32
		{E366FE8F-0CD1-47C5-BEE2-943E4667816B}.DebugNCS|Win32.ActiveCfg = LIB Debug|Win32
		{E366FE8F-0CD1-47C5-BEE2-943E4667816B}.DebugNCS|Win32.Build.0 = LIB Debug|Win32
		{E366FE8F-0CD1-47C5-BEE2-943E4667816B}.Release|Win32.ActiveCfg = LIB Release|Win32
		{E366FE8F-0CD1-47C5-BEE2-943E4667816B}.Release|Win32.Build.0 = LIB Release|Win32
		{E366FE8F-0CD1-47C5-BEE2-943E4667816B}.ReleaseNCS|Win32.ActiveCfg = LIB Release|Win32
		{E366FE8F-0CD1-47C5-BEE2-943E4667816B}.ReleaseNCS|Win32.Build.0 = LIB Release|Win32
		{50FC458E-425A-487F-83E5-E77F18C25C5C}.Debug|Win32.ActiveCfg = Debug|Win32
		{50FC458E-425A-487F-83E5-E77F18C25C5C}.Debug|Win32.Build.0 = Debug|Win32
		{50FC458E-425A-487F-83E5-E77F18C25C5C}.DebugNCS|Win32.ActiveCfg = Debug|Win32
		{50FC458E-425A-487F-83E5-E77F18C25C5C}.DebugNCS|Win32.Build.0 = Debug|Win32
		{50FC458E-425A-487F-83E5-E77F18C25C5C}.Release|Win32.ActiveCfg = Release|Win32
		{50FC458E-425A-487F-83E5-E77F18C25C5C}.Release|Win32.Build.0 = Release|Win32
		{50FC458E-425A-487F-83E5-E77F18C25C5C}.ReleaseNCS|Win32.ActiveCfg = Release|Win32
		{50FC458E-425A-487F-83E5-E77F18C25C5C}.ReleaseNCS|Win32.Build.0 = Release|Win32
		{B71ED042-7AAC-48D8-9BE9-5946D194A25F}.Debug|Win32.ActiveCfg = Debug|Win32
		{B71ED042-7AAC-48D8-9BE9-5946D194A25F}.Debug|Win32.Build.0 = Debug|Win32
		{B71ED042-7AAC-48D8-9BE9-5946D194A25F}.DebugNCS|Win32.ActiveCfg = DebugNCS|Win32
		{B71ED042-7AAC-48D8-9BE9-5946D194A25F}.DebugNCS|Win32.Build.0 = DebugNCS|Win32
		{B71ED042-7AAC-48D8-9BE9-5946D194A25F}.Release|Win32.ActiveCfg = Release|Win32
		{B71ED042-7AAC-48D8-9BE9-5946D194A25F}.Release|Win32.Build.0 = Release|Win32
		{B71ED042-7AAC-48D8-9BE9-5946D194A25F}.ReleaseNCS|Win32.ActiveCfg = ReleaseNCS|Win32
		{B71ED042-7AAC-48D8-9BE9-5946D194A25F}.ReleaseNCS|Win32.Build.0 = ReleaseNCS|Win32
		{D1B5E526-900B-4C9F-9F42-8A15862B9A3C}.Debug|Win32.ActiveCfg = Debug|Win32
		{D1B5E526-900B-4C9F-9F42-8A15862B9A3C}.Debug|Win32.Build.0 = Debug|Win32
		{D1B5E526-900B-4C9F-9F42-8A15862B9A3C}.DebugNCS|Win32.ActiveCfg = Debug|Win32
		{D1B5E526-900B-4C9F-9F42-8A15862B9A3C}.DebugNCS|Win32.Build.0 = Debug|Win32
		{D1B5E526-900B-4C9F-9F42-8A15862B9A3C}.Release|Win32.ActiveCfg = Release|Win32
		{D1B5E526-900B-4C9F-9F42-8A15862B9A3C}.Release|Win32.Build.0 = Release|Win32
		{D1B5E526-900B-4C9F-9F42-8A15862B9A3C}.ReleaseNCS|Win32.ActiveCfg = Release|Win32
		{D1B5E526-900B-4C9F-9F42-8A15862B9A3C}.ReleaseNCS|Win32.Build.0 = Release|Win32
		{DD2704DC-41CA-4FBB-99FC-204FA6942500}.Debug|Win32.ActiveCfg = Debug|Win32
		{DD2704DC-41CA-4FBB-99FC-204FA6942500}.Debug|Win32.Build.0 = Debug|Win32
		{DD2704DC-41CA-4FBB-99FC-204FA6942500}.DebugNCS|Win32.ActiveCfg = Debug|Win32
		{DD2704DC-41CA-4FBB-99FC-204FA6942500}.DebugNCS|Win32.Build.0 = Debug|Win32
		{DD2704DC-41CA-4FBB-99FC-204FA6942500}.Release|Win32.ActiveCfg = Release|Win32
		{DD2704DC-41CA-4FBB-99FC-204FA6942500}.Release|Win32.Build.0 = Release|Win32
		{DD2704DC-41CA-4FBB-99FC-204FA6942500}.ReleaseNCS|Win32.ActiveCfg = Release|Win32
		{DD2704DC-41CA-4FBB-99FC-204FA6942500}.ReleaseNCS|Win32.Build.0 = Release|Win32
		{3F9BA22F-03A7-4931-8C20-96909D9EC03E}.Debug|Win32.ActiveCfg = Debug|Win32
		{3F9BA22F-03A7-4931-8C20-96909D9EC03E}.Debug|Win32.Build.0 = Debug|Win32
		{3F9BA22F-03A7-4931-8C20-96909D9EC03E}.DebugNCS|Win32.ActiveCfg = Debug|Win32
		{3F9BA22F-03A7-4931-8C20-96909D9EC03E}.DebugNCS|Win32.Build.0 = Debug|Win32
		{3F9BA22F-03A7-4931-8C20-96909D9EC03E}.Release|Win32.ActiveCfg = Release|Win32
		{3F9BA22F-03A7-4931-8C20-96909D9EC03E}.Release|Win32.Build.0 = Release|Win32
		{3F9BA22F-03A7-4931-8C20-96909D9EC03E}.ReleaseNCS|Win32.ActiveCfg = Release|Win32
		{3F9BA22F-03A7-4931-8C20-96909D9EC03E}.ReleaseNCS|Win32.Build.0 = Release|Win32
		{D2327232-EF4E-4CE5-A9CA-568D2BC9690B}.Debug|Win32.ActiveCfg = Debug|Win32
		{D2327232-EF4E-4CE5-A9CA-568D2BC9690B}.Debug|Win32.Build.0 = Debug|Win32
		{D2327232-EF4E-4CE5-A9CA-568D2BC9690B}.DebugNCS|Win32.ActiveCfg = Debug|Win32
		{D2327232-EF4E-4CE5-A9CA-568D2BC9690B}.DebugNCS|Win32.Build.0 = Debug|Win32
		{D2327232-EF4E-4CE5-A9CA-568D2BC9690B}.Release|Win32.ActiveCfg = Release|Win32
		{D2327232-EF4E-4CE5-A9CA-568D2BC9690B}.Release|Win32.Build.0 = Release|Win32
		{D2327232-EF4E-4CE5-A9CA-568D2BC9690B}.ReleaseNCS|Win32.ActiveCfg = Release|Win32
		{D2327232-EF4E-4CE5-A9CA-568D2BC9690B}.ReleaseNCS|Win32.Build.0 = Release|Win32
		{DF452F0F-5CA2-44A6-BFB9-2E0520BF718A}.Debug|Win32.ActiveCfg = Debug|Win32
		{DF452F0F-5CA2-44A6-BFB9-2E0520BF718A}.Debug|Win32.Build.0 = Debug|Win32
		{DF452F0F-5CA2-44A6-BFB9-2E0520BF718A}.DebugNCS|Win32.ActiveCfg = Debug|Win32
		{DF452F0F-5CA2-44A6-BFB9-2E0520BF718A}.DebugNCS|Win32.Build.0 = Debug|Win32
		{DF452F0F-5CA2-44A6-BFB9-2E0520BF718A}.Release|Win32.ActiveCfg = Release|Win32
		{DF452F0F-5CA2-44A6-BFB9-2E0520BF718A}.Release|Win32.Build.0 = Release|Win32
		{DF452F0F-5CA2-44A6-BFB9-2E0520BF718A}.ReleaseNCS|Win32.ActiveCfg = Release|Win32
		{DF452F0F-5CA2-44A6-BFB9-2E0520BF718A}.ReleaseNCS|Win32.Build.0 = Release|Win32
		{2FE1F5C9-BCD8-43AA-9C15-FE7FCB3819BF}.Debug|Win32.ActiveCfg = Debug|Win32
		{2FE1F5C9-BCD8-43AA-9C15-FE7FCB3819BF}.Debug|Win32.Build.0 = Debug|Win32
		{2FE1F5C9-BCD8-43AA-9C15-FE7FCB3819BF}.DebugNCS|Win32.ActiveCfg = Debug|Win32
		{2FE1F5C9-BCD8-43AA-9C15-FE7FCB3819BF}.DebugNCS|Win32.Build.0 = Debug|Win32
		{2FE1F5C9-BCD8-43AA-9C15-FE7FCB3819BF}.Release|Win32.ActiveCfg = Release|Win32
		{2FE1F5C9-BCD8-43AA-9C15-FE7FCB3819BF}.Release|Win32.Build.0 = Release|Win32
		{2FE1F5C9-BCD8-43AA-9C15-FE7FCB3819BF}.ReleaseNCS|Win32.ActiveCfg = Release|Win32
		{2FE1F5C9-BCD8-43AA-9C15-FE7FCB3819BF}.ReleaseNCS|Win32.Build.0 = Release|Win32
		{35F18913-F384-43A8-B664-624682177FBF}.Debug|Win32.ActiveCfg = Debug|Win32
		{35F18913-F384-43A8-B664-624682177FBF}.Debug|Win32.Build.0 = Debug|Win32
		{35F18913-F384-43A8-B664-624682177FBF}.DebugNCS|Win32.ActiveCfg = DebugNCS|Win32
		{35F18913-F384-43A8-B664-624682177FBF}.DebugNCS|Win32.Build.0 = DebugNCS|Win32
		{35F18913-F384-43A8-B664-624682177FBF}.Release|Win32.ActiveCfg = Release|Win32
		{35F18913-F384-43A8-B664-624682177FBF}.Release|Win32.Build.0 = Release|Win32
		{35F18913-F384-43A8-B664-624682177FBF}.ReleaseNCS|Win32.ActiveCfg = ReleaseNCS|Win32
		{35F18913-F384-43A8-B664-624682177FBF}.ReleaseNCS|Win32.Build.0 = ReleaseNCS|Win32
		{A206BD57-63BC-4848-9764-62799F867772}.Debug|Win32.ActiveCfg = Debug|Win32
		{A206BD57-63BC-4848-9764-62799F867772}.Debug|Win32.Build.0 = Debug|Win32
		{A206BD57-63BC-4848-9764-62799F867772}.DebugNCS|Win32.ActiveCfg = Debug|Win32
		{A206BD57-63BC-4848-9764-62799F867772}.Release|Win32.ActiveCfg = Release|Win32
		{A206BD57-63BC-4848-9764-62799F867772}.Release|Win32.Build.0 = Release|Win32
		{A206BD57-63BC-4848-9764-62799F867772}.ReleaseNCS|Win32.ActiveCfg = Release|Win32
		{89AD7D88-16EC-4964-99FA-98E1043AC1A8}.Debug|Win32.ActiveCfg = Debug|Win32
		{89AD7D88-16EC-4964-99FA-98E1043AC1A8}.Debug|Win32.Build.0 = Debug|Win32
		{89AD7D88-16EC-4964-99FA-98E1043AC1A8}.DebugNCS|Win32.ActiveCfg = Debug|Win32
		{89AD7D88-16EC-4964-99FA-98E1043AC1A8}.DebugNCS|Win32.Build.0 = Debug|Win32
		{89AD7D88-16EC-4964-99FA-98E1043AC1A8}.Release|Win32.ActiveCfg = Release|Win32
		{89AD7D88-16EC-4964-99FA-98E1043AC1A8}.Release|Win32.Build.0 = Release|Win32
		{89AD7D88-16EC-4964-99FA-98E1043AC1A8}.ReleaseNCS|Win32.ActiveCfg = Release|Win32
		{89AD7D88-16EC-4964-99FA-98E1043AC1A8}.ReleaseNCS|Win32.Build.0 = Release|Win32
		{22FABB93-9E49-42DD-B9DB-A356C6784F56}.Debug|Win32.ActiveCfg = Debug|Win32
		{22FABB93-9E49-42DD-B9DB-A356C6784F56}.Debug|Win32.Build.0 = Debug|Win32
		{22FABB93-9E49-42DD-B9DB-A356C6784F56}.DebugNCS|Win32.ActiveCfg = Debug|Win32
		{22FABB93-9E49-42DD-B9DB-A356C6784F56}.DebugNCS|Win32.Build.0 = Debug|Win32
		{22FABB93-9E49-42DD-B9DB-A356C6784F56}.Release|Win32.ActiveCfg = Release|Win32
		{22FABB93-9E49-42DD-B9DB-A356C6784F56}.Release|Win32.Build.0 = Release|Win32
		{22FABB93-9E49-42DD-B9DB-A356C6784F56}.ReleaseNCS|Win32.ActiveCfg = Release|Win32
		{22FABB93-9E49-42DD-B9DB-A356C6784F56}.ReleaseNCS|Win32.Build.0 = Release|Win32
		{2517A49B-1219-4823-8178-2A8B6D5FC63C}.Debug|Win32.ActiveCfg = Debug|Win32
		{2517A49B-1219-4823-8178-2A8B6D5FC63C}.Debug|Win32.Build.0 = Debug|Win32
		{2517A49B-1219-4823-8178-2A8B6D5FC63C}.DebugNCS|Win32.ActiveCfg = Debug|Win32
		{2517A49B-1219-4823-8178-2A8B6D5FC63C}.DebugNCS|Win32.Build.0 = Debug|Win32
		{2517A49B-1219-4823-8178-2A8B6D5FC63C}.Release|Win32.ActiveCfg = Release|Win32
		{2517A49B-1219-4823-8178-2A8B6D5FC63C}.Release|Win32.Build.0 = Release|Win32
		{2517A49B-1219-4823-8178-2A8B6D5FC63C}.ReleaseNCS|Win32.ActiveCfg = Release|Win32
		{2517A49B-1219-4823-8178-2A8B6D5FC63C}.ReleaseNCS|Win32.Build.0 = Release|Win32
		{6F1BEDD7-D31B-4CEE-8B70-D254F1F1F0BE}.Debug|Win32.ActiveCfg = Debug|Win32
		{6F1BEDD7-D31B-4CEE-8B70-D254F1F1F0BE}.Debug|Win32.Build.0 = Debug|Win32
		{6F1BEDD7-D31B-4CEE-8B70-D254F1F1F0BE}.DebugNCS|Win32.ActiveCfg = Debug|Win32
		{6F1BEDD7-D31B-4CEE-8B70-D254F1F1F0BE}.DebugNCS|Win32.Build.0 = Debug|Win32
		{6F1BEDD7-D31B-4CEE-8B70-D254F1F1F0BE}.Release|Win32.ActiveCfg = Release|Win32
		{6F1BEDD7-D31B-4CEE-8B70-D254F1F1F0BE}.Release|Win32.Build.0 = Release|Win32
		{6F1BEDD7-D31B-4CEE-8B70-D254F1F1F0BE}.ReleaseNCS|Win32.ActiveCfg = Release|Win32
		{6F1BEDD7-D31B-4CEE-8B70-D254F1F1F0BE}.ReleaseNCS|Win32.Build.0 = Release|Win32
		{B15BDA35-0972-428E-B5DA-F5EE528E36F0}.Debug|Win32.ActiveCfg = Debug|Win32
		{B15BDA35-0972-428E-B5DA-F5EE528E36F0}.Debug|Win32.Build.0 = Debug|Win32
		{B15BDA35-0972-428E-B5DA-F5EE528E36F0}.DebugNCS|Win32.ActiveCfg = Debug|Win32
		{B15BDA35-0972-428E-B5DA-F5EE528E36F0}.DebugNCS|Win32.Build.0 = Debug|Win32
		{B15BDA35-0972-428E-B5DA-F5EE528E36F0}.Release|Win32.ActiveCfg = Release|Win32
		{B15BDA35-0972-428E-B5DA-F5EE528E36F0}.Release|Win32.Build.0 = Release|Win32
		{B15BDA35-0972-428E-B5DA-F5EE528E36F0}.ReleaseNCS|Win32.ActiveCfg = Release|Win32
		{B15BDA35-0972-428E-B5DA-F5EE528E36F0}.ReleaseNCS|Win32.Build.0 = Release|Win32
		{BC75CD23-CB75-4233-A305-B7328825A9A5}.Debug|Win32.ActiveCfg = Debug|Win32
		{BC75CD23-CB75-4233-A305-B7328825A9A5}.Debug|Win32.Build.0 = Debug|Win32
		{BC75CD23-CB75-4233-A305-B7328825A9A5}.DebugNCS|Win32.ActiveCfg = Debug|Win32
		{BC75CD23-CB75-4233-A305-B7328825A9A5}.DebugNCS|Win32.Build.0 = Debug|Win32
		{BC75CD23-CB75-4233-A305-B7328825A9A5}.Release|Win32.ActiveCfg = Release|Win32
		{BC75CD23-CB75-4233-A305-B7328825A9A5}.Release|Win32.Build.0 = Release|Win32
		{BC75CD23-CB75-4233-A305-B7328825A9A5}.ReleaseNCS|Win32.ActiveCfg = Release|Win32
		{BC75CD23-CB75-4233-A305-B7328825A9A5}.ReleaseNCS|Win32.Build.0 = Release|Win32
		{DC02C6ED-7F17-45F4-8DD6-19267655D12E}.Debug|Win32.ActiveCfg = Debug|Win32
		{DC02C6ED-7F17-45F4-8DD6-19267655D12E}.Debug|Win32.Build.0 = Debug|Win32
		{DC02C6ED-7F17-45F4-8DD6-19267655D12E}.DebugNCS|Win32.ActiveCfg = Debug|Win32
		{DC02C6ED-7F17-45F4-8DD6-19267655D12E}.DebugNCS|Win32.Build.0 = Debug|Win32
		{DC02C6ED-7F17-45F4-8DD6-19267655D12E}.Release|Win32.ActiveCfg = Release|Win32
		{DC02C6ED-7F17-45F4-8DD6-19267655D12E}.Release|Win32.Build.0 = Release|Win32
		{DC02C6ED-7F17-45F4-8DD6-19267655D12E}.ReleaseNCS|Win32.ActiveCfg = Release|Win32
		{DC02C6ED-7F17-45F4-8DD6-19267655D12E}.ReleaseNCS|Win32.Build.0 = Release|Win32
		{CB6BE1D0-F46F-4BC2-A4B7-EC16E7944B0F}.Debug|Win32.ActiveCfg = Debug|Win32
		{CB6BE1D0-F46F-4BC2-A4B7-EC16E7944B0F}.Debug|Win32.Build.0 = Debug|Win32
		{CB6BE1D0-F46F-4BC2-A4B7-EC16E7944B0F}.DebugNCS|Win32.ActiveCfg = Debug|Win32
		{CB6BE1D0-F46F-4BC2-A4B7-EC16E7944B0F}.DebugNCS|Win32.Build.0 = Debug|Win32
		{CB6BE1D0-F46F-4BC2-A4B7-EC16E7944B0F}.Release|Win32.ActiveCfg = Release|Win32
		{CB6BE1D0-F46F-4BC2-A4B7-EC16E7944B0F}.Release|Win32.Build.0 = Release|Win32
		{CB6BE1D0-F46F-4BC2-A4B7-EC16E7944B0F}.ReleaseNCS|Win32.ActiveCfg = Release|Win32
		{CB6BE1D0-F46F-4BC2-A4B7-EC16E7944B0F}.ReleaseNCS|Win32.Build.0 = Release|Win32
		{12E3DE4B-827E-4785-A8AF-16D1A945F3D6}.Debug|Win32.ActiveCfg = Debug|Win32
		{12E3DE4B-827E-4785-A8AF-16D1A945F3D6}.Debug|Win32.Build.0 = Debug|Win32
		{12E3DE4B-827E-4785-A8AF-16D1A945F3D6}.DebugNCS|Win32.ActiveCfg = DebugNCS|Win32
		{12E3DE4B-827E-4785-A8AF-16D1A945F3D6}.DebugNCS|Win32.Build.0 = DebugNCS|Win32
		{12E3DE4B-827E-4785-A8AF-16D1A945F3D6}.Release|Win32.ActiveCfg = Release|Win32
		{12E3DE4B-827E-4785-A8AF-16D1A945F3D6}.Release|Win32.Build.0 = Release|Win32
		{12E3DE4B-827E-4785-A8AF-16D1A945F3D6}.ReleaseNCS|Win32.ActiveCfg = ReleaseNCS|Win32
		{12E3DE4B-827E-4785-A8AF-16D1A945F3D6}.ReleaseNCS|Win32.Build.0 = ReleaseNCS|Win32
		{87EE9DA4-DE1E-4448-8324-183C98DCA588}.Debug|Win32.ActiveCfg = Debug|Win32
		{87EE9DA4-DE1E-4448-8324-183C98DCA588}.Debug|Win32.Build.0 = Debug|Win32
		{87EE9DA4-DE1E-4448-8324-183C98DCA588}.DebugNCS|Win32.ActiveCfg = Debug|Win32
		{87EE9DA4-DE1E-4448-8324-183C98DCA588}.DebugNCS|Win32.Build.0 = Debug|Win32
		{87EE9DA4-DE1E-4448-8324-183C98DCA588}.Release|Win32.ActiveCfg = Release|Win32
		{87EE9DA4-DE1E-4448-8324-183C98DCA588}.Release|Win32.Build.0 = Release|Win32
		{87EE9DA4-DE1E-4448-8324-183C98DCA588}.ReleaseNCS|Win32.ActiveCfg = Release|Win32
		{87EE9DA4-DE1E-4448-8324-183C98DCA588}.ReleaseNCS|Win32.Build.0 = Release|Win32
		{A0E177B2-2F3B-4EAC-9DFF-B3AA42256993}.Debug|Win32.ActiveCfg = Debug|Win32
		{A0E177B2-2F3B-4EAC-9DFF-B3AA42256993}.Debug|Win32.Build.0 = Debug|Win32
		{A0E177B2-2F3B-4EAC-9DFF-B3AA42256993}.DebugNCS|Win32.ActiveCfg = Debug|Win32
		{A0E177B2-2F3B-4EAC-9DFF-B3AA42256993}.DebugNCS|Win32.Build.0 = Debug|Win32
		{A0E177B2-2F3B-4EAC-9DFF-B3AA42256993}.Release|Win32.ActiveCfg = Release|Win32
		{A0E177B2-2F3B-4EAC-9DFF-B3AA42256993}.Release|Win32.Build.0 = Release|Win32
		{A0E177B2-2F3B-4EAC-9DFF-B3AA42256993}.ReleaseNCS|Win32.ActiveCfg = Release|Win32
		{A0E177B2-2F3B-4EAC-9DFF-B3AA42256993}.ReleaseNCS|Win32.Build.0 = Release|Win32
		{98EBB16F-044B-4054-801E-3268A830C994}.Debug|Win32.ActiveCfg = Debug|Win32
		{98EBB16F-044B-4054-801E-3268A830C994}.Debug|Win32.Build.0 = Debug|Win32
		{98EBB16F-044B-4054-801E-3268A830C994}.DebugNCS|Win32.ActiveCfg = Debug|Win32
		{98EBB16F-044B-4054-801E-3268A830C994}.DebugNCS|Win32.Build.0 = Debug|Win32
		{98EBB16F-044B-4054-801E-3268A830C994}.Release|Win32.ActiveCfg = Release|Win32
		{98EBB16F-044B-4054-801E-3268A830C994}.Release|Win32.Build.0 = Release|Win32
		{98EBB16F-044B-4054-801E-3268A830C994}.ReleaseNCS|Win32.ActiveCfg = Release|Win32
		{98EBB16F-044B-4054-801E-3268A830C994}.ReleaseNCS|Win32.Build.0 = Release|Win32
		{F3C1AD5F-9D9A-4D93-B427-01A2F2031D50}.Debug|Win32.ActiveCfg = Debug|Win32
		{F3C1AD5F-9D9A-4D93-B427-01A2F2031D50}.Debug|Win32.Build.0 = Debug|Win32
		{F3C1AD5F-9D9A-4D93-B427-01A2F2031D50}.DebugNCS|Win32.ActiveCfg = Debug|Win32
		{F3C1AD5F-9D9A-4D93-B427-01A2F2031D50}.DebugNCS|Win32.Build.0 = Debug|Win32
		{F3C1AD5F-9D9A-4D93-B427-01A2F2031D50}.Release|Win32.ActiveCfg = Release|Win32
		{F3C1AD5F-9D9A-4D93-B427-01A2F2031D50}.Release|Win32.Build.0 = Release|Win32
		{F3C1AD5F-9D9A-4D93-B427-01A2F2031D50}.ReleaseNCS|Win32.ActiveCfg = Release|Win32
		{F3C1AD5F-9D9A-4D93-B427-01A2F2031D50}.ReleaseNCS|Win32.Build.0 = Release|Win32
		{6FE81BEF-D89F-45ED-B044-D8CC0975A825}.Debug|Win32.ActiveCfg = Debug|Win32
		{6FE81BEF-D89F-45ED-B044-D8CC0975A825}.Debug|Win32.Build.0 = Debug|Win32
		{6FE81BEF-D89F-45ED-B044-D8CC0975A825}.DebugNCS|Win32.ActiveCfg = Debug|Win32
		{6FE81BEF-D89F-45ED-B044-D8CC0975A825}.DebugNCS|Win32.Build.0 = Debug|Win32
		{6FE81BEF-D89F-45ED-B044-D8CC0975A825}.Release|Win32.ActiveCfg = Release|Win32
		{6FE81BEF-D89F-45ED-B044-D8CC0975A825}.Release|Win32.Build.0 = Release|Win32
		{6FE81BEF-D89F-45ED-B044-D8CC0975A825}.ReleaseNCS|Win32.ActiveCfg = Release|Win32
		{6FE81BEF-D89F-45ED-B044-D8CC0975A825}.ReleaseNCS|Win32.Build.0 = Release|Win32
		{148CA9AA-F955-48C0-A1A6-765AE0C6F21B}.Debug|Win32.ActiveCfg = Debug|Win32
		{148CA9AA-F955-48C0-A1A6-765AE0C6F21B}.Debug|Win32.Build.0 = Debug|Win32
		{148CA9AA-F955-48C0-A1A6-765AE0C6F21B}.DebugNCS|Win32.ActiveCfg = Debug|Win32
		{148CA9AA-F955-48C0-A1A6-765AE0C6F21B}.DebugNCS|Win32.Build.0 = Debug|Win32
		{148CA9AA-F955-48C0-A1A6-765AE0C6F21B}.Release|Win32.ActiveCfg = Release|Win32
		{148CA9AA-F955-48C0-A1A6-765AE0C6F21B}.Release|Win32.Build.0 = Release|Win32
		{148CA9AA-F955-48C0-A1A6-765AE0C6F21B}.ReleaseNCS|Win32.ActiveCfg = Release|Win32
		{148CA9AA-F955-48C0-A1A6-765AE0C6F21B}.ReleaseNCS|Win32.Build.0 = Release|Win32
		{E1130C36-D33E-4D43-BD7F-7D7297D9A1B2}.Debug|Win32.ActiveCfg = Debug|Win32
		{E1130C36-D33E-4D43-BD7F-7D7297D9A1B2}.Debug|Win32.Build.0 = Debug|Win32
		{E1130C36-D33E-4D43-BD7F-7D7297D9A1B2}.DebugNCS|Win32.ActiveCfg = Debug|Win32
		{E1130C36-D33E-4D43-BD7F-7D7297D9A1B2}.DebugNCS|Win32.Build.0 = Debug|Win32
		{E1130C36-D33E-4D43-BD7F-7D7297D9A1B2}.Release|Win32.ActiveCfg = Release|Win32
		{E1130C36-D33E-4D43-BD7F-7D7297D9A1B2}.Release|Win32.Build.0 = Release|Win32
		{E1130C36-D33E-4D43-BD7F-7D7297D9A1B2}.ReleaseNCS|Win32.ActiveCfg = Release|Win32
		{E1130C36-D33E-4D43-BD7F-7D7297D9A1B2}.ReleaseNCS|Win32.Build.0 = Release|Win32
		{5F784299-72E2-4482-941D-12485DE80C30}.Debug|Win32.ActiveCfg = Debug|Win32
		{5F784299-72E2-4482-941D-12485DE80C30}.Debug|Win32.Build.0 = Debug|Win32
		{5F784299-72E2-4482-941D-12485DE80C30}.DebugNCS|Win32.ActiveCfg = Debug|Win32
		{5F784299-72E2-4482-941D-12485DE80C30}.DebugNCS|Win32.Build.0 = Debug|Win32
		{5F784299-72E2-4482-941D-12485DE80C30}.Release|Win32.ActiveCfg = Release|Win32
		{5F784299-72E2-4482-941D-12485DE80C30}.Release|Win32.Build.0 = Release|Win32
		{5F784299-72E2-4482-941D-12485DE80C30}.ReleaseNCS|Win32.ActiveCfg = Release|Win32
		{5F784299-72E2-4482-941D-12485DE80C30}.ReleaseNCS|Win32.Build.0 = Release|Win32
		{C0E62EB8-7D34-43BE-BAEA-50AA8F4C224E}.Debug|Win32.ActiveCfg = Debug|Win32
		{C0E62EB8-7D34-43BE-BAEA-50AA8F4C224E}.Debug|Win32.Build.0 = Debug|Win32
		{C0E62EB8-7D34-43BE-BAEA-50AA8F4C224E}.DebugNCS|Win32.ActiveCfg = Debug|Win32
		{C0E62EB8-7D34-43BE-BAEA-50AA8F4C224E}.DebugNCS|Win32.Build.0 = Debug|Win32
		{C0E62EB8-7D34-43BE-BAEA-50AA8F4C224E}.Release|Win32.ActiveCfg = Release|Win32
		{C0E62EB8-7D34-43BE-BAEA-50AA8F4C224E}.Release|Win32.Build.0 = Release|Win32
		{C0E62EB8-7D34-43BE-BAEA-50AA8F4C224E}.ReleaseNCS|Win32.ActiveCfg = Release|Win32
		{C0E62EB8-7D34-43BE-BAEA-50AA8F4C224E}.ReleaseNCS|Win32.Build.0 = Release|Win32
		{38512799-B050-49D0-8025-C7623D2D1CF1}.Debug|Win32.ActiveCfg = Debug|Win32
		{38512799-B050-49D0-8025-C7623D2D1CF1}.Debug|Win32.Build.0 = Debug|Win32
		{38512799-B050-49D0-8025-C7623D2D1CF1}.DebugNCS|Win32.ActiveCfg = Debug|Win32
		{38512799-B050-49D0-8025-C7623D2D1CF1}.DebugNCS|Win32.Build.0 = Debug|Win32
		{38512799-B050-49D0-8025-C7623D2D1CF1}.Release|Win32.ActiveCfg = Release|Win32
		{38512799-B050-49D0-8025-C7623D2D1CF1}.Release|Win32.Build.0 = Release|Win32
		{38512799-B050-49D0-8025-C7623D2D1CF1}.ReleaseNCS|Win32.ActiveCfg = Release|Win32
		{38512799-B050-49D0-8025-C7623D2D1CF1}.ReleaseNCS|Win32.Build.0 = Release|Win32
		{CCDFA8B2-DA14-4F21-BA0A-5140FA39AF3B}.Debug|Win32.ActiveCfg = Debug|Win32
		{CCDFA8B2-DA14-4F21-BA0A-5140FA39AF3B}.Debug|Win32.Build.0 = Debug|Win32
		{CCDFA8B2-DA14-4F21-BA0A-5140FA39AF3B}.DebugNCS|Win32.ActiveCfg = Debug|Win32
		{CCDFA8B2-DA14-4F21-BA0A-5140FA39AF3B}.DebugNCS|Win32.Build.0 = Debug|Win32
		{CCDFA8B2-DA14-4F21-BA0A-5140FA39AF3B}.Release|Win32.ActiveCfg = Release|Win32
		{CCDFA8B2-DA14-4F21-BA0A-5140FA39AF3B}.Release|Win32.Build.0 = Release|Win32
		{CCDFA8B2-DA14-4F21-BA0A-5140FA39AF3B}.ReleaseNCS|Win32.ActiveCfg = Release|Win32
		{CCDFA8B2-DA14-4F21-BA0A-5140FA39AF3B}.ReleaseNCS|Win32.Build.0 = Release|Win32
		{40B5BFB6-29B2-455B-8A5F-5331657D4F93}.Debug|Win32.ActiveCfg = Debug|Win32
		{40B5BFB6-29B2-455B-8A5F-5331657D4F93}.Debug|Win32.Build.0 = Debug|Win32
		{40B5BFB6-29B2-455B-8A5F-5331657D4F93}.DebugNCS|Win32.ActiveCfg = Debug|Win32
		{40B5BFB6-29B2-455B-8A5F-5331657D4F93}.DebugNCS|Win32.Build.0 = Debug|Win32
		{40B5BFB6-29B2-455B-8A5F-5331657D4F93}.Release|Win32.ActiveCfg = Release|Win32
		{40B5BFB6-29B2-455B-8A5F-5331657D4F93}.Release|Win32.Build.0 = Release|Win32
		{40B5BFB6-29B2-455B-8A5F-5331657D4F93}.ReleaseNCS|Win32.ActiveCfg = Release|Win32
		{40B5BFB6-29B2-455B-8A5F-5331657D4F93}.ReleaseNCS|Win32.Build.0 = Release|Win32
		{F726EB96-A5D1-402A-980C-E4D09ED1BB3C}.Debug|Win32.ActiveCfg = Debug|Win32
		{F726EB96-A5D1-402A-980C-E4D09ED1BB3C}.Debug|Win32.Build.0 = Debug|Win32
		{F726EB96-A5D1-402A-980C-E4D09ED1BB3C}.DebugNCS|Win32.ActiveCfg = Debug|Win32
		{F726EB96-A5D1-402A-980C-E4D09ED1BB3C}.DebugNCS|Win32.Build.0 = Debug|Win32
		{F726EB96-A5D1-402A-980C-E4D09ED1BB3C}.Release|Win32.ActiveCfg = Release|Win32
		{F726EB96-A5D1-402A-980C-E4D09ED1BB3C}.Release|Win32.Build.0 = Release|Win32
		{F726EB96-A5D1-402A-980C-E4D09ED1BB3C}.ReleaseNCS|Win32.ActiveCfg = Release|Win32
		{F726EB96-A5D1-402A-980C-E4D09ED1BB3C}.ReleaseNCS|Win32.Build.0 = Release|Win32
		{DC8D9E2C-7686-4902-8D07-367C902812E4}.Debug|Win32.ActiveCfg = Debug|Win32
		{DC8D9E2C-7686-4902-8D07-367C902812E4}.Debug|Win32.Build.0 = Debug|Win32
		{DC8D9E2C-7686-4902-8D07-367C902812E4}.DebugNCS|Win32.ActiveCfg = Debug|Win32
		{DC8D9E2C-7686-4902-8D07-367C902812E4}.DebugNCS|Win32.Build.0 = Debug|Win32
		{DC8D9E2C-7686-4902-8D07-367C902812E4}.Release|Win32.ActiveCfg = Release|Win32
		{DC8D9E2C-7686-4902-8D07-367C902812E4}.Release|Win32.Build.0 = Release|Win32
		{DC8D9E2C-7686-4902-8D07-367C902812E4}.ReleaseNCS|Win32.ActiveCfg = Release|Win32
		{DC8D9E2C-7686-4902-8D07-367C902812E4}.ReleaseNCS|Win32.Build.0 = Release|Win32
		{C477314D-972B-4524-95C3-25DA9471A3C3}.Debug|Win32.ActiveCfg = Debug|Win32
		{C477314D-972B-4524-95C3-25DA9471A3C3}.Debug|Win32.Build.0 = Debug|Win32
		{C477314D-972B-4524-95C3-25DA9471A3C3}.DebugNCS|Win32.ActiveCfg = Debug|Win32
		{C477314D-972B-4524-95C3-25DA9471A3C3}.DebugNCS|Win32.Build.0 = Debug|Win32
		{C477314D-972B-4524-95C3-25DA9471A3C3}.Release|Win32.ActiveCfg = Release|Win32
		{C477314D-972B-4524-95C3-25DA9471A3C3}.Release|Win32.Build.0 = Release|Win32
		{C477314D-972B-4524-95C3-25DA9471A3C3}.ReleaseNCS|Win32.ActiveCfg = Release|Win32
		{C477314D-972B-4524-95C3-25DA9471A3C3}.ReleaseNCS|Win32.Build.0 = Release|Win32
		{D9552077-0E23-4507-8460-3D939B79527D}.Debug|Win32.ActiveCfg = Debug|Win32
		{D9552077-0E23-4507-8460-3D939B79527D}.Debug|Win32.Build.0 = Debug|Win32
		{D9552077-0E23-4507-8460-3D939B79527D}.DebugNCS|Win32.ActiveCfg = Debug|Win32
		{D9552077-0E23-4507-8460-3D939B79527D}.DebugNCS|Win32.Build.0 = Debug|Win32
		{D9552077-0E23-4507-8460-3D939B79527D}.Release|Win32.ActiveCfg = Release|Win32
		{D9552077-0E23-4507-8460-3D939B79527D}.Release|Win32.Build.0 = Release|Win32
		{D9552077-0E23-4507-8460-3D939B79527D}.ReleaseNCS|Win32.ActiveCfg = Release|Win32
		{D9552077-0E23-4507-8460-3D939B79527D}.ReleaseNCS|Win32.Build.0 = Release|Win32
		{D5828715-F3FF-478D-86C8-F9518C3EF383}.Debug|Win32.ActiveCfg = Debug|Win32
		{D5828715-F3FF-478D-86C8-F9518C3EF383}.Debug|Win32.Build.0 = Debug|Win32
		{D5828715-F3FF-478D-86C8-F9518C3EF383}.DebugNCS|Win32.ActiveCfg = Debug|Win32
		{D5828715-F3FF-478D-86C8-F9518C3EF383}.DebugNCS|Win32.Build.0 = Debug|Win32
		{D5828715-F3FF-478D-86C8-F9518C3EF383}.Release|Win32.ActiveCfg = Release|Win32
		{D5828715-F3FF-478D-86C8-F9518C3EF383}.Release|Win32.Build.0 = Release|Win32
		{D5828715-F3FF-478D-86C8-F9518C3EF383}.ReleaseNCS|Win32.ActiveCfg = Release|Win32
		{D5828715-F3FF-478D-86C8-F9518C3EF383}.ReleaseNCS|Win32.Build.0 = Release|Win32
		{B6F84561-61FE-477D-AE2E-D4152A247FB1}.Debug|Win32.ActiveCfg = Debug|Win32
		{B6F84561-61FE-477D-AE2E-D4152A247FB1}.Debug|Win32.Build.0 = Debug|Win32
		{B6F84561-61FE-477D-AE2E-D4152A247FB1}.DebugNCS|Win32.ActiveCfg = Debug|Win32
		{B6F84561-61FE-477D-AE2E-D4152A247FB1}.DebugNCS|Win32.Build.0 = Debug|Win32
		{B6F84561-61FE-477D-AE2E-D4152A247FB1}.Release|Win32.ActiveCfg = Release|Win32
		{B6F84561-61FE-477D-AE2E-D4152A247FB1}.Release|Win32.Build.0 = Release|Win32
		{B6F84561-61FE-477D-AE2E-D4152A247FB1}.ReleaseNCS|Win32.ActiveCfg = Release|Win32
		{B6F84561-61FE-477D-AE2E-D4152A247FB1}.ReleaseNCS|Win32.Build.0 = Release|Win32
		{0434BF2B-6310-4BB5-804E-F7A11C074CA2}.Debug|Win32.ActiveCfg = Debug|Win32
		{0434BF2B-6310-4BB5-804E-F7A11C074CA2}.Debug|Win32.Build.0 = Debug|Win32
		{0434BF2B-6310-4BB5-804E-F7A11C074CA2}.DebugNCS|Win32.ActiveCfg = Debug|Win32
		{0434BF2B-6310-4BB5-804E-F7A11C074CA2}.DebugNCS|Win32.Build.0 = Debug|Win32
		{0434BF2B-6310-4BB5-804E-F7A11C074CA2}.Release|Win32.ActiveCfg = Release|Win32
		{0434BF2B-6310-4BB5-804E-F7A11C074CA2}.Release|Win32.Build.0 = Release|Win32
		{0434BF2B-6310-4BB5-804E-F7A11C074CA2}.ReleaseNCS|Win32.ActiveCfg = Release|Win32
		{0434BF2B-6310-4BB5-804E-F7A11C074CA2}.ReleaseNCS|Win32.Build.0 = Release|Win32
		{FD5D38D2-70B6-430C-9294-801AB0D9225C}.Debug|Win32.ActiveCfg = Debug|Win32
		{FD5D38D2-70B6-430C-9294-801AB0D9225C}.Debug|Win32.Build.0 = Debug|Win32
		{FD5D38D2-70B6-430C-9294-801AB0D9225C}.DebugNCS|Win32.ActiveCfg = Debug|Win32
		{FD5D38D2-70B6-430C-9294-801AB0D9225C}.DebugNCS|Win32.Build.0 = Debug|Win32
		{FD5D38D2-70B6-430C-9294-801AB0D9225C}.Release|Win32.ActiveCfg = Release|Win32
		{FD5D38D2-70B6-430C-9294-801AB0D9225C}.Release|Win32.Build.0 = Release|Win32
		{FD5D38D2-70B6-430C-9294-801AB0D9225C}.ReleaseNCS|Win32.ActiveCfg = Release|Win32
		{FD5D38D2-70B6-430C-9294-801AB0D9225C}.ReleaseNCS|Win32.Build.0 = Release|Win32
		{F2481C43-BA3A-47F1-92F8-27B0FD5C8702}.Debug|Win32.ActiveCfg = Debug|Win32
		{F2481C43-BA3A-47F1-92F8-27B0FD5C8702}.Debug|Win32.Build.0 = Debug|Win32
		{F2481C43-BA3A-47F1-92F8-27B0FD5C8702}.DebugNCS|Win32.ActiveCfg = Debug|Win32
		{F2481C43-BA3A-47F1-92F8-27B0FD5C8702}.DebugNCS|Win32.Build.0 = Debug|Win32
		{F2481C43-BA3A-47F1-92F8-27B0FD5C8702}.Release|Win32.ActiveCfg = Release|Win32
		{F2481C43-BA3A-47F1-92F8-27B0FD5C8702}.Release|Win32.Build.0 = Release|Win32
		{F2481C43-BA3A-47F1-92F8-27B0FD5C8702}.ReleaseNCS|Win32.ActiveCfg = Release|Win32
		{F2481C43-BA3A-47F1-92F8-27B0FD5C8702}.ReleaseNCS|Win32.Build.0 = Release|Win32
		{EE63115E-70F7-49D4-BADD-9C6D0F4DC295}.Debug|Win32.ActiveCfg = Debug|Win32
		{EE63115E-70F7-49D4-BADD-9C6D0F4DC295}.Debug|Win32.Build.0 = Debug|Win32
		{EE63115E-70F7-49D4-BADD-9C6D0F4DC295}.DebugNCS|Win32.ActiveCfg = Debug|Win32
		{EE63115E-70F7-49D4-BADD-9C6D0F4DC295}.DebugNCS|Win32.Build.0 = Debug|Win32
		{EE63115E-70F7-49D4-BADD-9C6D0F4DC295}.Release|Win32.ActiveCfg = Release|Win32
		{EE63115E-70F7-49D4-BADD-9C6D0F4DC295}.Release|Win32.Build.0 = Release|Win32
		{EE63115E-70F7-49D4-BADD-9C6D0F4DC295}.ReleaseNCS|Win32.ActiveCfg = Release|Win32
		{EE63115E-70F7-49D4-BADD-9C6D0F4DC295}.ReleaseNCS|Win32.Build.0 = Release|Win32
		{94B5ED03-E8F8-4168-911A-BFC102D080BF}.Debug|Win32.ActiveCfg = Debug|Win32
		{94B5ED03-E8F8-4168-911A-BFC102D080BF}.Debug|Win32.Build.0 = Debug|Win32
		{94B5ED03-E8F8-4168-911A-BFC102D080BF}.DebugNCS|Win32.ActiveCfg = Debug|Win32
		{94B5ED03-E8F8-4168-911A-BFC102D080BF}.DebugNCS|Win32.Build.0 = Debug|Win32
		{94B5ED03-E8F8-4168-911A-BFC102D080BF}.Release|Win32.ActiveCfg = Release|Win32
		{94B5ED03-E8F8-4168-911A-BFC102D080BF}.Release|Win32.Build.0 = Release|Win32
		{94B5ED03-E8F8-4168-911A-BFC102D080BF}.ReleaseNCS|Win32.ActiveCfg = Release|Win32
		{94B5ED03-E8F8-4168-911A-BFC102D080BF}.ReleaseNCS|Win32.Build.0 = Release|Win32
		{EF1D90D8-AE1A-47B7-8FDD-B107D29C9B74}.Debug|Win32.ActiveCfg = Debug|Win32
		{EF1D90D8-AE1A-47B7-8FDD-B107D29C9B74}.Debug|Win32.Build.0 = Debug|Win32
		{EF1D90D8-AE1A-47B7-8FDD-B107D29C9B74}.DebugNCS|Win32.ActiveCfg = Debug|Win32
		{EF1D90D8-AE1A-47B7-8FDD-B107D29C9B74}.DebugNCS|Win32.Build.0 = Debug|Win32
		{EF1D90D8-AE1A-47B7-8FDD-B107D29C9B74}.Release|Win32.ActiveCfg = Release|Win32
		{EF1D90D8-AE1A-47B7-8FDD-B107D29C9B74}.Release|Win32.Build.0 = Release|Win32
		{EF1D90D8-AE1A-47B7-8FDD-B107D29C9B74}.ReleaseNCS|Win32.ActiveCfg = Release|Win32
		{EF1D90D8-AE1A-47B7-8FDD-B107D29C9B74}.ReleaseNCS|Win32.Build.0 = Release|Win32
		{AA4C8F77-7789-4AF7-9B69-910A984BEF1D}.Debug|Win32.ActiveCfg = Debug|Win32
		{AA4C8F77-7789-4AF7-9B69-910A984BEF1D}.Debug|Win32.Build.0 = Debug|Win32
		{AA4C8F77-7789-4AF7-9B69-910A984BEF1D}.DebugNCS|Win32.ActiveCfg = Debug|Win32
		{AA4C8F77-7789-4AF7-9B69-910A984BEF1D}.DebugNCS|Win32.Build.0 = Debug|Win32
		{AA4C8F77-7789-4AF7-9B69-910A984BEF1D}.Release|Win32.ActiveCfg = Release|Win32
		{AA4C8F77-7789-4AF7-9B69-910A984BEF1D}.Release|Win32.Build.0 = Release|Win32
		{AA4C8F77-7789-4AF7-9B69-910A984BEF1D}.ReleaseNCS|Win32.ActiveCfg = Release|Win32
		{AA4C8F77-7789-4AF7-9B69-910A984BEF1D}.ReleaseNCS|Win32.Build.0 = Release|Win32
		{FB8ECE98-9645-48FE-B3B3-8E2B8F19A376}.Debug|Win32.ActiveCfg = Debug|Win32
		{FB8ECE98-9645-48FE-B3B3-8E2B8F19A376}.Debug|Win32.Build.0 = Debug|Win32
		{FB8ECE98-9645-48FE-B3B3-8E2B8F19A376}.DebugNCS|Win32.ActiveCfg = Debug|Win32
		{FB8ECE98-9645-48FE-B3B3-8E2B8F19A376}.DebugNCS|Win32.Build.0 = Debug|Win32
		{FB8ECE98-9645-48FE-B3B3-8E2B8F19A376}.Release|Win32.ActiveCfg = Release|Win32
		{FB8ECE98-9645-48FE-B3B3-8E2B8F19A376}.Release|Win32.Build.0 = Release|Win32
		{FB8ECE98-9645-48FE-B3B3-8E2B8F19A376}.ReleaseNCS|Win32.ActiveCfg = Release|Win32
		{FB8ECE98-9645-48FE-B3B3-8E2B8F19A376}.ReleaseNCS|Win32.Build.0 = Release|Win32
		{446B08B4-8977-4FB1-AB5B-016ED9E7CA53}.Debug|Win32.ActiveCfg = Debug|Win32
		{446B08B4-8977-4FB1-AB5B-016ED9E7CA53}.Debug|Win32.Build.0 = Debug|Win32
		{446B08B4-8977-4FB1-AB5B-016ED9E7CA53}.DebugNCS|Win32.ActiveCfg = Debug|Win32
		{446B08B4-8977-4FB1-AB5B-016ED9E7CA53}.DebugNCS|Win32.Build.0 = Debug|Win32
		{446B08B4-8977-4FB1-AB5B-016ED9E7CA53}.Release|Win32.ActiveCfg = Release|Win32
		{446B08B4-8977-4FB1-AB5B-016ED9E7CA53}.Release|Win32.Build.0 = Release|Win32
		{446B08B4-8977-4FB1-AB5B-016ED9E7CA53}.ReleaseNCS|Win32.ActiveCfg = Release|Win32
		{446B08B4-8977-4FB1-AB5B-016ED9E7CA53}.ReleaseNCS|Win32.Build.0 = Release|Win32
	EndGlobalSection
	GlobalSection(SolutionProperties) = preSolution
		HideSolutionNode = FALSE
	EndGlobalSection
	GlobalSection(NestedProjects) = preSolution
		{B9826B29-BAAB-4CE4-94C1-77589DFB67EE} = {5F88F72F-2AA9-4EDE-B82E-E03C7B41AD9A}
		{16DC2030-A313-4674-800F-1D995CCC344E} = {5F88F72F-2AA9-4EDE-B82E-E03C7B41AD9A}
		{B71ED042-7AAC-48D8-9BE9-5946D194A25F} = {5F88F72F-2AA9-4EDE-B82E-E03C7B41AD9A}
		{DD2704DC-41CA-4FBB-99FC-204FA6942500} = {5F88F72F-2AA9-4EDE-B82E-E03C7B41AD9A}
		{3F9BA22F-03A7-4931-8C20-96909D9EC03E} = {5F88F72F-2AA9-4EDE-B82E-E03C7B41AD9A}
		{D2327232-EF4E-4CE5-A9CA-568D2BC9690B} = {5F88F72F-2AA9-4EDE-B82E-E03C7B41AD9A}
		{DF452F0F-5CA2-44A6-BFB9-2E0520BF718A} = {5F88F72F-2AA9-4EDE-B82E-E03C7B41AD9A}
		{2FE1F5C9-BCD8-43AA-9C15-FE7FCB3819BF} = {5F88F72F-2AA9-4EDE-B82E-E03C7B41AD9A}
		{89AD7D88-16EC-4964-99FA-98E1043AC1A8} = {5F88F72F-2AA9-4EDE-B82E-E03C7B41AD9A}
		{22FABB93-9E49-42DD-B9DB-A356C6784F56} = {5F88F72F-2AA9-4EDE-B82E-E03C7B41AD9A}
		{2517A49B-1219-4823-8178-2A8B6D5FC63C} = {5F88F72F-2AA9-4EDE-B82E-E03C7B41AD9A}
		{12E3DE4B-827E-4785-A8AF-16D1A945F3D6} = {5F88F72F-2AA9-4EDE-B82E-E03C7B41AD9A}
		{A0E177B2-2F3B-4EAC-9DFF-B3AA42256993} = {5F88F72F-2AA9-4EDE-B82E-E03C7B41AD9A}
		{F3C1AD5F-9D9A-4D93-B427-01A2F2031D50} = {5F88F72F-2AA9-4EDE-B82E-E03C7B41AD9A}
		{6FE81BEF-D89F-45ED-B044-D8CC0975A825} = {5F88F72F-2AA9-4EDE-B82E-E03C7B41AD9A}
		{E1130C36-D33E-4D43-BD7F-7D7297D9A1B2} = {5F88F72F-2AA9-4EDE-B82E-E03C7B41AD9A}
		{5F784299-72E2-4482-941D-12485DE80C30} = {5F88F72F-2AA9-4EDE-B82E-E03C7B41AD9A}
		{38512799-B050-49D0-8025-C7623D2D1CF1} = {5F88F72F-2AA9-4EDE-B82E-E03C7B41AD9A}
		{CCDFA8B2-DA14-4F21-BA0A-5140FA39AF3B} = {5F88F72F-2AA9-4EDE-B82E-E03C7B41AD9A}
		{DC8D9E2C-7686-4902-8D07-367C902812E4} = {5F88F72F-2AA9-4EDE-B82E-E03C7B41AD9A}
		{94B5ED03-E8F8-4168-911A-BFC102D080BF} = {5F88F72F-2AA9-4EDE-B82E-E03C7B41AD9A}
		{FB8ECE98-9645-48FE-B3B3-8E2B8F19A376} = {5F88F72F-2AA9-4EDE-B82E-E03C7B41AD9A}
		{938D2C05-A26E-4C35-8EC0-44F1B7B06B8C} = {B9826B29-BAAB-4CE4-94C1-77589DFB67EE}
		{C406DAEC-0886-4771-8DEA-9D7329B46CC1} = {B9826B29-BAAB-4CE4-94C1-77589DFB67EE}
		{C9C8B7B0-2509-4B8A-9224-9FF04297C33B} = {B9826B29-BAAB-4CE4-94C1-77589DFB67EE}
		{E737AF5B-9F63-4095-BA6F-25F173DF34E2} = {B9826B29-BAAB-4CE4-94C1-77589DFB67EE}
		{39A9638B-D487-471A-BA44-D5B81C0E91A4} = {B9826B29-BAAB-4CE4-94C1-77589DFB67EE}
		{9CCBCFF0-C83F-4E6C-A2B8-7C23409ECFF9} = {B9826B29-BAAB-4CE4-94C1-77589DFB67EE}
		{E366FE8F-0CD1-47C5-BEE2-943E4667816B} = {B9826B29-BAAB-4CE4-94C1-77589DFB67EE}
		{50FC458E-425A-487F-83E5-E77F18C25C5C} = {B9826B29-BAAB-4CE4-94C1-77589DFB67EE}
		{D1B5E526-900B-4C9F-9F42-8A15862B9A3C} = {B9826B29-BAAB-4CE4-94C1-77589DFB67EE}
		{B15BDA35-0972-428E-B5DA-F5EE528E36F0} = {B9826B29-BAAB-4CE4-94C1-77589DFB67EE}
		{BC75CD23-CB75-4233-A305-B7328825A9A5} = {B9826B29-BAAB-4CE4-94C1-77589DFB67EE}
		{87EE9DA4-DE1E-4448-8324-183C98DCA588} = {B9826B29-BAAB-4CE4-94C1-77589DFB67EE}
		{98EBB16F-044B-4054-801E-3268A830C994} = {B9826B29-BAAB-4CE4-94C1-77589DFB67EE}
		{B464AB9E-C9ED-4797-9179-77282A916378} = {B9826B29-BAAB-4CE4-94C1-77589DFB67EE}
		{5902A470-3E2A-4159-A2F7-57BDC5614070} = {B9826B29-BAAB-4CE4-94C1-77589DFB67EE}
		{40B5BFB6-29B2-455B-8A5F-5331657D4F93} = {B9826B29-BAAB-4CE4-94C1-77589DFB67EE}
		{F726EB96-A5D1-402A-980C-E4D09ED1BB3C} = {B9826B29-BAAB-4CE4-94C1-77589DFB67EE}
		{B6F84561-61FE-477D-AE2E-D4152A247FB1} = {B9826B29-BAAB-4CE4-94C1-77589DFB67EE}
		{0434BF2B-6310-4BB5-804E-F7A11C074CA2} = {B9826B29-BAAB-4CE4-94C1-77589DFB67EE}
		{FD5D38D2-70B6-430C-9294-801AB0D9225C} = {B9826B29-BAAB-4CE4-94C1-77589DFB67EE}
		{EF1D90D8-AE1A-47B7-8FDD-B107D29C9B74} = {B9826B29-BAAB-4CE4-94C1-77589DFB67EE}
		{AA4C8F77-7789-4AF7-9B69-910A984BEF1D} = {B9826B29-BAAB-4CE4-94C1-77589DFB67EE}
		{EE63115E-70F7-49D4-BADD-9C6D0F4DC295} = {B9826B29-BAAB-4CE4-94C1-77589DFB67EE}
		{A206BD57-63BC-4848-9764-62799F867772} = {55C06D2A-37A5-4962-BB33-194388B80259}
		{DC02C6ED-7F17-45F4-8DD6-19267655D12E} = {55C06D2A-37A5-4962-BB33-194388B80259}
		{38A06E51-F5AE-4B39-A04D-EB0F7F434E71} = {55C06D2A-37A5-4962-BB33-194388B80259}
		{446B08B4-8977-4FB1-AB5B-016ED9E7CA53} = {55C06D2A-37A5-4962-BB33-194388B80259}
		{6F1BEDD7-D31B-4CEE-8B70-D254F1F1F0BE} = {489FEF4F-9A79-40C6-B2FA-7406C92FEF04}
		{CB6BE1D0-F46F-4BC2-A4B7-EC16E7944B0F} = {489FEF4F-9A79-40C6-B2FA-7406C92FEF04}
		{148CA9AA-F955-48C0-A1A6-765AE0C6F21B} = {489FEF4F-9A79-40C6-B2FA-7406C92FEF04}
		{35F18913-F384-43A8-B664-624682177FBF} = {489FEF4F-9A79-40C6-B2FA-7406C92FEF04}
		{C0E62EB8-7D34-43BE-BAEA-50AA8F4C224E} = {489FEF4F-9A79-40C6-B2FA-7406C92FEF04}
		{C477314D-972B-4524-95C3-25DA9471A3C3} = {489FEF4F-9A79-40C6-B2FA-7406C92FEF04}
		{D9552077-0E23-4507-8460-3D939B79527D} = {489FEF4F-9A79-40C6-B2FA-7406C92FEF04}
		{D5828715-F3FF-478D-86C8-F9518C3EF383} = {489FEF4F-9A79-40C6-B2FA-7406C92FEF04}
		{F2481C43-BA3A-47F1-92F8-27B0FD5C8702} = {489FEF4F-9A79-40C6-B2FA-7406C92FEF04}
	EndGlobalSection
EndGlobal
