Microsoft Visual Studio Solution File, Format Version 8.00
Project("{8BC9CEB8-8B4A-11D0-8D11-00A0C91BC942}") = "llmozlib_vc7", "DevTools\llmozlib\llmozlib_vc7.vcproj", "{0200E671-E19F-4D61-B775-956227116A3A}"
	ProjectSection(ProjectDependencies) = postProject
	EndProjectSection
EndProject
Project("{8BC9CEB8-8B4A-11D0-8D11-00A0C91BC942}") = "Navi_vc7", "DevTools\navi\Navi\Navi_vc7.vcproj", "{E87F3128-0E81-4542-A30D-43704D15C54E}"
	ProjectSection(ProjectDependencies) = postProject
		{0200E671-E19F-4D61-B775-956227116A3A} = {0200E671-E19F-4D61-B775-956227116A3A}
	EndProjectSection
EndProject
Project("{8BC9CEB8-8B4A-11D0-8D11-00A0C91BC942}") = "pthread", "DevTools\pthreads\pthread_vc7.vcproj", "{C908A4D6-1CB1-4557-9E3D-FEE3612BCA28}"
	ProjectSection(ProjectDependencies) = postProject
	EndProjectSection
EndProject
Project("{8BC9CEB8-8B4A-11D0-8D11-00A0C91BC942}") = "tinyxml", "DevTools\tinyxml\tinyxml_lib_vc7.vcproj", "{B9DC0DBB-3268-4948-986D-759AF15FBBDD}"
	ProjectSection(ProjectDependencies) = postProject
	EndProjectSection
EndProject
Project("{8BC9CEB8-8B4A-11D0-8D11-00A0C91BC942}") = "xmlrpc", "DevTools\xmlrpc++\XmlRpc_vc7.vcproj", "{C89F7C52-11D9-471A-9094-239878213A49}"
	ProjectSection(ProjectDependencies) = postProject
	EndProjectSection
EndProject
Project("{8BC9CEB8-8B4A-11D0-8D11-00A0C91BC942}") = "liblua_vc7", "DevTools\lua\scripts\liblua_vc7.vcproj", "{E737AF5B-9F63-4095-BA6F-25F173DF34E2}"
	ProjectSection(ProjectDependencies) = postProject
	EndProjectSection
EndProject
Project("{8BC9CEB8-8B4A-11D0-8D11-00A0C91BC942}") = "ode", "DevTools\OgreOde\ode\build\vs2003\ode.vcproj", "{D3A4E27D-DF19-CA48-9BE1-9A6E45C3A52B}"
	ProjectSection(ProjectDependencies) = postProject
	EndProjectSection
EndProject
Project("{8BC9CEB8-8B4A-11D0-8D11-00A0C91BC942}") = "OgreOde_Core_Source", "DevTools\OgreOde\scripts\VC7.1\OgreOde_Core_Source.vcproj", "{DF22C2FB-C678-4378-8475-9CCE0A906756}"
	ProjectSection(ProjectDependencies) = postProject
		{D3A4E27D-DF19-CA48-9BE1-9A6E45C3A52B} = {D3A4E27D-DF19-CA48-9BE1-9A6E45C3A52B}
	EndProjectSection
EndProject
Project("{8BC9CEB8-8B4A-11D0-8D11-00A0C91BC942}") = "navigatorModule", "navigatorModule\navigatorModule_vc7.vcproj", "{509E40D6-0263-4228-A85B-BA1595F617A7}"
	ProjectSection(ProjectDependencies) = postProject
		{E87F3128-0E81-4542-A30D-43704D15C54E} = {E87F3128-0E81-4542-A30D-43704D15C54E}
		{16DC2030-A313-4674-800F-1D995CCC344E} = {16DC2030-A313-4674-800F-1D995CCC344E}
		{C89F7C52-11D9-471A-9094-239878213A49} = {C89F7C52-11D9-471A-9094-239878213A49}
		{E737AF5B-9F63-4095-BA6F-25F173DF34E2} = {E737AF5B-9F63-4095-BA6F-25F173DF34E2}
		{0200E671-E19F-4D61-B775-956227116A3A} = {0200E671-E19F-4D61-B775-956227116A3A}
		{B9DC0DBB-3268-4948-986D-759AF15FBBDD} = {B9DC0DBB-3268-4948-986D-759AF15FBBDD}
		{C908A4D6-1CB1-4557-9E3D-FEE3612BCA28} = {C908A4D6-1CB1-4557-9E3D-FEE3612BCA28}
		{9CCBCFF0-C83F-4E6C-A2B8-7C23409ECFF9} = {9CCBCFF0-C83F-4E6C-A2B8-7C23409ECFF9}
	EndProjectSection
EndProject
Project("{8BC9CEB8-8B4A-11D0-8D11-00A0C91BC942}") = "Navigator", "navigator\navigator_vc7.vcproj", "{38A06E51-F5AE-4B39-A04D-EB0F7F434E71}"
	ProjectSection(ProjectDependencies) = postProject
		{ACAA3E94-744E-4B5F-A17D-D7B7431DFCFD} = {ACAA3E94-744E-4B5F-A17D-D7B7431DFCFD}
		{509E40D6-0263-4228-A85B-BA1595F617A7} = {509E40D6-0263-4228-A85B-BA1595F617A7}
	EndProjectSection
EndProject
Project("{8BC9CEB8-8B4A-11D0-8D11-00A0C91BC942}") = "MdlrTools", "MdlrTools\MdlrTools_vc7.vcproj", "{16DC2030-A313-4674-800F-1D995CCC344E}"
	ProjectSection(ProjectDependencies) = postProject
		{B9DC0DBB-3268-4948-986D-759AF15FBBDD} = {B9DC0DBB-3268-4948-986D-759AF15FBBDD}
		{9CCBCFF0-C83F-4E6C-A2B8-7C23409ECFF9} = {9CCBCFF0-C83F-4E6C-A2B8-7C23409ECFF9}
	EndProjectSection
EndProject
Project("{8BC9CEB8-8B4A-11D0-8D11-00A0C91BC942}") = "brep_vc7", "DevTools\brep\brep_vc7.vcproj", "{39A9638B-D487-471A-BA44-D5B81C0E91A4}"
	ProjectSection(ProjectDependencies) = postProject
	EndProjectSection
EndProject
Project("{8BC9CEB8-8B4A-11D0-8D11-00A0C91BC942}") = "csg_vc7", "DevTools\CSG\csg_vc7.vcproj", "{9CCBCFF0-C83F-4E6C-A2B8-7C23409ECFF9}"
	ProjectSection(ProjectDependencies) = postProject
		{39A9638B-D487-471A-BA44-D5B81C0E91A4} = {39A9638B-D487-471A-BA44-D5B81C0E91A4}
	EndProjectSection
EndProject
Project("{8BC9CEB8-8B4A-11D0-8D11-00A0C91BC942}") = "navigatorODE", "navigatorPhysics\navigatorODE\navigatorODE_vc7.vcproj", "{ACAA3E94-744E-4B5F-A17D-D7B7431DFCFD}"
	ProjectSection(ProjectDependencies) = postProject
		{509E40D6-0263-4228-A85B-BA1595F617A7} = {509E40D6-0263-4228-A85B-BA1595F617A7}
		{DF22C2FB-C678-4378-8475-9CCE0A906756} = {DF22C2FB-C678-4378-8475-9CCE0A906756}
	EndProjectSection
EndProject
Project("{8BC9CEB8-8B4A-11D0-8D11-00A0C91BC942}") = "navigatorPhysX", "navigatorPhysics\navigatorPhysX\navigatorPhysX_vc7.vcproj", "{A6B44882-2D15-4606-B41C-AA4401FD58F2}"
	ProjectSection(ProjectDependencies) = postProject
		{509E40D6-0263-4228-A85B-BA1595F617A7} = {509E40D6-0263-4228-A85B-BA1595F617A7}
	EndProjectSection
EndProject
Project("{8BC9CEB8-8B4A-11D0-8D11-00A0C91BC942}") = "navigatorTokamak", "navigatorPhysics\navigatorTokamak\navigatorTokamak_vc7.vcproj", "{86D89821-3C23-420F-A73B-065874F930B6}"
	ProjectSection(ProjectDependencies) = postProject
		{AFDF2257-A817-4D1B-8895-A830D6240B8D} = {AFDF2257-A817-4D1B-8895-A830D6240B8D}
		{509E40D6-0263-4228-A85B-BA1595F617A7} = {509E40D6-0263-4228-A85B-BA1595F617A7}
	EndProjectSection
EndProject
Project("{8BC9CEB8-8B4A-11D0-8D11-00A0C91BC942}") = "tokamakdll", "DevTools\tokamak\tokamaksrc\tokamakdll_vc7.vcproj", "{AFDF2257-A817-4D1B-8895-A830D6240B8D}"
	ProjectSection(ProjectDependencies) = postProject
	EndProjectSection
EndProject
Global
	GlobalSection(SolutionConfiguration) = preSolution
		Debug = Debug
		DebugDLL = DebugDLL
		DebugLib = DebugLib
		Release = Release
		ReleaseDLL = ReleaseDLL
		ReleaseLib = ReleaseLib
	EndGlobalSection
	GlobalSection(ProjectConfiguration) = postSolution
		{0200E671-E19F-4D61-B775-956227116A3A}.Debug.ActiveCfg = Debug|Win32
		{0200E671-E19F-4D61-B775-956227116A3A}.Debug.Build.0 = Debug|Win32
		{0200E671-E19F-4D61-B775-956227116A3A}.DebugDLL.ActiveCfg = Debug|Win32
		{0200E671-E19F-4D61-B775-956227116A3A}.DebugDLL.Build.0 = Debug|Win32
		{0200E671-E19F-4D61-B775-956227116A3A}.DebugLib.ActiveCfg = Debug|Win32
		{0200E671-E19F-4D61-B775-956227116A3A}.DebugLib.Build.0 = Debug|Win32
		{0200E671-E19F-4D61-B775-956227116A3A}.Release.ActiveCfg = Release|Win32
		{0200E671-E19F-4D61-B775-956227116A3A}.Release.Build.0 = Release|Win32
		{0200E671-E19F-4D61-B775-956227116A3A}.ReleaseDLL.ActiveCfg = Release|Win32
		{0200E671-E19F-4D61-B775-956227116A3A}.ReleaseDLL.Build.0 = Release|Win32
		{0200E671-E19F-4D61-B775-956227116A3A}.ReleaseLib.ActiveCfg = Release|Win32
		{0200E671-E19F-4D61-B775-956227116A3A}.ReleaseLib.Build.0 = Release|Win32
		{E87F3128-0E81-4542-A30D-43704D15C54E}.Debug.ActiveCfg = Debug|Win32
		{E87F3128-0E81-4542-A30D-43704D15C54E}.Debug.Build.0 = Debug|Win32
		{E87F3128-0E81-4542-A30D-43704D15C54E}.DebugDLL.ActiveCfg = Debug|Win32
		{E87F3128-0E81-4542-A30D-43704D15C54E}.DebugDLL.Build.0 = Debug|Win32
		{E87F3128-0E81-4542-A30D-43704D15C54E}.DebugLib.ActiveCfg = Debug|Win32
		{E87F3128-0E81-4542-A30D-43704D15C54E}.DebugLib.Build.0 = Debug|Win32
		{E87F3128-0E81-4542-A30D-43704D15C54E}.Release.ActiveCfg = Release|Win32
		{E87F3128-0E81-4542-A30D-43704D15C54E}.Release.Build.0 = Release|Win32
		{E87F3128-0E81-4542-A30D-43704D15C54E}.ReleaseDLL.ActiveCfg = Release|Win32
		{E87F3128-0E81-4542-A30D-43704D15C54E}.ReleaseDLL.Build.0 = Release|Win32
		{E87F3128-0E81-4542-A30D-43704D15C54E}.ReleaseLib.ActiveCfg = Release|Win32
		{E87F3128-0E81-4542-A30D-43704D15C54E}.ReleaseLib.Build.0 = Release|Win32
		{C908A4D6-1CB1-4557-9E3D-FEE3612BCA28}.Debug.ActiveCfg = Debug|Win32
		{C908A4D6-1CB1-4557-9E3D-FEE3612BCA28}.Debug.Build.0 = Debug|Win32
		{C908A4D6-1CB1-4557-9E3D-FEE3612BCA28}.DebugDLL.ActiveCfg = Debug|Win32
		{C908A4D6-1CB1-4557-9E3D-FEE3612BCA28}.DebugDLL.Build.0 = Debug|Win32
		{C908A4D6-1CB1-4557-9E3D-FEE3612BCA28}.DebugLib.ActiveCfg = Debug|Win32
		{C908A4D6-1CB1-4557-9E3D-FEE3612BCA28}.DebugLib.Build.0 = Debug|Win32
		{C908A4D6-1CB1-4557-9E3D-FEE3612BCA28}.Release.ActiveCfg = Release|Win32
		{C908A4D6-1CB1-4557-9E3D-FEE3612BCA28}.Release.Build.0 = Release|Win32
		{C908A4D6-1CB1-4557-9E3D-FEE3612BCA28}.ReleaseDLL.ActiveCfg = Release|Win32
		{C908A4D6-1CB1-4557-9E3D-FEE3612BCA28}.ReleaseDLL.Build.0 = Release|Win32
		{C908A4D6-1CB1-4557-9E3D-FEE3612BCA28}.ReleaseLib.ActiveCfg = Release|Win32
		{C908A4D6-1CB1-4557-9E3D-FEE3612BCA28}.ReleaseLib.Build.0 = Release|Win32
		{B9DC0DBB-3268-4948-986D-759AF15FBBDD}.Debug.ActiveCfg = Debug|Win32
		{B9DC0DBB-3268-4948-986D-759AF15FBBDD}.Debug.Build.0 = Debug|Win32
		{B9DC0DBB-3268-4948-986D-759AF15FBBDD}.DebugDLL.ActiveCfg = Debug|Win32
		{B9DC0DBB-3268-4948-986D-759AF15FBBDD}.DebugDLL.Build.0 = Debug|Win32
		{B9DC0DBB-3268-4948-986D-759AF15FBBDD}.DebugLib.ActiveCfg = Debug|Win32
		{B9DC0DBB-3268-4948-986D-759AF15FBBDD}.DebugLib.Build.0 = Debug|Win32
		{B9DC0DBB-3268-4948-986D-759AF15FBBDD}.Release.ActiveCfg = Release|Win32
		{B9DC0DBB-3268-4948-986D-759AF15FBBDD}.Release.Build.0 = Release|Win32
		{B9DC0DBB-3268-4948-986D-759AF15FBBDD}.ReleaseDLL.ActiveCfg = Release|Win32
		{B9DC0DBB-3268-4948-986D-759AF15FBBDD}.ReleaseDLL.Build.0 = Release|Win32
		{B9DC0DBB-3268-4948-986D-759AF15FBBDD}.ReleaseLib.ActiveCfg = Release|Win32
		{B9DC0DBB-3268-4948-986D-759AF15FBBDD}.ReleaseLib.Build.0 = Release|Win32
		{C89F7C52-11D9-471A-9094-239878213A49}.Debug.ActiveCfg = Debug|Win32
		{C89F7C52-11D9-471A-9094-239878213A49}.Debug.Build.0 = Debug|Win32
		{C89F7C52-11D9-471A-9094-239878213A49}.DebugDLL.ActiveCfg = Debug|Win32
		{C89F7C52-11D9-471A-9094-239878213A49}.DebugDLL.Build.0 = Debug|Win32
		{C89F7C52-11D9-471A-9094-239878213A49}.DebugLib.ActiveCfg = Debug|Win32
		{C89F7C52-11D9-471A-9094-239878213A49}.DebugLib.Build.0 = Debug|Win32
		{C89F7C52-11D9-471A-9094-239878213A49}.Release.ActiveCfg = Release|Win32
		{C89F7C52-11D9-471A-9094-239878213A49}.Release.Build.0 = Release|Win32
		{C89F7C52-11D9-471A-9094-239878213A49}.ReleaseDLL.ActiveCfg = Release|Win32
		{C89F7C52-11D9-471A-9094-239878213A49}.ReleaseDLL.Build.0 = Release|Win32
		{C89F7C52-11D9-471A-9094-239878213A49}.ReleaseLib.ActiveCfg = Release|Win32
		{C89F7C52-11D9-471A-9094-239878213A49}.ReleaseLib.Build.0 = Release|Win32
		{E737AF5B-9F63-4095-BA6F-25F173DF34E2}.Debug.ActiveCfg = Debug|Win32
		{E737AF5B-9F63-4095-BA6F-25F173DF34E2}.Debug.Build.0 = Debug|Win32
		{E737AF5B-9F63-4095-BA6F-25F173DF34E2}.DebugDLL.ActiveCfg = DebugDLL|Win32
		{E737AF5B-9F63-4095-BA6F-25F173DF34E2}.DebugDLL.Build.0 = DebugDLL|Win32
		{E737AF5B-9F63-4095-BA6F-25F173DF34E2}.DebugLib.ActiveCfg = DebugDLL|Win32
		{E737AF5B-9F63-4095-BA6F-25F173DF34E2}.DebugLib.Build.0 = DebugDLL|Win32
		{E737AF5B-9F63-4095-BA6F-25F173DF34E2}.Release.ActiveCfg = Release|Win32
		{E737AF5B-9F63-4095-BA6F-25F173DF34E2}.Release.Build.0 = Release|Win32
		{E737AF5B-9F63-4095-BA6F-25F173DF34E2}.ReleaseDLL.ActiveCfg = ReleaseDLL|Win32
		{E737AF5B-9F63-4095-BA6F-25F173DF34E2}.ReleaseDLL.Build.0 = ReleaseDLL|Win32
		{E737AF5B-9F63-4095-BA6F-25F173DF34E2}.ReleaseLib.ActiveCfg = ReleaseDLL|Win32
		{E737AF5B-9F63-4095-BA6F-25F173DF34E2}.ReleaseLib.Build.0 = ReleaseDLL|Win32
		{D3A4E27D-DF19-CA48-9BE1-9A6E45C3A52B}.Debug.ActiveCfg = DebugLib|Win32
		{D3A4E27D-DF19-CA48-9BE1-9A6E45C3A52B}.Debug.Build.0 = DebugLib|Win32
		{D3A4E27D-DF19-CA48-9BE1-9A6E45C3A52B}.DebugDLL.ActiveCfg = DebugDLL|Win32
		{D3A4E27D-DF19-CA48-9BE1-9A6E45C3A52B}.DebugDLL.Build.0 = DebugDLL|Win32
		{D3A4E27D-DF19-CA48-9BE1-9A6E45C3A52B}.DebugLib.ActiveCfg = DebugLib|Win32
		{D3A4E27D-DF19-CA48-9BE1-9A6E45C3A52B}.DebugLib.Build.0 = DebugLib|Win32
		{D3A4E27D-DF19-CA48-9BE1-9A6E45C3A52B}.Release.ActiveCfg = ReleaseLib|Win32
		{D3A4E27D-DF19-CA48-9BE1-9A6E45C3A52B}.Release.Build.0 = ReleaseLib|Win32
		{D3A4E27D-DF19-CA48-9BE1-9A6E45C3A52B}.ReleaseDLL.ActiveCfg = ReleaseDLL|Win32
		{D3A4E27D-DF19-CA48-9BE1-9A6E45C3A52B}.ReleaseDLL.Build.0 = ReleaseDLL|Win32
		{D3A4E27D-DF19-CA48-9BE1-9A6E45C3A52B}.ReleaseLib.ActiveCfg = ReleaseLib|Win32
		{D3A4E27D-DF19-CA48-9BE1-9A6E45C3A52B}.ReleaseLib.Build.0 = ReleaseLib|Win32
		{DF22C2FB-C678-4378-8475-9CCE0A906756}.Debug.ActiveCfg = Debug|Win32
		{DF22C2FB-C678-4378-8475-9CCE0A906756}.Debug.Build.0 = Debug|Win32
		{DF22C2FB-C678-4378-8475-9CCE0A906756}.DebugDLL.ActiveCfg = Debug|Win32
		{DF22C2FB-C678-4378-8475-9CCE0A906756}.DebugDLL.Build.0 = Debug|Win32
		{DF22C2FB-C678-4378-8475-9CCE0A906756}.DebugLib.ActiveCfg = Debug|Win32
		{DF22C2FB-C678-4378-8475-9CCE0A906756}.DebugLib.Build.0 = Debug|Win32
		{DF22C2FB-C678-4378-8475-9CCE0A906756}.Release.ActiveCfg = Release|Win32
		{DF22C2FB-C678-4378-8475-9CCE0A906756}.Release.Build.0 = Release|Win32
		{DF22C2FB-C678-4378-8475-9CCE0A906756}.ReleaseDLL.ActiveCfg = Release|Win32
		{DF22C2FB-C678-4378-8475-9CCE0A906756}.ReleaseDLL.Build.0 = Release|Win32
		{DF22C2FB-C678-4378-8475-9CCE0A906756}.ReleaseLib.ActiveCfg = Release|Win32
		{DF22C2FB-C678-4378-8475-9CCE0A906756}.ReleaseLib.Build.0 = Release|Win32
		{509E40D6-0263-4228-A85B-BA1595F617A7}.Debug.ActiveCfg = Debug|Win32
		{509E40D6-0263-4228-A85B-BA1595F617A7}.Debug.Build.0 = Debug|Win32
		{509E40D6-0263-4228-A85B-BA1595F617A7}.DebugDLL.ActiveCfg = Debug|Win32
		{509E40D6-0263-4228-A85B-BA1595F617A7}.DebugDLL.Build.0 = Debug|Win32
		{509E40D6-0263-4228-A85B-BA1595F617A7}.DebugLib.ActiveCfg = Debug|Win32
		{509E40D6-0263-4228-A85B-BA1595F617A7}.DebugLib.Build.0 = Debug|Win32
		{509E40D6-0263-4228-A85B-BA1595F617A7}.Release.ActiveCfg = Release|Win32
		{509E40D6-0263-4228-A85B-BA1595F617A7}.Release.Build.0 = Release|Win32
		{509E40D6-0263-4228-A85B-BA1595F617A7}.ReleaseDLL.ActiveCfg = Release|Win32
		{509E40D6-0263-4228-A85B-BA1595F617A7}.ReleaseDLL.Build.0 = Release|Win32
		{509E40D6-0263-4228-A85B-BA1595F617A7}.ReleaseLib.ActiveCfg = Release|Win32
		{509E40D6-0263-4228-A85B-BA1595F617A7}.ReleaseLib.Build.0 = Release|Win32
		{38A06E51-F5AE-4B39-A04D-EB0F7F434E71}.Debug.ActiveCfg = Debug|Win32
		{38A06E51-F5AE-4B39-A04D-EB0F7F434E71}.Debug.Build.0 = Debug|Win32
		{38A06E51-F5AE-4B39-A04D-EB0F7F434E71}.DebugDLL.ActiveCfg = Debug|Win32
		{38A06E51-F5AE-4B39-A04D-EB0F7F434E71}.DebugDLL.Build.0 = Debug|Win32
		{38A06E51-F5AE-4B39-A04D-EB0F7F434E71}.DebugLib.ActiveCfg = Debug|Win32
		{38A06E51-F5AE-4B39-A04D-EB0F7F434E71}.DebugLib.Build.0 = Debug|Win32
		{38A06E51-F5AE-4B39-A04D-EB0F7F434E71}.Release.ActiveCfg = Release|Win32
		{38A06E51-F5AE-4B39-A04D-EB0F7F434E71}.Release.Build.0 = Release|Win32
		{38A06E51-F5AE-4B39-A04D-EB0F7F434E71}.ReleaseDLL.ActiveCfg = Release|Win32
		{38A06E51-F5AE-4B39-A04D-EB0F7F434E71}.ReleaseDLL.Build.0 = Release|Win32
		{38A06E51-F5AE-4B39-A04D-EB0F7F434E71}.ReleaseLib.ActiveCfg = Release|Win32
		{38A06E51-F5AE-4B39-A04D-EB0F7F434E71}.ReleaseLib.Build.0 = Release|Win32
		{16DC2030-A313-4674-800F-1D995CCC344E}.Debug.ActiveCfg = Debug|Win32
		{16DC2030-A313-4674-800F-1D995CCC344E}.Debug.Build.0 = Debug|Win32
		{16DC2030-A313-4674-800F-1D995CCC344E}.DebugDLL.ActiveCfg = Debug|Win32
		{16DC2030-A313-4674-800F-1D995CCC344E}.DebugDLL.Build.0 = Debug|Win32
		{16DC2030-A313-4674-800F-1D995CCC344E}.DebugLib.ActiveCfg = Debug|Win32
		{16DC2030-A313-4674-800F-1D995CCC344E}.DebugLib.Build.0 = Debug|Win32
		{16DC2030-A313-4674-800F-1D995CCC344E}.Release.ActiveCfg = Release|Win32
		{16DC2030-A313-4674-800F-1D995CCC344E}.Release.Build.0 = Release|Win32
		{16DC2030-A313-4674-800F-1D995CCC344E}.ReleaseDLL.ActiveCfg = Release|Win32
		{16DC2030-A313-4674-800F-1D995CCC344E}.ReleaseDLL.Build.0 = Release|Win32
		{16DC2030-A313-4674-800F-1D995CCC344E}.ReleaseLib.ActiveCfg = Release|Win32
		{16DC2030-A313-4674-800F-1D995CCC344E}.ReleaseLib.Build.0 = Release|Win32
		{39A9638B-D487-471A-BA44-D5B81C0E91A4}.Debug.ActiveCfg = Debug|Win32
		{39A9638B-D487-471A-BA44-D5B81C0E91A4}.Debug.Build.0 = Debug|Win32
		{39A9638B-D487-471A-BA44-D5B81C0E91A4}.DebugDLL.ActiveCfg = Debug|Win32
		{39A9638B-D487-471A-BA44-D5B81C0E91A4}.DebugDLL.Build.0 = Debug|Win32
		{39A9638B-D487-471A-BA44-D5B81C0E91A4}.DebugLib.ActiveCfg = Debug|Win32
		{39A9638B-D487-471A-BA44-D5B81C0E91A4}.DebugLib.Build.0 = Debug|Win32
		{39A9638B-D487-471A-BA44-D5B81C0E91A4}.Release.ActiveCfg = Release|Win32
		{39A9638B-D487-471A-BA44-D5B81C0E91A4}.Release.Build.0 = Release|Win32
		{39A9638B-D487-471A-BA44-D5B81C0E91A4}.ReleaseDLL.ActiveCfg = Release|Win32
		{39A9638B-D487-471A-BA44-D5B81C0E91A4}.ReleaseDLL.Build.0 = Release|Win32
		{39A9638B-D487-471A-BA44-D5B81C0E91A4}.ReleaseLib.ActiveCfg = Release|Win32
		{39A9638B-D487-471A-BA44-D5B81C0E91A4}.ReleaseLib.Build.0 = Release|Win32
		{9CCBCFF0-C83F-4E6C-A2B8-7C23409ECFF9}.Debug.ActiveCfg = Debug|Win32
		{9CCBCFF0-C83F-4E6C-A2B8-7C23409ECFF9}.Debug.Build.0 = Debug|Win32
		{9CCBCFF0-C83F-4E6C-A2B8-7C23409ECFF9}.DebugDLL.ActiveCfg = Debug|Win32
		{9CCBCFF0-C83F-4E6C-A2B8-7C23409ECFF9}.DebugDLL.Build.0 = Debug|Win32
		{9CCBCFF0-C83F-4E6C-A2B8-7C23409ECFF9}.DebugLib.ActiveCfg = Debug|Win32
		{9CCBCFF0-C83F-4E6C-A2B8-7C23409ECFF9}.DebugLib.Build.0 = Debug|Win32
		{9CCBCFF0-C83F-4E6C-A2B8-7C23409ECFF9}.Release.ActiveCfg = Release|Win32
		{9CCBCFF0-C83F-4E6C-A2B8-7C23409ECFF9}.Release.Build.0 = Release|Win32
		{9CCBCFF0-C83F-4E6C-A2B8-7C23409ECFF9}.ReleaseDLL.ActiveCfg = Release|Win32
		{9CCBCFF0-C83F-4E6C-A2B8-7C23409ECFF9}.ReleaseDLL.Build.0 = Release|Win32
		{9CCBCFF0-C83F-4E6C-A2B8-7C23409ECFF9}.ReleaseLib.ActiveCfg = Release|Win32
		{9CCBCFF0-C83F-4E6C-A2B8-7C23409ECFF9}.ReleaseLib.Build.0 = Release|Win32
		{ACAA3E94-744E-4B5F-A17D-D7B7431DFCFD}.Debug.ActiveCfg = Debug|Win32
		{ACAA3E94-744E-4B5F-A17D-D7B7431DFCFD}.Debug.Build.0 = Debug|Win32
		{ACAA3E94-744E-4B5F-A17D-D7B7431DFCFD}.DebugDLL.ActiveCfg = Debug|Win32
		{ACAA3E94-744E-4B5F-A17D-D7B7431DFCFD}.DebugDLL.Build.0 = Debug|Win32
		{ACAA3E94-744E-4B5F-A17D-D7B7431DFCFD}.DebugLib.ActiveCfg = Debug|Win32
		{ACAA3E94-744E-4B5F-A17D-D7B7431DFCFD}.DebugLib.Build.0 = Debug|Win32
		{ACAA3E94-744E-4B5F-A17D-D7B7431DFCFD}.Release.ActiveCfg = Release|Win32
		{ACAA3E94-744E-4B5F-A17D-D7B7431DFCFD}.Release.Build.0 = Release|Win32
		{ACAA3E94-744E-4B5F-A17D-D7B7431DFCFD}.ReleaseDLL.ActiveCfg = Release|Win32
		{ACAA3E94-744E-4B5F-A17D-D7B7431DFCFD}.ReleaseDLL.Build.0 = Release|Win32
		{ACAA3E94-744E-4B5F-A17D-D7B7431DFCFD}.ReleaseLib.ActiveCfg = Release|Win32
		{ACAA3E94-744E-4B5F-A17D-D7B7431DFCFD}.ReleaseLib.Build.0 = Release|Win32
		{A6B44882-2D15-4606-B41C-AA4401FD58F2}.Debug.ActiveCfg = Debug|Win32
		{A6B44882-2D15-4606-B41C-AA4401FD58F2}.Debug.Build.0 = Debug|Win32
		{A6B44882-2D15-4606-B41C-AA4401FD58F2}.DebugDLL.ActiveCfg = Debug|Win32
		{A6B44882-2D15-4606-B41C-AA4401FD58F2}.DebugDLL.Build.0 = Debug|Win32
		{A6B44882-2D15-4606-B41C-AA4401FD58F2}.DebugLib.ActiveCfg = Debug|Win32
		{A6B44882-2D15-4606-B41C-AA4401FD58F2}.DebugLib.Build.0 = Debug|Win32
		{A6B44882-2D15-4606-B41C-AA4401FD58F2}.Release.ActiveCfg = Release|Win32
		{A6B44882-2D15-4606-B41C-AA4401FD58F2}.Release.Build.0 = Release|Win32
		{A6B44882-2D15-4606-B41C-AA4401FD58F2}.ReleaseDLL.ActiveCfg = Release|Win32
		{A6B44882-2D15-4606-B41C-AA4401FD58F2}.ReleaseDLL.Build.0 = Release|Win32
		{A6B44882-2D15-4606-B41C-AA4401FD58F2}.ReleaseLib.ActiveCfg = Release|Win32
		{A6B44882-2D15-4606-B41C-AA4401FD58F2}.ReleaseLib.Build.0 = Release|Win32
		{86D89821-3C23-420F-A73B-065874F930B6}.Debug.ActiveCfg = Debug|Win32
		{86D89821-3C23-420F-A73B-065874F930B6}.Debug.Build.0 = Debug|Win32
		{86D89821-3C23-420F-A73B-065874F930B6}.DebugDLL.ActiveCfg = Debug|Win32
		{86D89821-3C23-420F-A73B-065874F930B6}.DebugDLL.Build.0 = Debug|Win32
		{86D89821-3C23-420F-A73B-065874F930B6}.DebugLib.ActiveCfg = Debug|Win32
		{86D89821-3C23-420F-A73B-065874F930B6}.DebugLib.Build.0 = Debug|Win32
		{86D89821-3C23-420F-A73B-065874F930B6}.Release.ActiveCfg = Release|Win32
		{86D89821-3C23-420F-A73B-065874F930B6}.Release.Build.0 = Release|Win32
		{86D89821-3C23-420F-A73B-065874F930B6}.ReleaseDLL.ActiveCfg = Release|Win32
		{86D89821-3C23-420F-A73B-065874F930B6}.ReleaseDLL.Build.0 = Release|Win32
		{86D89821-3C23-420F-A73B-065874F930B6}.ReleaseLib.ActiveCfg = Release|Win32
		{86D89821-3C23-420F-A73B-065874F930B6}.ReleaseLib.Build.0 = Release|Win32
		{AFDF2257-A817-4D1B-8895-A830D6240B8D}.Debug.ActiveCfg = Debug|Win32
		{AFDF2257-A817-4D1B-8895-A830D6240B8D}.Debug.Build.0 = Debug|Win32
		{AFDF2257-A817-4D1B-8895-A830D6240B8D}.DebugDLL.ActiveCfg = Debug|Win32
		{AFDF2257-A817-4D1B-8895-A830D6240B8D}.DebugDLL.Build.0 = Debug|Win32
		{AFDF2257-A817-4D1B-8895-A830D6240B8D}.DebugLib.ActiveCfg = Debug|Win32
		{AFDF2257-A817-4D1B-8895-A830D6240B8D}.DebugLib.Build.0 = Debug|Win32
		{AFDF2257-A817-4D1B-8895-A830D6240B8D}.Release.ActiveCfg = Release|Win32
		{AFDF2257-A817-4D1B-8895-A830D6240B8D}.Release.Build.0 = Release|Win32
		{AFDF2257-A817-4D1B-8895-A830D6240B8D}.ReleaseDLL.ActiveCfg = Release|Win32
		{AFDF2257-A817-4D1B-8895-A830D6240B8D}.ReleaseDLL.Build.0 = Release|Win32
		{AFDF2257-A817-4D1B-8895-A830D6240B8D}.ReleaseLib.ActiveCfg = Release|Win32
		{AFDF2257-A817-4D1B-8895-A830D6240B8D}.ReleaseLib.Build.0 = Release|Win32
	EndGlobalSection
	GlobalSection(ExtensibilityGlobals) = postSolution
	EndGlobalSection
	GlobalSection(ExtensibilityAddIns) = postSolution
	EndGlobalSection
EndGlobal
