Microsoft Visual Studio Solution File, Format Version 9.00
# Visual Studio 2005
Project("{8BC9CEB8-8B4A-11D0-8D11-00A0C91BC942}") = "llmozlib_vc8", "DevTools\llmozlib\llmozlib_vc8.vcproj", "{B464AB9E-C9ED-4797-9179-77282A916378}"
EndProject
Project("{8BC9CEB8-8B4A-11D0-8D11-00A0C91BC942}") = "Navi_vc8", "DevTools\navi\Navi\Navi_vc8.vcproj", "{5902A470-3E2A-4159-A2F7-57BDC5614070}"
	ProjectSection(ProjectDependencies) = postProject
		{B464AB9E-C9ED-4797-9179-77282A916378} = {B464AB9E-C9ED-4797-9179-77282A916378}
	EndProjectSection
EndProject
Project("{8BC9CEB8-8B4A-11D0-8D11-00A0C91BC942}") = "pthread", "DevTools\pthreads\pthread_vc8.vcproj", "{938D2C05-A26E-4C35-8EC0-44F1B7B06B8C}"
EndProject
Project("{8BC9CEB8-8B4A-11D0-8D11-00A0C91BC942}") = "tinyxml", "DevTools\tinyxml\tinyxml_lib_vc8.vcproj", "{C406DAEC-0886-4771-8DEA-9D7329B46CC1}"
EndProject
Project("{8BC9CEB8-8B4A-11D0-8D11-00A0C91BC942}") = "XmlRpc", "DevTools\xmlrpc++\XmlRpc_vc8.vcproj", "{C9C8B7B0-2509-4B8A-9224-9FF04297C33B}"
EndProject
Project("{8BC9CEB8-8B4A-11D0-8D11-00A0C91BC942}") = "Navigator", "navigator\navigator_vc8.vcproj", "{38A06E51-F5AE-4B39-A04D-EB0F7F434E71}"
	ProjectSection(ProjectDependencies) = postProject
		{B71ED042-7AAC-48D8-9BE9-5946D194A25F} = {B71ED042-7AAC-48D8-9BE9-5946D194A25F}
		{123D21DE-C053-4711-9618-5E5ED1288ED6} = {123D21DE-C053-4711-9618-5E5ED1288ED6}
	EndProjectSection
EndProject
Project("{8BC9CEB8-8B4A-11D0-8D11-00A0C91BC942}") = "liblua_vc8", "DevTools\lua\scripts\liblua_vc8.vcproj", "{E737AF5B-9F63-4095-BA6F-25F173DF34E2}"
EndProject
Project("{8BC9CEB8-8B4A-11D0-8D11-00A0C91BC942}") = "ode", "DevTools\OgreOde\ode\build\vs2005\ode.vcproj", "{247E6601-C6F1-5D49-A516-A2516E524C53}"
EndProject
Project("{8BC9CEB8-8B4A-11D0-8D11-00A0C91BC942}") = "OgreOde_Core", "DevTools\OgreOde\scripts\VC8\OgreOde_Core_Source.vcproj", "{DF22C2FB-C678-4378-8475-9CCE0A906756}"
	ProjectSection(ProjectDependencies) = postProject
		{247E6601-C6F1-5D49-A516-A2516E524C53} = {247E6601-C6F1-5D49-A516-A2516E524C53}
	EndProjectSection
EndProject
Project("{8BC9CEB8-8B4A-11D0-8D11-00A0C91BC942}") = "navigatorModule", "navigatorModule\navigatorModule_vc8.vcproj", "{B71ED042-7AAC-48D8-9BE9-5946D194A25F}"
	ProjectSection(ProjectDependencies) = postProject
		{938D2C05-A26E-4C35-8EC0-44F1B7B06B8C} = {938D2C05-A26E-4C35-8EC0-44F1B7B06B8C}
		{16DC2030-A313-4674-800F-1D995CCC344E} = {16DC2030-A313-4674-800F-1D995CCC344E}
		{C406DAEC-0886-4771-8DEA-9D7329B46CC1} = {C406DAEC-0886-4771-8DEA-9D7329B46CC1}
		{C9C8B7B0-2509-4B8A-9224-9FF04297C33B} = {C9C8B7B0-2509-4B8A-9224-9FF04297C33B}
		{B464AB9E-C9ED-4797-9179-77282A916378} = {B464AB9E-C9ED-4797-9179-77282A916378}
		{5902A470-3E2A-4159-A2F7-57BDC5614070} = {5902A470-3E2A-4159-A2F7-57BDC5614070}
		{E737AF5B-9F63-4095-BA6F-25F173DF34E2} = {E737AF5B-9F63-4095-BA6F-25F173DF34E2}
	EndProjectSection
EndProject
Project("{8BC9CEB8-8B4A-11D0-8D11-00A0C91BC942}") = "Node", "node\node.vcproj", "{07F85B8A-289C-4EFB-BBBB-641EE8EF6696}"
	ProjectSection(ProjectDependencies) = postProject
		{C9C8B7B0-2509-4B8A-9224-9FF04297C33B} = {C9C8B7B0-2509-4B8A-9224-9FF04297C33B}
		{938D2C05-A26E-4C35-8EC0-44F1B7B06B8C} = {938D2C05-A26E-4C35-8EC0-44F1B7B06B8C}
	EndProjectSection
EndProject
Project("{8BC9CEB8-8B4A-11D0-8D11-00A0C91BC942}") = "MdlrTools", "MdlrTools\MdlrTools_vc8.vcproj", "{16DC2030-A313-4674-800F-1D995CCC344E}"
	ProjectSection(ProjectDependencies) = postProject
		{9CCBCFF0-C83F-4E6C-A2B8-7C23409ECFF9} = {9CCBCFF0-C83F-4E6C-A2B8-7C23409ECFF9}
		{C406DAEC-0886-4771-8DEA-9D7329B46CC1} = {C406DAEC-0886-4771-8DEA-9D7329B46CC1}
	EndProjectSection
EndProject
Project("{8BC9CEB8-8B4A-11D0-8D11-00A0C91BC942}") = "brep_vc8", "DevTools\brep\brep_vc8.vcproj", "{39A9638B-D487-471A-BA44-D5B81C0E91A4}"
EndProject
Project("{8BC9CEB8-8B4A-11D0-8D11-00A0C91BC942}") = "csg_vc8", "DevTools\CSG\csg_vc8.vcproj", "{9CCBCFF0-C83F-4E6C-A2B8-7C23409ECFF9}"
	ProjectSection(ProjectDependencies) = postProject
		{39A9638B-D487-471A-BA44-D5B81C0E91A4} = {39A9638B-D487-471A-BA44-D5B81C0E91A4}
	EndProjectSection
EndProject
Project("{8BC9CEB8-8B4A-11D0-8D11-00A0C91BC942}") = "navigatorODE", "navigatorPhysics\navigatorODE\navigatorODE_vc8.vcproj", "{123D21DE-C053-4711-9618-5E5ED1288ED6}"
	ProjectSection(ProjectDependencies) = postProject
		{DF22C2FB-C678-4378-8475-9CCE0A906756} = {DF22C2FB-C678-4378-8475-9CCE0A906756}
		{B71ED042-7AAC-48D8-9BE9-5946D194A25F} = {B71ED042-7AAC-48D8-9BE9-5946D194A25F}
	EndProjectSection
EndProject
Project("{8BC9CEB8-8B4A-11D0-8D11-00A0C91BC942}") = "navigatorPhysX", "navigatorPhysics\navigatorPhysX\navigatorPhysX_vc8.vcproj", "{88F50959-2CC5-442A-B795-2A60751CD2E3}"
	ProjectSection(ProjectDependencies) = postProject
		{B71ED042-7AAC-48D8-9BE9-5946D194A25F} = {B71ED042-7AAC-48D8-9BE9-5946D194A25F}
	EndProjectSection
EndProject
Project("{8BC9CEB8-8B4A-11D0-8D11-00A0C91BC942}") = "navigatorTokamak", "navigatorPhysics\navigatorTokamak\navigatorTokamak_vc8.vcproj", "{86D89821-3C23-420F-A73B-065874F930B6}"
	ProjectSection(ProjectDependencies) = postProject
		{B71ED042-7AAC-48D8-9BE9-5946D194A25F} = {B71ED042-7AAC-48D8-9BE9-5946D194A25F}
		{FDDA48B9-E566-4971-8A92-74B2CAD2173C} = {FDDA48B9-E566-4971-8A92-74B2CAD2173C}
	EndProjectSection
EndProject
Project("{8BC9CEB8-8B4A-11D0-8D11-00A0C91BC942}") = "tokamakdll", "DevTools\tokamak\tokamaksrc\tokamakdll_vc8.vcproj", "{FDDA48B9-E566-4971-8A92-74B2CAD2173C}"
EndProject
Global
	GlobalSection(SolutionConfigurationPlatforms) = preSolution
		Debug|Win32 = Debug|Win32
		DebugDLL|Win32 = DebugDLL|Win32
		DebugLib|Win32 = DebugLib|Win32
		Release|Win32 = Release|Win32
		ReleaseDLL|Win32 = ReleaseDLL|Win32
		ReleaseLib|Win32 = ReleaseLib|Win32
	EndGlobalSection
	GlobalSection(ProjectConfigurationPlatforms) = postSolution
		{B464AB9E-C9ED-4797-9179-77282A916378}.Debug|Win32.ActiveCfg = Debug|Win32
		{B464AB9E-C9ED-4797-9179-77282A916378}.Debug|Win32.Build.0 = Debug|Win32
		{B464AB9E-C9ED-4797-9179-77282A916378}.DebugDLL|Win32.ActiveCfg = Debug|Win32
		{B464AB9E-C9ED-4797-9179-77282A916378}.DebugDLL|Win32.Build.0 = Debug|Win32
		{B464AB9E-C9ED-4797-9179-77282A916378}.DebugLib|Win32.ActiveCfg = Debug|Win32
		{B464AB9E-C9ED-4797-9179-77282A916378}.DebugLib|Win32.Build.0 = Debug|Win32
		{B464AB9E-C9ED-4797-9179-77282A916378}.Release|Win32.ActiveCfg = Release|Win32
		{B464AB9E-C9ED-4797-9179-77282A916378}.Release|Win32.Build.0 = Release|Win32
		{B464AB9E-C9ED-4797-9179-77282A916378}.ReleaseDLL|Win32.ActiveCfg = Release|Win32
		{B464AB9E-C9ED-4797-9179-77282A916378}.ReleaseDLL|Win32.Build.0 = Release|Win32
		{B464AB9E-C9ED-4797-9179-77282A916378}.ReleaseLib|Win32.ActiveCfg = Release|Win32
		{B464AB9E-C9ED-4797-9179-77282A916378}.ReleaseLib|Win32.Build.0 = Release|Win32
		{5902A470-3E2A-4159-A2F7-57BDC5614070}.Debug|Win32.ActiveCfg = Debug|Win32
		{5902A470-3E2A-4159-A2F7-57BDC5614070}.Debug|Win32.Build.0 = Debug|Win32
		{5902A470-3E2A-4159-A2F7-57BDC5614070}.DebugDLL|Win32.ActiveCfg = Debug|Win32
		{5902A470-3E2A-4159-A2F7-57BDC5614070}.DebugDLL|Win32.Build.0 = Debug|Win32
		{5902A470-3E2A-4159-A2F7-57BDC5614070}.DebugLib|Win32.ActiveCfg = Debug|Win32
		{5902A470-3E2A-4159-A2F7-57BDC5614070}.DebugLib|Win32.Build.0 = Debug|Win32
		{5902A470-3E2A-4159-A2F7-57BDC5614070}.Release|Win32.ActiveCfg = Release|Win32
		{5902A470-3E2A-4159-A2F7-57BDC5614070}.Release|Win32.Build.0 = Release|Win32
		{5902A470-3E2A-4159-A2F7-57BDC5614070}.ReleaseDLL|Win32.ActiveCfg = Release|Win32
		{5902A470-3E2A-4159-A2F7-57BDC5614070}.ReleaseDLL|Win32.Build.0 = Release|Win32
		{5902A470-3E2A-4159-A2F7-57BDC5614070}.ReleaseLib|Win32.ActiveCfg = Release|Win32
		{5902A470-3E2A-4159-A2F7-57BDC5614070}.ReleaseLib|Win32.Build.0 = Release|Win32
		{938D2C05-A26E-4C35-8EC0-44F1B7B06B8C}.Debug|Win32.ActiveCfg = Debug|Win32
		{938D2C05-A26E-4C35-8EC0-44F1B7B06B8C}.Debug|Win32.Build.0 = Debug|Win32
		{938D2C05-A26E-4C35-8EC0-44F1B7B06B8C}.DebugDLL|Win32.ActiveCfg = Debug|Win32
		{938D2C05-A26E-4C35-8EC0-44F1B7B06B8C}.DebugDLL|Win32.Build.0 = Debug|Win32
		{938D2C05-A26E-4C35-8EC0-44F1B7B06B8C}.DebugLib|Win32.ActiveCfg = Debug|Win32
		{938D2C05-A26E-4C35-8EC0-44F1B7B06B8C}.DebugLib|Win32.Build.0 = Debug|Win32
		{938D2C05-A26E-4C35-8EC0-44F1B7B06B8C}.Release|Win32.ActiveCfg = Release|Win32
		{938D2C05-A26E-4C35-8EC0-44F1B7B06B8C}.Release|Win32.Build.0 = Release|Win32
		{938D2C05-A26E-4C35-8EC0-44F1B7B06B8C}.ReleaseDLL|Win32.ActiveCfg = Release|Win32
		{938D2C05-A26E-4C35-8EC0-44F1B7B06B8C}.ReleaseDLL|Win32.Build.0 = Release|Win32
		{938D2C05-A26E-4C35-8EC0-44F1B7B06B8C}.ReleaseLib|Win32.ActiveCfg = Release|Win32
		{938D2C05-A26E-4C35-8EC0-44F1B7B06B8C}.ReleaseLib|Win32.Build.0 = Release|Win32
		{C406DAEC-0886-4771-8DEA-9D7329B46CC1}.Debug|Win32.ActiveCfg = Debug|Win32
		{C406DAEC-0886-4771-8DEA-9D7329B46CC1}.Debug|Win32.Build.0 = Debug|Win32
		{C406DAEC-0886-4771-8DEA-9D7329B46CC1}.DebugDLL|Win32.ActiveCfg = Debug|Win32
		{C406DAEC-0886-4771-8DEA-9D7329B46CC1}.DebugDLL|Win32.Build.0 = Debug|Win32
		{C406DAEC-0886-4771-8DEA-9D7329B46CC1}.DebugLib|Win32.ActiveCfg = Debug|Win32
		{C406DAEC-0886-4771-8DEA-9D7329B46CC1}.DebugLib|Win32.Build.0 = Debug|Win32
		{C406DAEC-0886-4771-8DEA-9D7329B46CC1}.Release|Win32.ActiveCfg = Release|Win32
		{C406DAEC-0886-4771-8DEA-9D7329B46CC1}.Release|Win32.Build.0 = Release|Win32
		{C406DAEC-0886-4771-8DEA-9D7329B46CC1}.ReleaseDLL|Win32.ActiveCfg = Release|Win32
		{C406DAEC-0886-4771-8DEA-9D7329B46CC1}.ReleaseDLL|Win32.Build.0 = Release|Win32
		{C406DAEC-0886-4771-8DEA-9D7329B46CC1}.ReleaseLib|Win32.ActiveCfg = Release|Win32
		{C406DAEC-0886-4771-8DEA-9D7329B46CC1}.ReleaseLib|Win32.Build.0 = Release|Win32
		{C9C8B7B0-2509-4B8A-9224-9FF04297C33B}.Debug|Win32.ActiveCfg = Debug|Win32
		{C9C8B7B0-2509-4B8A-9224-9FF04297C33B}.Debug|Win32.Build.0 = Debug|Win32
		{C9C8B7B0-2509-4B8A-9224-9FF04297C33B}.DebugDLL|Win32.ActiveCfg = Debug|Win32
		{C9C8B7B0-2509-4B8A-9224-9FF04297C33B}.DebugDLL|Win32.Build.0 = Debug|Win32
		{C9C8B7B0-2509-4B8A-9224-9FF04297C33B}.DebugLib|Win32.ActiveCfg = Debug|Win32
		{C9C8B7B0-2509-4B8A-9224-9FF04297C33B}.DebugLib|Win32.Build.0 = Debug|Win32
		{C9C8B7B0-2509-4B8A-9224-9FF04297C33B}.Release|Win32.ActiveCfg = Release|Win32
		{C9C8B7B0-2509-4B8A-9224-9FF04297C33B}.Release|Win32.Build.0 = Release|Win32
		{C9C8B7B0-2509-4B8A-9224-9FF04297C33B}.ReleaseDLL|Win32.ActiveCfg = Release|Win32
		{C9C8B7B0-2509-4B8A-9224-9FF04297C33B}.ReleaseDLL|Win32.Build.0 = Release|Win32
		{C9C8B7B0-2509-4B8A-9224-9FF04297C33B}.ReleaseLib|Win32.ActiveCfg = Release|Win32
		{C9C8B7B0-2509-4B8A-9224-9FF04297C33B}.ReleaseLib|Win32.Build.0 = Release|Win32
		{38A06E51-F5AE-4B39-A04D-EB0F7F434E71}.Debug|Win32.ActiveCfg = Debug|Win32
		{38A06E51-F5AE-4B39-A04D-EB0F7F434E71}.Debug|Win32.Build.0 = Debug|Win32
		{38A06E51-F5AE-4B39-A04D-EB0F7F434E71}.DebugDLL|Win32.ActiveCfg = Debug|Win32
		{38A06E51-F5AE-4B39-A04D-EB0F7F434E71}.DebugDLL|Win32.Build.0 = Debug|Win32
		{38A06E51-F5AE-4B39-A04D-EB0F7F434E71}.DebugLib|Win32.ActiveCfg = Debug|Win32
		{38A06E51-F5AE-4B39-A04D-EB0F7F434E71}.DebugLib|Win32.Build.0 = Debug|Win32
		{38A06E51-F5AE-4B39-A04D-EB0F7F434E71}.Release|Win32.ActiveCfg = Release|Win32
		{38A06E51-F5AE-4B39-A04D-EB0F7F434E71}.Release|Win32.Build.0 = Release|Win32
		{38A06E51-F5AE-4B39-A04D-EB0F7F434E71}.ReleaseDLL|Win32.ActiveCfg = Release|Win32
		{38A06E51-F5AE-4B39-A04D-EB0F7F434E71}.ReleaseDLL|Win32.Build.0 = Release|Win32
		{38A06E51-F5AE-4B39-A04D-EB0F7F434E71}.ReleaseLib|Win32.ActiveCfg = Release|Win32
		{38A06E51-F5AE-4B39-A04D-EB0F7F434E71}.ReleaseLib|Win32.Build.0 = Release|Win32
		{E737AF5B-9F63-4095-BA6F-25F173DF34E2}.Debug|Win32.ActiveCfg = Debug|Win32
		{E737AF5B-9F63-4095-BA6F-25F173DF34E2}.Debug|Win32.Build.0 = Debug|Win32
		{E737AF5B-9F63-4095-BA6F-25F173DF34E2}.DebugDLL|Win32.ActiveCfg = DebugDLL|Win32
		{E737AF5B-9F63-4095-BA6F-25F173DF34E2}.DebugDLL|Win32.Build.0 = DebugDLL|Win32
		{E737AF5B-9F63-4095-BA6F-25F173DF34E2}.DebugLib|Win32.ActiveCfg = DebugDLL|Win32
		{E737AF5B-9F63-4095-BA6F-25F173DF34E2}.DebugLib|Win32.Build.0 = DebugDLL|Win32
		{E737AF5B-9F63-4095-BA6F-25F173DF34E2}.Release|Win32.ActiveCfg = Release|Win32
		{E737AF5B-9F63-4095-BA6F-25F173DF34E2}.Release|Win32.Build.0 = Release|Win32
		{E737AF5B-9F63-4095-BA6F-25F173DF34E2}.ReleaseDLL|Win32.ActiveCfg = ReleaseDLL|Win32
		{E737AF5B-9F63-4095-BA6F-25F173DF34E2}.ReleaseDLL|Win32.Build.0 = ReleaseDLL|Win32
		{E737AF5B-9F63-4095-BA6F-25F173DF34E2}.ReleaseLib|Win32.ActiveCfg = ReleaseDLL|Win32
		{E737AF5B-9F63-4095-BA6F-25F173DF34E2}.ReleaseLib|Win32.Build.0 = ReleaseDLL|Win32
		{247E6601-C6F1-5D49-A516-A2516E524C53}.Debug|Win32.ActiveCfg = DebugLib|Win32
		{247E6601-C6F1-5D49-A516-A2516E524C53}.Debug|Win32.Build.0 = DebugLib|Win32
		{247E6601-C6F1-5D49-A516-A2516E524C53}.DebugDLL|Win32.ActiveCfg = DebugDLL|Win32
		{247E6601-C6F1-5D49-A516-A2516E524C53}.DebugDLL|Win32.Build.0 = DebugDLL|Win32
		{247E6601-C6F1-5D49-A516-A2516E524C53}.DebugLib|Win32.ActiveCfg = DebugLib|Win32
		{247E6601-C6F1-5D49-A516-A2516E524C53}.DebugLib|Win32.Build.0 = DebugLib|Win32
		{247E6601-C6F1-5D49-A516-A2516E524C53}.Release|Win32.ActiveCfg = ReleaseLib|Win32
		{247E6601-C6F1-5D49-A516-A2516E524C53}.Release|Win32.Build.0 = ReleaseLib|Win32
		{247E6601-C6F1-5D49-A516-A2516E524C53}.ReleaseDLL|Win32.ActiveCfg = ReleaseDLL|Win32
		{247E6601-C6F1-5D49-A516-A2516E524C53}.ReleaseDLL|Win32.Build.0 = ReleaseDLL|Win32
		{247E6601-C6F1-5D49-A516-A2516E524C53}.ReleaseLib|Win32.ActiveCfg = ReleaseLib|Win32
		{247E6601-C6F1-5D49-A516-A2516E524C53}.ReleaseLib|Win32.Build.0 = ReleaseLib|Win32
		{DF22C2FB-C678-4378-8475-9CCE0A906756}.Debug|Win32.ActiveCfg = Debug|Win32
		{DF22C2FB-C678-4378-8475-9CCE0A906756}.Debug|Win32.Build.0 = Debug|Win32
		{DF22C2FB-C678-4378-8475-9CCE0A906756}.DebugDLL|Win32.ActiveCfg = Debug|Win32
		{DF22C2FB-C678-4378-8475-9CCE0A906756}.DebugDLL|Win32.Build.0 = Debug|Win32
		{DF22C2FB-C678-4378-8475-9CCE0A906756}.DebugLib|Win32.ActiveCfg = Debug|Win32
		{DF22C2FB-C678-4378-8475-9CCE0A906756}.DebugLib|Win32.Build.0 = Debug|Win32
		{DF22C2FB-C678-4378-8475-9CCE0A906756}.Release|Win32.ActiveCfg = Release|Win32
		{DF22C2FB-C678-4378-8475-9CCE0A906756}.Release|Win32.Build.0 = Release|Win32
		{DF22C2FB-C678-4378-8475-9CCE0A906756}.ReleaseDLL|Win32.ActiveCfg = Release|Win32
		{DF22C2FB-C678-4378-8475-9CCE0A906756}.ReleaseDLL|Win32.Build.0 = Release|Win32
		{DF22C2FB-C678-4378-8475-9CCE0A906756}.ReleaseLib|Win32.ActiveCfg = Release|Win32
		{DF22C2FB-C678-4378-8475-9CCE0A906756}.ReleaseLib|Win32.Build.0 = Release|Win32
		{B71ED042-7AAC-48D8-9BE9-5946D194A25F}.Debug|Win32.ActiveCfg = Debug|Win32
		{B71ED042-7AAC-48D8-9BE9-5946D194A25F}.Debug|Win32.Build.0 = Debug|Win32
		{B71ED042-7AAC-48D8-9BE9-5946D194A25F}.DebugDLL|Win32.ActiveCfg = Debug|Win32
		{B71ED042-7AAC-48D8-9BE9-5946D194A25F}.DebugLib|Win32.ActiveCfg = Debug|Win32
		{B71ED042-7AAC-48D8-9BE9-5946D194A25F}.DebugLib|Win32.Build.0 = Debug|Win32
		{B71ED042-7AAC-48D8-9BE9-5946D194A25F}.Release|Win32.ActiveCfg = Release|Win32
		{B71ED042-7AAC-48D8-9BE9-5946D194A25F}.Release|Win32.Build.0 = Release|Win32
		{B71ED042-7AAC-48D8-9BE9-5946D194A25F}.ReleaseDLL|Win32.ActiveCfg = Release|Win32
		{B71ED042-7AAC-48D8-9BE9-5946D194A25F}.ReleaseDLL|Win32.Build.0 = Release|Win32
		{B71ED042-7AAC-48D8-9BE9-5946D194A25F}.ReleaseLib|Win32.ActiveCfg = Release|Win32
		{B71ED042-7AAC-48D8-9BE9-5946D194A25F}.ReleaseLib|Win32.Build.0 = Release|Win32
		{07F85B8A-289C-4EFB-BBBB-641EE8EF6696}.Debug|Win32.ActiveCfg = Debug|Win32
		{07F85B8A-289C-4EFB-BBBB-641EE8EF6696}.Debug|Win32.Build.0 = Debug|Win32
		{07F85B8A-289C-4EFB-BBBB-641EE8EF6696}.DebugDLL|Win32.ActiveCfg = Debug|Win32
		{07F85B8A-289C-4EFB-BBBB-641EE8EF6696}.DebugDLL|Win32.Build.0 = Debug|Win32
		{07F85B8A-289C-4EFB-BBBB-641EE8EF6696}.DebugLib|Win32.ActiveCfg = Debug|Win32
		{07F85B8A-289C-4EFB-BBBB-641EE8EF6696}.DebugLib|Win32.Build.0 = Debug|Win32
		{07F85B8A-289C-4EFB-BBBB-641EE8EF6696}.Release|Win32.ActiveCfg = Release|Win32
		{07F85B8A-289C-4EFB-BBBB-641EE8EF6696}.Release|Win32.Build.0 = Release|Win32
		{07F85B8A-289C-4EFB-BBBB-641EE8EF6696}.ReleaseDLL|Win32.ActiveCfg = Release|Win32
		{07F85B8A-289C-4EFB-BBBB-641EE8EF6696}.ReleaseDLL|Win32.Build.0 = Release|Win32
		{07F85B8A-289C-4EFB-BBBB-641EE8EF6696}.ReleaseLib|Win32.ActiveCfg = Release|Win32
		{07F85B8A-289C-4EFB-BBBB-641EE8EF6696}.ReleaseLib|Win32.Build.0 = Release|Win32
		{16DC2030-A313-4674-800F-1D995CCC344E}.Debug|Win32.ActiveCfg = Debug|Win32
		{16DC2030-A313-4674-800F-1D995CCC344E}.Debug|Win32.Build.0 = Debug|Win32
		{16DC2030-A313-4674-800F-1D995CCC344E}.DebugDLL|Win32.ActiveCfg = Debug|Win32
		{16DC2030-A313-4674-800F-1D995CCC344E}.DebugDLL|Win32.Build.0 = Debug|Win32
		{16DC2030-A313-4674-800F-1D995CCC344E}.DebugLib|Win32.ActiveCfg = Debug|Win32
		{16DC2030-A313-4674-800F-1D995CCC344E}.DebugLib|Win32.Build.0 = Debug|Win32
		{16DC2030-A313-4674-800F-1D995CCC344E}.Release|Win32.ActiveCfg = Release|Win32
		{16DC2030-A313-4674-800F-1D995CCC344E}.Release|Win32.Build.0 = Release|Win32
		{16DC2030-A313-4674-800F-1D995CCC344E}.ReleaseDLL|Win32.ActiveCfg = Release|Win32
		{16DC2030-A313-4674-800F-1D995CCC344E}.ReleaseDLL|Win32.Build.0 = Release|Win32
		{16DC2030-A313-4674-800F-1D995CCC344E}.ReleaseLib|Win32.ActiveCfg = Release|Win32
		{16DC2030-A313-4674-800F-1D995CCC344E}.ReleaseLib|Win32.Build.0 = Release|Win32
		{39A9638B-D487-471A-BA44-D5B81C0E91A4}.Debug|Win32.ActiveCfg = Debug|Win32
		{39A9638B-D487-471A-BA44-D5B81C0E91A4}.Debug|Win32.Build.0 = Debug|Win32
		{39A9638B-D487-471A-BA44-D5B81C0E91A4}.DebugDLL|Win32.ActiveCfg = Debug|Win32
		{39A9638B-D487-471A-BA44-D5B81C0E91A4}.DebugDLL|Win32.Build.0 = Debug|Win32
		{39A9638B-D487-471A-BA44-D5B81C0E91A4}.DebugLib|Win32.ActiveCfg = Debug|Win32
		{39A9638B-D487-471A-BA44-D5B81C0E91A4}.DebugLib|Win32.Build.0 = Debug|Win32
		{39A9638B-D487-471A-BA44-D5B81C0E91A4}.Release|Win32.ActiveCfg = Release|Win32
		{39A9638B-D487-471A-BA44-D5B81C0E91A4}.Release|Win32.Build.0 = Release|Win32
		{39A9638B-D487-471A-BA44-D5B81C0E91A4}.ReleaseDLL|Win32.ActiveCfg = Release|Win32
		{39A9638B-D487-471A-BA44-D5B81C0E91A4}.ReleaseDLL|Win32.Build.0 = Release|Win32
		{39A9638B-D487-471A-BA44-D5B81C0E91A4}.ReleaseLib|Win32.ActiveCfg = Release|Win32
		{39A9638B-D487-471A-BA44-D5B81C0E91A4}.ReleaseLib|Win32.Build.0 = Release|Win32
		{9CCBCFF0-C83F-4E6C-A2B8-7C23409ECFF9}.Debug|Win32.ActiveCfg = Debug|Win32
		{9CCBCFF0-C83F-4E6C-A2B8-7C23409ECFF9}.Debug|Win32.Build.0 = Debug|Win32
		{9CCBCFF0-C83F-4E6C-A2B8-7C23409ECFF9}.DebugDLL|Win32.ActiveCfg = Debug|Win32
		{9CCBCFF0-C83F-4E6C-A2B8-7C23409ECFF9}.DebugDLL|Win32.Build.0 = Debug|Win32
		{9CCBCFF0-C83F-4E6C-A2B8-7C23409ECFF9}.DebugLib|Win32.ActiveCfg = Debug|Win32
		{9CCBCFF0-C83F-4E6C-A2B8-7C23409ECFF9}.DebugLib|Win32.Build.0 = Debug|Win32
		{9CCBCFF0-C83F-4E6C-A2B8-7C23409ECFF9}.Release|Win32.ActiveCfg = Release|Win32
		{9CCBCFF0-C83F-4E6C-A2B8-7C23409ECFF9}.Release|Win32.Build.0 = Release|Win32
		{9CCBCFF0-C83F-4E6C-A2B8-7C23409ECFF9}.ReleaseDLL|Win32.ActiveCfg = Release|Win32
		{9CCBCFF0-C83F-4E6C-A2B8-7C23409ECFF9}.ReleaseDLL|Win32.Build.0 = Release|Win32
		{9CCBCFF0-C83F-4E6C-A2B8-7C23409ECFF9}.ReleaseLib|Win32.ActiveCfg = Release|Win32
		{9CCBCFF0-C83F-4E6C-A2B8-7C23409ECFF9}.ReleaseLib|Win32.Build.0 = Release|Win32
		{123D21DE-C053-4711-9618-5E5ED1288ED6}.Debug|Win32.ActiveCfg = Debug|Win32
		{123D21DE-C053-4711-9618-5E5ED1288ED6}.Debug|Win32.Build.0 = Debug|Win32
		{123D21DE-C053-4711-9618-5E5ED1288ED6}.DebugDLL|Win32.ActiveCfg = Debug|Win32
		{123D21DE-C053-4711-9618-5E5ED1288ED6}.DebugDLL|Win32.Build.0 = Debug|Win32
		{123D21DE-C053-4711-9618-5E5ED1288ED6}.DebugLib|Win32.ActiveCfg = Debug|Win32
		{123D21DE-C053-4711-9618-5E5ED1288ED6}.DebugLib|Win32.Build.0 = Debug|Win32
		{123D21DE-C053-4711-9618-5E5ED1288ED6}.Release|Win32.ActiveCfg = Release|Win32
		{123D21DE-C053-4711-9618-5E5ED1288ED6}.Release|Win32.Build.0 = Release|Win32
		{123D21DE-C053-4711-9618-5E5ED1288ED6}.ReleaseDLL|Win32.ActiveCfg = Release|Win32
		{123D21DE-C053-4711-9618-5E5ED1288ED6}.ReleaseDLL|Win32.Build.0 = Release|Win32
		{123D21DE-C053-4711-9618-5E5ED1288ED6}.ReleaseLib|Win32.ActiveCfg = Release|Win32
		{123D21DE-C053-4711-9618-5E5ED1288ED6}.ReleaseLib|Win32.Build.0 = Release|Win32
		{88F50959-2CC5-442A-B795-2A60751CD2E3}.Debug|Win32.ActiveCfg = Debug|Win32
		{88F50959-2CC5-442A-B795-2A60751CD2E3}.Debug|Win32.Build.0 = Debug|Win32
		{88F50959-2CC5-442A-B795-2A60751CD2E3}.DebugDLL|Win32.ActiveCfg = Debug|Win32
		{88F50959-2CC5-442A-B795-2A60751CD2E3}.DebugDLL|Win32.Build.0 = Debug|Win32
		{88F50959-2CC5-442A-B795-2A60751CD2E3}.DebugLib|Win32.ActiveCfg = Debug|Win32
		{88F50959-2CC5-442A-B795-2A60751CD2E3}.DebugLib|Win32.Build.0 = Debug|Win32
		{88F50959-2CC5-442A-B795-2A60751CD2E3}.Release|Win32.ActiveCfg = Release|Win32
		{88F50959-2CC5-442A-B795-2A60751CD2E3}.Release|Win32.Build.0 = Release|Win32
		{88F50959-2CC5-442A-B795-2A60751CD2E3}.ReleaseDLL|Win32.ActiveCfg = Release|Win32
		{88F50959-2CC5-442A-B795-2A60751CD2E3}.ReleaseDLL|Win32.Build.0 = Release|Win32
		{88F50959-2CC5-442A-B795-2A60751CD2E3}.ReleaseLib|Win32.ActiveCfg = Release|Win32
		{88F50959-2CC5-442A-B795-2A60751CD2E3}.ReleaseLib|Win32.Build.0 = Release|Win32
		{86D89821-3C23-420F-A73B-065874F930B6}.Debug|Win32.ActiveCfg = Debug|Win32
		{86D89821-3C23-420F-A73B-065874F930B6}.Debug|Win32.Build.0 = Debug|Win32
		{86D89821-3C23-420F-A73B-065874F930B6}.DebugDLL|Win32.ActiveCfg = Debug|Win32
		{86D89821-3C23-420F-A73B-065874F930B6}.DebugDLL|Win32.Build.0 = Debug|Win32
		{86D89821-3C23-420F-A73B-065874F930B6}.DebugLib|Win32.ActiveCfg = Debug|Win32
		{86D89821-3C23-420F-A73B-065874F930B6}.DebugLib|Win32.Build.0 = Debug|Win32
		{86D89821-3C23-420F-A73B-065874F930B6}.Release|Win32.ActiveCfg = Release|Win32
		{86D89821-3C23-420F-A73B-065874F930B6}.Release|Win32.Build.0 = Release|Win32
		{86D89821-3C23-420F-A73B-065874F930B6}.ReleaseDLL|Win32.ActiveCfg = Release|Win32
		{86D89821-3C23-420F-A73B-065874F930B6}.ReleaseDLL|Win32.Build.0 = Release|Win32
		{86D89821-3C23-420F-A73B-065874F930B6}.ReleaseLib|Win32.ActiveCfg = Release|Win32
		{86D89821-3C23-420F-A73B-065874F930B6}.ReleaseLib|Win32.Build.0 = Release|Win32
		{FDDA48B9-E566-4971-8A92-74B2CAD2173C}.Debug|Win32.ActiveCfg = Debug|Win32
		{FDDA48B9-E566-4971-8A92-74B2CAD2173C}.Debug|Win32.Build.0 = Debug|Win32
		{FDDA48B9-E566-4971-8A92-74B2CAD2173C}.DebugDLL|Win32.ActiveCfg = Debug|Win32
		{FDDA48B9-E566-4971-8A92-74B2CAD2173C}.DebugDLL|Win32.Build.0 = Debug|Win32
		{FDDA48B9-E566-4971-8A92-74B2CAD2173C}.DebugLib|Win32.ActiveCfg = Debug|Win32
		{FDDA48B9-E566-4971-8A92-74B2CAD2173C}.DebugLib|Win32.Build.0 = Debug|Win32
		{FDDA48B9-E566-4971-8A92-74B2CAD2173C}.Release|Win32.ActiveCfg = Release|Win32
		{FDDA48B9-E566-4971-8A92-74B2CAD2173C}.Release|Win32.Build.0 = Release|Win32
		{FDDA48B9-E566-4971-8A92-74B2CAD2173C}.ReleaseDLL|Win32.ActiveCfg = Release|Win32
		{FDDA48B9-E566-4971-8A92-74B2CAD2173C}.ReleaseDLL|Win32.Build.0 = Release|Win32
		{FDDA48B9-E566-4971-8A92-74B2CAD2173C}.ReleaseLib|Win32.ActiveCfg = Release|Win32
		{FDDA48B9-E566-4971-8A92-74B2CAD2173C}.ReleaseLib|Win32.Build.0 = Release|Win32
	EndGlobalSection
	GlobalSection(SolutionProperties) = preSolution
		HideSolutionNode = FALSE
	EndGlobalSection
EndGlobal
