Microsoft Visual Studio Solution File, Format Version 10.00
# Visual Studio 2008
Project("{8BC9CEB8-8B4A-11D0-8D11-00A0C91BC942}") = "XmlDatas", "XmlDatas\XmlDatas_vc9.vcproj", "{DD2704DC-41CA-4FBB-99FC-204FA6942500}"
EndProject
Project("{8BC9CEB8-8B4A-11D0-8D11-00A0C91BC942}") = "XMLRPCP2NClient", "P2NClient\xmlrpc++\XMLRPCP2NClient_vc9.vcproj", "{DF452F0F-5CA2-44A6-BFB9-2E0520BF718A}"
	ProjectSection(ProjectDependencies) = postProject
		{DD2704DC-41CA-4FBB-99FC-204FA6942500} = {DD2704DC-41CA-4FBB-99FC-204FA6942500}
	EndProjectSection
EndProject
Project("{8BC9CEB8-8B4A-11D0-8D11-00A0C91BC942}") = "XMLRPCP2NServer", "P2NServer\xmlrpc++\XMLRPCP2NServer_vc9.vcproj", "{3F9BA22F-03A7-4931-8C20-96909D9EC03E}"
	ProjectSection(ProjectDependencies) = postProject
		{DD2704DC-41CA-4FBB-99FC-204FA6942500} = {DD2704DC-41CA-4FBB-99FC-204FA6942500}
	EndProjectSection
EndProject
Project("{8BC9CEB8-8B4A-11D0-8D11-00A0C91BC942}") = "ULXMLRPCPPP2NServer", "P2NServer\ulxmlrpcpp\ULXMLRPCPPP2NServer_vc9.vcproj", "{D2327232-EF4E-4CE5-A9CA-568D2BC9690B}"
	ProjectSection(ProjectDependencies) = postProject
		{DD2704DC-41CA-4FBB-99FC-204FA6942500} = {DD2704DC-41CA-4FBB-99FC-204FA6942500}
	EndProjectSection
EndProject
Project("{8BC9CEB8-8B4A-11D0-8D11-00A0C91BC942}") = "P2NNullClientServer", "P2NNullClientServer\P2NNullClientServer_vc9.vcproj", "{2FE1F5C9-BCD8-43AA-9C15-FE7FCB3819BF}"
EndProject
Global
	GlobalSection(SolutionConfigurationPlatforms) = preSolution
		Debug|Win32 = Debug|Win32
		Release|Win32 = Release|Win32
	EndGlobalSection
	GlobalSection(ProjectConfigurationPlatforms) = postSolution
		{DD2704DC-41CA-4FBB-99FC-204FA6942500}.Debug|Win32.ActiveCfg = Debug|Win32
		{DD2704DC-41CA-4FBB-99FC-204FA6942500}.Debug|Win32.Build.0 = Debug|Win32
		{DD2704DC-41CA-4FBB-99FC-204FA6942500}.Release|Win32.ActiveCfg = Release|Win32
		{DD2704DC-41CA-4FBB-99FC-204FA6942500}.Release|Win32.Build.0 = Release|Win32
		{DF452F0F-5CA2-44A6-BFB9-2E0520BF718A}.Debug|Win32.ActiveCfg = Debug|Win32
		{DF452F0F-5CA2-44A6-BFB9-2E0520BF718A}.Debug|Win32.Build.0 = Debug|Win32
		{DF452F0F-5CA2-44A6-BFB9-2E0520BF718A}.Release|Win32.ActiveCfg = Release|Win32
		{DF452F0F-5CA2-44A6-BFB9-2E0520BF718A}.Release|Win32.Build.0 = Release|Win32
		{3F9BA22F-03A7-4931-8C20-96909D9EC03E}.Debug|Win32.ActiveCfg = Debug|Win32
		{3F9BA22F-03A7-4931-8C20-96909D9EC03E}.Debug|Win32.Build.0 = Debug|Win32
		{3F9BA22F-03A7-4931-8C20-96909D9EC03E}.Release|Win32.ActiveCfg = Release|Win32
		{3F9BA22F-03A7-4931-8C20-96909D9EC03E}.Release|Win32.Build.0 = Release|Win32
		{D2327232-EF4E-4CE5-A9CA-568D2BC9690B}.Debug|Win32.ActiveCfg = Debug|Win32
		{D2327232-EF4E-4CE5-A9CA-568D2BC9690B}.Debug|Win32.Build.0 = Debug|Win32
		{D2327232-EF4E-4CE5-A9CA-568D2BC9690B}.Release|Win32.ActiveCfg = Release|Win32
		{D2327232-EF4E-4CE5-A9CA-568D2BC9690B}.Release|Win32.Build.0 = Release|Win32
		{2FE1F5C9-BCD8-43AA-9C15-FE7FCB3819BF}.Debug|Win32.ActiveCfg = Debug|Win32
		{2FE1F5C9-BCD8-43AA-9C15-FE7FCB3819BF}.Debug|Win32.Build.0 = Debug|Win32
		{2FE1F5C9-BCD8-43AA-9C15-FE7FCB3819BF}.Release|Win32.ActiveCfg = Release|Win32
		{2FE1F5C9-BCD8-43AA-9C15-FE7FCB3819BF}.Release|Win32.Build.0 = Release|Win32
	EndGlobalSection
	GlobalSection(SolutionProperties) = preSolution
		HideSolutionNode = FALSE
	EndGlobalSection
EndGlobal
