Microsoft Visual Studio Solution File, Format Version 8.00
Project("{8BC9CEB8-8B4A-11D0-8D11-00A0C91BC942}") = "pthread", "pthread_vc7.vcproj", "{C908A4D6-1CB1-4557-9E3D-FEE3612BCA28}"
	ProjectSection(ProjectDependencies) = postProject
	EndProjectSection
EndProject
Global
	GlobalSection(SolutionConfiguration) = preSolution
		Debug = Debug
		Release = Release
	EndGlobalSection
	GlobalSection(ProjectConfiguration) = postSolution
		{C908A4D6-1CB1-4557-9E3D-FEE3612BCA28}.Debug.ActiveCfg = Debug|Win32
		{C908A4D6-1CB1-4557-9E3D-FEE3612BCA28}.Debug.Build.0 = Debug|Win32
		{C908A4D6-1CB1-4557-9E3D-FEE3612BCA28}.Release.ActiveCfg = Release|Win32
		{C908A4D6-1CB1-4557-9E3D-FEE3612BCA28}.Release.Build.0 = Release|Win32
	EndGlobalSection
	GlobalSection(ExtensibilityGlobals) = postSolution
	EndGlobalSection
	GlobalSection(ExtensibilityAddIns) = postSolution
	EndGlobalSection
EndGlobal
