Microsoft Visual Studio Solution File, Format Version 8.00
Project("{8BC9CEB8-8B4A-11D0-8D11-00A0C91BC942}") = "navigatorPlugin_vc7", "navigatorPlugin\navigatorPlugin_vc7.vcproj", "{CDF7962E-7F04-48E9-AE2A-7FE7338CECA1}"
	ProjectSection(ProjectDependencies) = postProject
		{509E40D6-0263-4228-A85B-BA1595F617A7} = {509E40D6-0263-4228-A85B-BA1595F617A7}
	EndProjectSection
EndProject
Project("{8BC9CEB8-8B4A-11D0-8D11-00A0C91BC942}") = "navigatorModule_vc7", "navigatorModule\navigatorModule_vc7.vcproj", "{509E40D6-0263-4228-A85B-BA1595F617A7}"
	ProjectSection(ProjectDependencies) = postProject
	EndProjectSection
EndProject
Project("{8BC9CEB8-8B4A-11D0-8D11-00A0C91BC942}") = "navigatorActiveX_vc7", "navigatorActiveX\navigatorActiveX_vc7.vcproj", "{26463D8A-91B7-49F2-B20F-1ADE89AD7370}"
	ProjectSection(ProjectDependencies) = postProject
		{509E40D6-0263-4228-A85B-BA1595F617A7} = {509E40D6-0263-4228-A85B-BA1595F617A7}
	EndProjectSection
EndProject
Global
	GlobalSection(SolutionConfiguration) = preSolution
		Debug = Debug
		Release = Release
	EndGlobalSection
	GlobalSection(ProjectConfiguration) = postSolution
		{CDF7962E-7F04-48E9-AE2A-7FE7338CECA1}.Debug.ActiveCfg = Debug|Win32
		{CDF7962E-7F04-48E9-AE2A-7FE7338CECA1}.Debug.Build.0 = Debug|Win32
		{CDF7962E-7F04-48E9-AE2A-7FE7338CECA1}.Release.ActiveCfg = Release|Win32
		{CDF7962E-7F04-48E9-AE2A-7FE7338CECA1}.Release.Build.0 = Release|Win32
		{509E40D6-0263-4228-A85B-BA1595F617A7}.Debug.ActiveCfg = Debug|Win32
		{509E40D6-0263-4228-A85B-BA1595F617A7}.Debug.Build.0 = Debug|Win32
		{509E40D6-0263-4228-A85B-BA1595F617A7}.Release.ActiveCfg = Release|Win32
		{509E40D6-0263-4228-A85B-BA1595F617A7}.Release.Build.0 = Release|Win32
		{26463D8A-91B7-49F2-B20F-1ADE89AD7370}.Debug.ActiveCfg = Debug|Win32
		{26463D8A-91B7-49F2-B20F-1ADE89AD7370}.Debug.Build.0 = Debug|Win32
		{26463D8A-91B7-49F2-B20F-1ADE89AD7370}.Release.ActiveCfg = Release|Win32
		{26463D8A-91B7-49F2-B20F-1ADE89AD7370}.Release.Build.0 = Release|Win32
	EndGlobalSection
	GlobalSection(ExtensibilityGlobals) = postSolution
	EndGlobalSection
	GlobalSection(ExtensibilityAddIns) = postSolution
	EndGlobalSection
EndGlobal
