Microsoft Visual Studio Solution File, Format Version 9.00
# Visual Studio 2005
Project("{8BC9CEB8-8B4A-11D0-8D11-00A0C91BC942}") = "Navi", "DevTools\Navi2\navi\Navi_vc8.vcproj", "{C308342C-9C74-4AA7-86F0-93B294657452}"
EndProject
Project("{8BC9CEB8-8B4A-11D0-8D11-00A0C91BC942}") = "pthread", "DevTools\pthreads\pthread_vc8.vcproj", "{938D2C05-A26E-4C35-8EC0-44F1B7B06B8C}"
EndProject
Project("{8BC9CEB8-8B4A-11D0-8D11-00A0C91BC942}") = "tinyxml", "DevTools\tinyxml\tinyxml_lib_vc8.vcproj", "{C406DAEC-0886-4771-8DEA-9D7329B46CC1}"
EndProject
Project("{8BC9CEB8-8B4A-11D0-8D11-00A0C91BC942}") = "XmlRpc", "DevTools\xmlrpc++\XmlRpc_vc8.vcproj", "{C9C8B7B0-2509-4B8A-9224-9FF04297C33B}"
EndProject
Project("{8BC9CEB8-8B4A-11D0-8D11-00A0C91BC942}") = "liblua_vc8", "DevTools\lua\scripts\liblua_vc8.vcproj", "{E737AF5B-9F63-4095-BA6F-25F173DF34E2}"
EndProject
Project("{8BC9CEB8-8B4A-11D0-8D11-00A0C91BC942}") = "brep_vc8", "DevTools\brep\brep_vc8.vcproj", "{39A9638B-D487-471A-BA44-D5B81C0E91A4}"
EndProject
Project("{8BC9CEB8-8B4A-11D0-8D11-00A0C91BC942}") = "csg_vc8", "DevTools\CSG\csg_vc8.vcproj", "{9CCBCFF0-C83F-4E6C-A2B8-7C23409ECFF9}"
	ProjectSection(ProjectDependencies) = postProject
		{39A9638B-D487-471A-BA44-D5B81C0E91A4} = {39A9638B-D487-471A-BA44-D5B81C0E91A4}
	EndProjectSection
EndProject
Project("{8BC9CEB8-8B4A-11D0-8D11-00A0C91BC942}") = "zlib", "DevTools\zlib123\projects\visualc6\zlib_vc8.vcproj", "{E366FE8F-0CD1-47C5-BEE2-943E4667816B}"
EndProject
Project("{8BC9CEB8-8B4A-11D0-8D11-00A0C91BC942}") = "3dsftk3", "Navigator\NavigatorPlugins\plugin_3ds\3dsftk3\SOURCE\3dsftk3_vc8.vcproj", "{B15BDA35-0972-428E-B5DA-F5EE528E36F0}"
EndProject
Project("{8BC9CEB8-8B4A-11D0-8D11-00A0C91BC942}") = "curllib", "DevTools\curl\lib\curllib_vc8.vcproj", "{87EE9DA4-DE1E-4448-8324-183C98DCA588}"
EndProject
Project("{8BC9CEB8-8B4A-11D0-8D11-00A0C91BC942}") = "md5wrapper", "DevTools\md5wrapper\md5wrapper_vc8.vcproj", "{98EBB16F-044B-4054-801E-3268A830C994}"
EndProject
Project("{8BC9CEB8-8B4A-11D0-8D11-00A0C91BC942}") = "libspeex", "DevTools\speex\win32\libspeex\libspeex_vc8.vcproj", "{40B5BFB6-29B2-455B-8A5F-5331657D4F93}"
EndProject
Project("{8BC9CEB8-8B4A-11D0-8D11-00A0C91BC942}") = "libiconv", "DevTools\libiconv\libiconv_vc8.vcproj", "{F726EB96-A5D1-402A-980C-E4D09ED1BB3C}"
EndProject
Project("{8BC9CEB8-8B4A-11D0-8D11-00A0C91BC942}") = "libjpeg", "Navigator\NavigatorPlugins\VNCPlugin\vncviewer\libjpeg\libjpeg_vc8.vcproj", "{B6F84561-61FE-477D-AE2E-D4152A247FB1}"
EndProject
Project("{8BC9CEB8-8B4A-11D0-8D11-00A0C91BC942}") = "omnithread", "Navigator\NavigatorPlugins\VNCPlugin\vncviewer\omnithread\omnithread_vc8.vcproj", "{0434BF2B-6310-4BB5-804E-F7A11C074CA2}"
EndProject
Project("{8BC9CEB8-8B4A-11D0-8D11-00A0C91BC942}") = "ogreMax_vc8", "DevTools\ogreMax\script\ogreMax_vc8.vcproj", "{48AFAAA6-65AB-47B1-8DFA-79E9F99948C5}"
	ProjectSection(ProjectDependencies) = postProject
		{C406DAEC-0886-4771-8DEA-9D7329B46CC1} = {C406DAEC-0886-4771-8DEA-9D7329B46CC1}
	EndProjectSection
EndProject
Project("{8BC9CEB8-8B4A-11D0-8D11-00A0C91BC942}") = "Hikari", "DevTools\hikari\Hikari_vc8.vcproj", "{EE63115E-70F7-49D4-BADD-9C6D0F4DC295}"
EndProject
Project("{8BC9CEB8-8B4A-11D0-8D11-00A0C91BC942}") = "Antlr2.7.6", "DevTools\Antlr2.7.6\Antlr2.7.6_vc8.vcproj", "{EF1D90D8-AE1A-47B7-8FDD-B107D29C9B74}"
EndProject
Project("{8BC9CEB8-8B4A-11D0-8D11-00A0C91BC942}") = "gecode-2.2.0", "DevTools\gecode-2.2.0\gecode-2.2.0_vc8.vcproj", "{AA4C8F77-7789-4AF7-9B69-910A984BEF1D}"
EndProject
Project("{8BC9CEB8-8B4A-11D0-8D11-00A0C91BC942}") = "lua_vc8", "DevTools\lua\scripts\lua_vc8.vcproj", "{20BC9F6A-B055-4D10-B279-0C155FC253C3}"
	ProjectSection(ProjectDependencies) = postProject
		{E737AF5B-9F63-4095-BA6F-25F173DF34E2} = {E737AF5B-9F63-4095-BA6F-25F173DF34E2}
	EndProjectSection
EndProject
Project("{8BC9CEB8-8B4A-11D0-8D11-00A0C91BC942}") = "postagger", "DevTools\postagger\postagger\postagger_vc8.vcproj", "{7BE28E00-A560-4C20-BE73-CC14B5CEC763}"
EndProject
Project("{8BC9CEB8-8B4A-11D0-8D11-00A0C91BC942}") = "triangle", "DevTools\Triangle\triangle_vc8.vcproj", "{FB529755-9920-41C4-B366-4F108068E2CF}"
EndProject
Global
	GlobalSection(SolutionConfigurationPlatforms) = preSolution
		Debug|Win32 = Debug|Win32
		Release|Win32 = Release|Win32
	EndGlobalSection
	GlobalSection(ProjectConfigurationPlatforms) = postSolution
		{C308342C-9C74-4AA7-86F0-93B294657452}.Debug|Win32.ActiveCfg = Debug DLL|Win32
		{C308342C-9C74-4AA7-86F0-93B294657452}.Debug|Win32.Build.0 = Debug DLL|Win32
		{C308342C-9C74-4AA7-86F0-93B294657452}.Release|Win32.ActiveCfg = Release DLL|Win32
		{C308342C-9C74-4AA7-86F0-93B294657452}.Release|Win32.Build.0 = Release DLL|Win32
		{938D2C05-A26E-4C35-8EC0-44F1B7B06B8C}.Debug|Win32.ActiveCfg = Debug|Win32
		{938D2C05-A26E-4C35-8EC0-44F1B7B06B8C}.Debug|Win32.Build.0 = Debug|Win32
		{938D2C05-A26E-4C35-8EC0-44F1B7B06B8C}.Release|Win32.ActiveCfg = Release|Win32
		{938D2C05-A26E-4C35-8EC0-44F1B7B06B8C}.Release|Win32.Build.0 = Release|Win32
		{C406DAEC-0886-4771-8DEA-9D7329B46CC1}.Debug|Win32.ActiveCfg = Debug|Win32
		{C406DAEC-0886-4771-8DEA-9D7329B46CC1}.Debug|Win32.Build.0 = Debug|Win32
		{C406DAEC-0886-4771-8DEA-9D7329B46CC1}.Release|Win32.ActiveCfg = Release|Win32
		{C406DAEC-0886-4771-8DEA-9D7329B46CC1}.Release|Win32.Build.0 = Release|Win32
		{C9C8B7B0-2509-4B8A-9224-9FF04297C33B}.Debug|Win32.ActiveCfg = Debug|Win32
		{C9C8B7B0-2509-4B8A-9224-9FF04297C33B}.Debug|Win32.Build.0 = Debug|Win32
		{C9C8B7B0-2509-4B8A-9224-9FF04297C33B}.Release|Win32.ActiveCfg = Release|Win32
		{C9C8B7B0-2509-4B8A-9224-9FF04297C33B}.Release|Win32.Build.0 = Release|Win32
		{E737AF5B-9F63-4095-BA6F-25F173DF34E2}.Debug|Win32.ActiveCfg = Debug|Win32
		{E737AF5B-9F63-4095-BA6F-25F173DF34E2}.Debug|Win32.Build.0 = Debug|Win32
		{E737AF5B-9F63-4095-BA6F-25F173DF34E2}.Release|Win32.ActiveCfg = Release|Win32
		{E737AF5B-9F63-4095-BA6F-25F173DF34E2}.Release|Win32.Build.0 = Release|Win32
		{39A9638B-D487-471A-BA44-D5B81C0E91A4}.Debug|Win32.ActiveCfg = Debug|Win32
		{39A9638B-D487-471A-BA44-D5B81C0E91A4}.Debug|Win32.Build.0 = Debug|Win32
		{39A9638B-D487-471A-BA44-D5B81C0E91A4}.Release|Win32.ActiveCfg = Release|Win32
		{39A9638B-D487-471A-BA44-D5B81C0E91A4}.Release|Win32.Build.0 = Release|Win32
		{9CCBCFF0-C83F-4E6C-A2B8-7C23409ECFF9}.Debug|Win32.ActiveCfg = Debug|Win32
		{9CCBCFF0-C83F-4E6C-A2B8-7C23409ECFF9}.Debug|Win32.Build.0 = Debug|Win32
		{9CCBCFF0-C83F-4E6C-A2B8-7C23409ECFF9}.Release|Win32.ActiveCfg = Release|Win32
		{9CCBCFF0-C83F-4E6C-A2B8-7C23409ECFF9}.Release|Win32.Build.0 = Release|Win32
		{E366FE8F-0CD1-47C5-BEE2-943E4667816B}.Debug|Win32.ActiveCfg = LIB Debug|Win32
		{E366FE8F-0CD1-47C5-BEE2-943E4667816B}.Debug|Win32.Build.0 = LIB Debug|Win32
		{E366FE8F-0CD1-47C5-BEE2-943E4667816B}.Release|Win32.ActiveCfg = LIB Release|Win32
		{E366FE8F-0CD1-47C5-BEE2-943E4667816B}.Release|Win32.Build.0 = LIB Release|Win32
		{B15BDA35-0972-428E-B5DA-F5EE528E36F0}.Debug|Win32.ActiveCfg = Debug|Win32
		{B15BDA35-0972-428E-B5DA-F5EE528E36F0}.Debug|Win32.Build.0 = Debug|Win32
		{B15BDA35-0972-428E-B5DA-F5EE528E36F0}.Release|Win32.ActiveCfg = Release|Win32
		{B15BDA35-0972-428E-B5DA-F5EE528E36F0}.Release|Win32.Build.0 = Release|Win32
		{87EE9DA4-DE1E-4448-8324-183C98DCA588}.Debug|Win32.ActiveCfg = Debug|Win32
		{87EE9DA4-DE1E-4448-8324-183C98DCA588}.Debug|Win32.Build.0 = Debug|Win32
		{87EE9DA4-DE1E-4448-8324-183C98DCA588}.Release|Win32.ActiveCfg = Release|Win32
		{87EE9DA4-DE1E-4448-8324-183C98DCA588}.Release|Win32.Build.0 = Release|Win32
		{98EBB16F-044B-4054-801E-3268A830C994}.Debug|Win32.ActiveCfg = Debug|Win32
		{98EBB16F-044B-4054-801E-3268A830C994}.Debug|Win32.Build.0 = Debug|Win32
		{98EBB16F-044B-4054-801E-3268A830C994}.Release|Win32.ActiveCfg = Release|Win32
		{98EBB16F-044B-4054-801E-3268A830C994}.Release|Win32.Build.0 = Release|Win32
		{40B5BFB6-29B2-455B-8A5F-5331657D4F93}.Debug|Win32.ActiveCfg = Debug|Win32
		{40B5BFB6-29B2-455B-8A5F-5331657D4F93}.Debug|Win32.Build.0 = Debug|Win32
		{40B5BFB6-29B2-455B-8A5F-5331657D4F93}.Release|Win32.ActiveCfg = Release|Win32
		{40B5BFB6-29B2-455B-8A5F-5331657D4F93}.Release|Win32.Build.0 = Release|Win32
		{F726EB96-A5D1-402A-980C-E4D09ED1BB3C}.Debug|Win32.ActiveCfg = Debug|Win32
		{F726EB96-A5D1-402A-980C-E4D09ED1BB3C}.Debug|Win32.Build.0 = Debug|Win32
		{F726EB96-A5D1-402A-980C-E4D09ED1BB3C}.Release|Win32.ActiveCfg = Release|Win32
		{F726EB96-A5D1-402A-980C-E4D09ED1BB3C}.Release|Win32.Build.0 = Release|Win32
		{B6F84561-61FE-477D-AE2E-D4152A247FB1}.Debug|Win32.ActiveCfg = Debug|Win32
		{B6F84561-61FE-477D-AE2E-D4152A247FB1}.Debug|Win32.Build.0 = Debug|Win32
		{B6F84561-61FE-477D-AE2E-D4152A247FB1}.Release|Win32.ActiveCfg = Release|Win32
		{B6F84561-61FE-477D-AE2E-D4152A247FB1}.Release|Win32.Build.0 = Release|Win32
		{0434BF2B-6310-4BB5-804E-F7A11C074CA2}.Debug|Win32.ActiveCfg = Debug|Win32
		{0434BF2B-6310-4BB5-804E-F7A11C074CA2}.Debug|Win32.Build.0 = Debug|Win32
		{0434BF2B-6310-4BB5-804E-F7A11C074CA2}.Release|Win32.ActiveCfg = Release|Win32
		{0434BF2B-6310-4BB5-804E-F7A11C074CA2}.Release|Win32.Build.0 = Release|Win32
		{48AFAAA6-65AB-47B1-8DFA-79E9F99948C5}.Debug|Win32.ActiveCfg = Debug|Win32
		{48AFAAA6-65AB-47B1-8DFA-79E9F99948C5}.Debug|Win32.Build.0 = Debug|Win32
		{48AFAAA6-65AB-47B1-8DFA-79E9F99948C5}.Release|Win32.ActiveCfg = Release|Win32
		{48AFAAA6-65AB-47B1-8DFA-79E9F99948C5}.Release|Win32.Build.0 = Release|Win32
		{EE63115E-70F7-49D4-BADD-9C6D0F4DC295}.Debug|Win32.ActiveCfg = Debug|Win32
		{EE63115E-70F7-49D4-BADD-9C6D0F4DC295}.Debug|Win32.Build.0 = Debug|Win32
		{EE63115E-70F7-49D4-BADD-9C6D0F4DC295}.Release|Win32.ActiveCfg = Release|Win32
		{EE63115E-70F7-49D4-BADD-9C6D0F4DC295}.Release|Win32.Build.0 = Release|Win32
		{EF1D90D8-AE1A-47B7-8FDD-B107D29C9B74}.Debug|Win32.ActiveCfg = Debug|Win32
		{EF1D90D8-AE1A-47B7-8FDD-B107D29C9B74}.Debug|Win32.Build.0 = Debug|Win32
		{EF1D90D8-AE1A-47B7-8FDD-B107D29C9B74}.Release|Win32.ActiveCfg = Release|Win32
		{EF1D90D8-AE1A-47B7-8FDD-B107D29C9B74}.Release|Win32.Build.0 = Release|Win32
		{AA4C8F77-7789-4AF7-9B69-910A984BEF1D}.Debug|Win32.ActiveCfg = Debug|Win32
		{AA4C8F77-7789-4AF7-9B69-910A984BEF1D}.Debug|Win32.Build.0 = Debug|Win32
		{AA4C8F77-7789-4AF7-9B69-910A984BEF1D}.Release|Win32.ActiveCfg = Release|Win32
		{AA4C8F77-7789-4AF7-9B69-910A984BEF1D}.Release|Win32.Build.0 = Release|Win32
		{20BC9F6A-B055-4D10-B279-0C155FC253C3}.Debug|Win32.ActiveCfg = Debug|Win32
		{20BC9F6A-B055-4D10-B279-0C155FC253C3}.Debug|Win32.Build.0 = Debug|Win32
		{20BC9F6A-B055-4D10-B279-0C155FC253C3}.Release|Win32.ActiveCfg = Release|Win32
		{20BC9F6A-B055-4D10-B279-0C155FC253C3}.Release|Win32.Build.0 = Release|Win32
		{7BE28E00-A560-4C20-BE73-CC14B5CEC763}.Debug|Win32.ActiveCfg = Debug|Win32
		{7BE28E00-A560-4C20-BE73-CC14B5CEC763}.Debug|Win32.Build.0 = Debug|Win32
		{7BE28E00-A560-4C20-BE73-CC14B5CEC763}.Release|Win32.ActiveCfg = Release|Win32
		{7BE28E00-A560-4C20-BE73-CC14B5CEC763}.Release|Win32.Build.0 = Release|Win32
		{FB529755-9920-41C4-B366-4F108068E2CF}.Debug|Win32.ActiveCfg = Debug|Win32
		{FB529755-9920-41C4-B366-4F108068E2CF}.Debug|Win32.Build.0 = Debug|Win32
		{FB529755-9920-41C4-B366-4F108068E2CF}.Release|Win32.ActiveCfg = Release|Win32
		{FB529755-9920-41C4-B366-4F108068E2CF}.Release|Win32.Build.0 = Release|Win32
	EndGlobalSection
	GlobalSection(SolutionProperties) = preSolution
		HideSolutionNode = FALSE
	EndGlobalSection
EndGlobal
