Microsoft Visual Studio Solution File, Format Version 8.00
Project("{8BC9CEB8-8B4A-11D0-8D11-00A0C91BC942}") = "elements", "examples\elements_vc7.vcproj", "{525F8576-609B-45F8-A4B8-9E87A8C89008}"
	ProjectSection(ProjectDependencies) = postProject
		{3455A141-06CA-46C6-8065-0E6756EDBB33} = {3455A141-06CA-46C6-8065-0E6756EDBB33}
	EndProjectSection
EndProject
Project("{8BC9CEB8-8B4A-11D0-8D11-00A0C91BC942}") = "expat", "lib\expat_vc7.vcproj", "{7257AB22-C947-40EB-A9CE-183EA471C62D}"
	ProjectSection(ProjectDependencies) = postProject
	EndProjectSection
EndProject
Project("{8BC9CEB8-8B4A-11D0-8D11-00A0C91BC942}") = "expat_static", "lib\expat_static_vc7.vcproj", "{3455A141-06CA-46C6-8065-0E6756EDBB33}"
	ProjectSection(ProjectDependencies) = postProject
	EndProjectSection
EndProject
Project("{8BC9CEB8-8B4A-11D0-8D11-00A0C91BC942}") = "expatw", "lib\expatw_vc7.vcproj", "{98E77F3B-F591-4B2A-B8CE-1475D55D36DD}"
	ProjectSection(ProjectDependencies) = postProject
	EndProjectSection
EndProject
Project("{8BC9CEB8-8B4A-11D0-8D11-00A0C91BC942}") = "expatw_static", "lib\expatw_static_vc7.vcproj", "{A3045FEE-4DFB-4F08-8A3E-AB33C637D9F6}"
	ProjectSection(ProjectDependencies) = postProject
	EndProjectSection
EndProject
Project("{8BC9CEB8-8B4A-11D0-8D11-00A0C91BC942}") = "outline", "examples\outline_vc7.vcproj", "{3B7787C9-DD06-48FE-AB31-B00F7C643CAC}"
	ProjectSection(ProjectDependencies) = postProject
		{7257AB22-C947-40EB-A9CE-183EA471C62D} = {7257AB22-C947-40EB-A9CE-183EA471C62D}
	EndProjectSection
EndProject
Project("{8BC9CEB8-8B4A-11D0-8D11-00A0C91BC942}") = "xmlwf", "xmlwf\xmlwf_vc7.vcproj", "{7C470390-F2CE-4C0C-A0A0-388CCE55898D}"
	ProjectSection(ProjectDependencies) = postProject
		{7257AB22-C947-40EB-A9CE-183EA471C62D} = {7257AB22-C947-40EB-A9CE-183EA471C62D}
	EndProjectSection
EndProject
Global
	GlobalSection(SolutionConfiguration) = preSolution
		Debug = Debug
		Release = Release
	EndGlobalSection
	GlobalSection(ProjectConfiguration) = postSolution
		{525F8576-609B-45F8-A4B8-9E87A8C89008}.Debug.ActiveCfg = Debug|Win32
		{525F8576-609B-45F8-A4B8-9E87A8C89008}.Debug.Build.0 = Debug|Win32
		{525F8576-609B-45F8-A4B8-9E87A8C89008}.Release.ActiveCfg = Release|Win32
		{525F8576-609B-45F8-A4B8-9E87A8C89008}.Release.Build.0 = Release|Win32
		{7257AB22-C947-40EB-A9CE-183EA471C62D}.Debug.ActiveCfg = Debug|Win32
		{7257AB22-C947-40EB-A9CE-183EA471C62D}.Debug.Build.0 = Debug|Win32
		{7257AB22-C947-40EB-A9CE-183EA471C62D}.Release.ActiveCfg = Release|Win32
		{7257AB22-C947-40EB-A9CE-183EA471C62D}.Release.Build.0 = Release|Win32
		{3455A141-06CA-46C6-8065-0E6756EDBB33}.Debug.ActiveCfg = Debug|Win32
		{3455A141-06CA-46C6-8065-0E6756EDBB33}.Debug.Build.0 = Debug|Win32
		{3455A141-06CA-46C6-8065-0E6756EDBB33}.Release.ActiveCfg = Release|Win32
		{3455A141-06CA-46C6-8065-0E6756EDBB33}.Release.Build.0 = Release|Win32
		{98E77F3B-F591-4B2A-B8CE-1475D55D36DD}.Debug.ActiveCfg = Debug|Win32
		{98E77F3B-F591-4B2A-B8CE-1475D55D36DD}.Debug.Build.0 = Debug|Win32
		{98E77F3B-F591-4B2A-B8CE-1475D55D36DD}.Release.ActiveCfg = Release|Win32
		{98E77F3B-F591-4B2A-B8CE-1475D55D36DD}.Release.Build.0 = Release|Win32
		{A3045FEE-4DFB-4F08-8A3E-AB33C637D9F6}.Debug.ActiveCfg = Debug|Win32
		{A3045FEE-4DFB-4F08-8A3E-AB33C637D9F6}.Debug.Build.0 = Debug|Win32
		{A3045FEE-4DFB-4F08-8A3E-AB33C637D9F6}.Release.ActiveCfg = Release|Win32
		{A3045FEE-4DFB-4F08-8A3E-AB33C637D9F6}.Release.Build.0 = Release|Win32
		{3B7787C9-DD06-48FE-AB31-B00F7C643CAC}.Debug.ActiveCfg = Debug|Win32
		{3B7787C9-DD06-48FE-AB31-B00F7C643CAC}.Debug.Build.0 = Debug|Win32
		{3B7787C9-DD06-48FE-AB31-B00F7C643CAC}.Release.ActiveCfg = Release|Win32
		{3B7787C9-DD06-48FE-AB31-B00F7C643CAC}.Release.Build.0 = Release|Win32
		{7C470390-F2CE-4C0C-A0A0-388CCE55898D}.Debug.ActiveCfg = Debug|Win32
		{7C470390-F2CE-4C0C-A0A0-388CCE55898D}.Debug.Build.0 = Debug|Win32
		{7C470390-F2CE-4C0C-A0A0-388CCE55898D}.Release.ActiveCfg = Release|Win32
		{7C470390-F2CE-4C0C-A0A0-388CCE55898D}.Release.Build.0 = Release|Win32
	EndGlobalSection
	GlobalSection(ExtensibilityGlobals) = postSolution
	EndGlobalSection
	GlobalSection(ExtensibilityAddIns) = postSolution
	EndGlobalSection
EndGlobal
