
Microsoft Visual Studio Solution File, Format Version 10.00
# Visual C++ Express 2008
Project("{8BC9CEB8-8B4A-11D0-8D11-00A0C91BC942}") = "navigatorModule", "navigatorModule_vc9.vcproj", "{B71ED042-7AAC-48D8-9BE9-5946D194A25F}"
EndProject
Project("{8BC9CEB8-8B4A-11D0-8D11-00A0C91BC942}") = "Navigator", "..\navigator\navigator_vc9.vcproj", "{38A06E51-F5AE-4B39-A04D-EB0F7F434E71}"
	ProjectSection(ProjectDependencies) = postProject
		{B71ED042-7AAC-48D8-9BE9-5946D194A25F} = {B71ED042-7AAC-48D8-9BE9-5946D194A25F}
	EndProjectSection
EndProject
Global
	GlobalSection(SolutionConfigurationPlatforms) = preSolution
		Debug|Win32 = Debug|Win32
		DebugNCS|Win32 = DebugNCS|Win32
		Release|Win32 = Release|Win32
		ReleaseNCS|Win32 = ReleaseNCS|Win32
	EndGlobalSection
	GlobalSection(ProjectConfigurationPlatforms) = postSolution
		{B71ED042-7AAC-48D8-9BE9-5946D194A25F}.Debug|Win32.ActiveCfg = Debug|Win32
		{B71ED042-7AAC-48D8-9BE9-5946D194A25F}.Debug|Win32.Build.0 = Debug|Win32
		{B71ED042-7AAC-48D8-9BE9-5946D194A25F}.DebugNCS|Win32.ActiveCfg = DebugNCS|Win32
		{B71ED042-7AAC-48D8-9BE9-5946D194A25F}.DebugNCS|Win32.Build.0 = DebugNCS|Win32
		{B71ED042-7AAC-48D8-9BE9-5946D194A25F}.Release|Win32.ActiveCfg = Release|Win32
		{B71ED042-7AAC-48D8-9BE9-5946D194A25F}.Release|Win32.Build.0 = Release|Win32
		{B71ED042-7AAC-48D8-9BE9-5946D194A25F}.ReleaseNCS|Win32.ActiveCfg = ReleaseNCS|Win32
		{B71ED042-7AAC-48D8-9BE9-5946D194A25F}.ReleaseNCS|Win32.Build.0 = ReleaseNCS|Win32
		{38A06E51-F5AE-4B39-A04D-EB0F7F434E71}.Debug|Win32.ActiveCfg = Debug|Win32
		{38A06E51-F5AE-4B39-A04D-EB0F7F434E71}.Debug|Win32.Build.0 = Debug|Win32
		{38A06E51-F5AE-4B39-A04D-EB0F7F434E71}.DebugNCS|Win32.ActiveCfg = DebugNCS|Win32
		{38A06E51-F5AE-4B39-A04D-EB0F7F434E71}.DebugNCS|Win32.Build.0 = DebugNCS|Win32
		{38A06E51-F5AE-4B39-A04D-EB0F7F434E71}.Release|Win32.ActiveCfg = Release|Win32
		{38A06E51-F5AE-4B39-A04D-EB0F7F434E71}.Release|Win32.Build.0 = Release|Win32
		{38A06E51-F5AE-4B39-A04D-EB0F7F434E71}.ReleaseNCS|Win32.ActiveCfg = ReleaseNCS|Win32
		{38A06E51-F5AE-4B39-A04D-EB0F7F434E71}.ReleaseNCS|Win32.Build.0 = ReleaseNCS|Win32
	EndGlobalSection
	GlobalSection(SolutionProperties) = preSolution
		HideSolutionNode = FALSE
	EndGlobalSection
EndGlobal
