Microsoft Visual Studio Solution File, Format Version 8.00
Project("{8BC9CEB8-8B4A-11D0-8D11-00A0C91BC942}") = "navigatorODE", "navigatorODE\navigatorODE_vc7.vcproj", "{ACAA3E94-744E-4B5F-A17D-D7B7431DFCFD}"
	ProjectSection(ProjectDependencies) = postProject
	EndProjectSection
EndProject
Project("{8BC9CEB8-8B4A-11D0-8D11-00A0C91BC942}") = "navigatorPhysX", "navigatorPhysX\navigatorPhysX_vc7.vcproj", "{A6B44882-2D15-4606-B41C-AA4401FD58F2}"
	ProjectSection(ProjectDependencies) = postProject
	EndProjectSection
EndProject
Project("{8BC9CEB8-8B4A-11D0-8D11-00A0C91BC942}") = "navigatorTokamak", "navigatorTokamak\navigatorTokamak_vc7.vcproj", "{86D89821-3C23-420F-A73B-065874F930B6}"
	ProjectSection(ProjectDependencies) = postProject
	EndProjectSection
EndProject
Global
	GlobalSection(SolutionConfiguration) = preSolution
		Debug = Debug
		Release = Release
	EndGlobalSection
	GlobalSection(ProjectConfiguration) = postSolution
		{ACAA3E94-744E-4B5F-A17D-D7B7431DFCFD}.Debug.ActiveCfg = Debug|Win32
		{ACAA3E94-744E-4B5F-A17D-D7B7431DFCFD}.Debug.Build.0 = Debug|Win32
		{ACAA3E94-744E-4B5F-A17D-D7B7431DFCFD}.Release.ActiveCfg = Release|Win32
		{ACAA3E94-744E-4B5F-A17D-D7B7431DFCFD}.Release.Build.0 = Release|Win32
		{A6B44882-2D15-4606-B41C-AA4401FD58F2}.Debug.ActiveCfg = Debug|Win32
		{A6B44882-2D15-4606-B41C-AA4401FD58F2}.Debug.Build.0 = Debug|Win32
		{A6B44882-2D15-4606-B41C-AA4401FD58F2}.Release.ActiveCfg = Release|Win32
		{A6B44882-2D15-4606-B41C-AA4401FD58F2}.Release.Build.0 = Release|Win32
		{86D89821-3C23-420F-A73B-065874F930B6}.Debug.ActiveCfg = Debug|Win32
		{86D89821-3C23-420F-A73B-065874F930B6}.Debug.Build.0 = Debug|Win32
		{86D89821-3C23-420F-A73B-065874F930B6}.Release.ActiveCfg = Release|Win32
		{86D89821-3C23-420F-A73B-065874F930B6}.Release.Build.0 = Release|Win32
	EndGlobalSection
	GlobalSection(ExtensibilityGlobals) = postSolution
	EndGlobalSection
	GlobalSection(ExtensibilityAddIns) = postSolution
	EndGlobalSection
EndGlobal
