Microsoft Visual Studio Solution File, Format Version 8.00
Project("{8BC9CEB8-8B4A-11D0-8D11-00A0C91BC942}") = "example", "example.vcproj", "{1FDF34B9-EC3F-4231-B8EF-4F4D25586DDB}"
	ProjectSection(ProjectDependencies) = postProject
		{2952E679-0169-47F9-9508-C05001123422} = {2952E679-0169-47F9-9508-C05001123422}
	EndProjectSection
EndProject
Project("{8BC9CEB8-8B4A-11D0-8D11-00A0C91BC942}") = "minigzip", "minigzip.vcproj", "{614579C8-1DF0-4830-A2F4-BA9B4739B4FA}"
	ProjectSection(ProjectDependencies) = postProject
		{2952E679-0169-47F9-9508-C05001123422} = {2952E679-0169-47F9-9508-C05001123422}
	EndProjectSection
EndProject
Project("{8BC9CEB8-8B4A-11D0-8D11-00A0C91BC942}") = "zlib", "zlib.vcproj", "{2952E679-0169-47F9-9508-C05001123422}"
	ProjectSection(ProjectDependencies) = postProject
	EndProjectSection
EndProject
Global
	GlobalSection(SolutionConfiguration) = preSolution
		DLL ASM Debug = DLL ASM Debug
		DLL ASM Release = DLL ASM Release
		DLL Debug = DLL Debug
		DLL Release = DLL Release
		LIB ASM Debug = LIB ASM Debug
		LIB ASM Release = LIB ASM Release
		LIB Debug = LIB Debug
		LIB Release = LIB Release
	EndGlobalSection
	GlobalSection(ProjectDependencies) = postSolution
	EndGlobalSection
	GlobalSection(ProjectConfiguration) = postSolution
		{1FDF34B9-EC3F-4231-B8EF-4F4D25586DDB}.DLL ASM Debug.ActiveCfg = DLL ASM Debug|Win32
		{1FDF34B9-EC3F-4231-B8EF-4F4D25586DDB}.DLL ASM Debug.Build.0 = DLL ASM Debug|Win32
		{1FDF34B9-EC3F-4231-B8EF-4F4D25586DDB}.DLL ASM Release.ActiveCfg = DLL ASM Release|Win32
		{1FDF34B9-EC3F-4231-B8EF-4F4D25586DDB}.DLL ASM Release.Build.0 = DLL ASM Release|Win32
		{1FDF34B9-EC3F-4231-B8EF-4F4D25586DDB}.DLL Debug.ActiveCfg = DLL Debug|Win32
		{1FDF34B9-EC3F-4231-B8EF-4F4D25586DDB}.DLL Debug.Build.0 = DLL Debug|Win32
		{1FDF34B9-EC3F-4231-B8EF-4F4D25586DDB}.DLL Release.ActiveCfg = DLL Release|Win32
		{1FDF34B9-EC3F-4231-B8EF-4F4D25586DDB}.DLL Release.Build.0 = DLL Release|Win32
		{1FDF34B9-EC3F-4231-B8EF-4F4D25586DDB}.LIB ASM Debug.ActiveCfg = LIB ASM Debug|Win32
		{1FDF34B9-EC3F-4231-B8EF-4F4D25586DDB}.LIB ASM Debug.Build.0 = LIB ASM Debug|Win32
		{1FDF34B9-EC3F-4231-B8EF-4F4D25586DDB}.LIB ASM Release.ActiveCfg = LIB ASM Release|Win32
		{1FDF34B9-EC3F-4231-B8EF-4F4D25586DDB}.LIB ASM Release.Build.0 = LIB ASM Release|Win32
		{1FDF34B9-EC3F-4231-B8EF-4F4D25586DDB}.LIB Debug.ActiveCfg = LIB Debug|Win32
		{1FDF34B9-EC3F-4231-B8EF-4F4D25586DDB}.LIB Debug.Build.0 = LIB Debug|Win32
		{1FDF34B9-EC3F-4231-B8EF-4F4D25586DDB}.LIB Release.ActiveCfg = LIB Release|Win32
		{1FDF34B9-EC3F-4231-B8EF-4F4D25586DDB}.LIB Release.Build.0 = LIB Release|Win32
		{614579C8-1DF0-4830-A2F4-BA9B4739B4FA}.DLL ASM Debug.ActiveCfg = DLL ASM Debug|Win32
		{614579C8-1DF0-4830-A2F4-BA9B4739B4FA}.DLL ASM Debug.Build.0 = DLL ASM Debug|Win32
		{614579C8-1DF0-4830-A2F4-BA9B4739B4FA}.DLL ASM Release.ActiveCfg = DLL ASM Release|Win32
		{614579C8-1DF0-4830-A2F4-BA9B4739B4FA}.DLL ASM Release.Build.0 = DLL ASM Release|Win32
		{614579C8-1DF0-4830-A2F4-BA9B4739B4FA}.DLL Debug.ActiveCfg = DLL Debug|Win32
		{614579C8-1DF0-4830-A2F4-BA9B4739B4FA}.DLL Debug.Build.0 = DLL Debug|Win32
		{614579C8-1DF0-4830-A2F4-BA9B4739B4FA}.DLL Release.ActiveCfg = DLL Release|Win32
		{614579C8-1DF0-4830-A2F4-BA9B4739B4FA}.DLL Release.Build.0 = DLL Release|Win32
		{614579C8-1DF0-4830-A2F4-BA9B4739B4FA}.LIB ASM Debug.ActiveCfg = LIB ASM Debug|Win32
		{614579C8-1DF0-4830-A2F4-BA9B4739B4FA}.LIB ASM Debug.Build.0 = LIB ASM Debug|Win32
		{614579C8-1DF0-4830-A2F4-BA9B4739B4FA}.LIB ASM Release.ActiveCfg = LIB ASM Release|Win32
		{614579C8-1DF0-4830-A2F4-BA9B4739B4FA}.LIB ASM Release.Build.0 = LIB ASM Release|Win32
		{614579C8-1DF0-4830-A2F4-BA9B4739B4FA}.LIB Debug.ActiveCfg = LIB Debug|Win32
		{614579C8-1DF0-4830-A2F4-BA9B4739B4FA}.LIB Debug.Build.0 = LIB Debug|Win32
		{614579C8-1DF0-4830-A2F4-BA9B4739B4FA}.LIB Release.ActiveCfg = LIB Release|Win32
		{614579C8-1DF0-4830-A2F4-BA9B4739B4FA}.LIB Release.Build.0 = LIB Release|Win32
		{2952E679-0169-47F9-9508-C05001123422}.DLL ASM Debug.ActiveCfg = DLL ASM Debug|Win32
		{2952E679-0169-47F9-9508-C05001123422}.DLL ASM Debug.Build.0 = DLL ASM Debug|Win32
		{2952E679-0169-47F9-9508-C05001123422}.DLL ASM Release.ActiveCfg = DLL ASM Release|Win32
		{2952E679-0169-47F9-9508-C05001123422}.DLL ASM Release.Build.0 = DLL ASM Release|Win32
		{2952E679-0169-47F9-9508-C05001123422}.DLL Debug.ActiveCfg = DLL Debug|Win32
		{2952E679-0169-47F9-9508-C05001123422}.DLL Debug.Build.0 = DLL Debug|Win32
		{2952E679-0169-47F9-9508-C05001123422}.DLL Release.ActiveCfg = DLL Release|Win32
		{2952E679-0169-47F9-9508-C05001123422}.DLL Release.Build.0 = DLL Release|Win32
		{2952E679-0169-47F9-9508-C05001123422}.LIB ASM Debug.ActiveCfg = LIB ASM Debug|Win32
		{2952E679-0169-47F9-9508-C05001123422}.LIB ASM Debug.Build.0 = LIB ASM Debug|Win32
		{2952E679-0169-47F9-9508-C05001123422}.LIB ASM Release.ActiveCfg = LIB ASM Release|Win32
		{2952E679-0169-47F9-9508-C05001123422}.LIB ASM Release.Build.0 = LIB ASM Release|Win32
		{2952E679-0169-47F9-9508-C05001123422}.LIB Debug.ActiveCfg = LIB Debug|Win32
		{2952E679-0169-47F9-9508-C05001123422}.LIB Debug.Build.0 = LIB Debug|Win32
		{2952E679-0169-47F9-9508-C05001123422}.LIB Release.ActiveCfg = LIB Release|Win32
		{2952E679-0169-47F9-9508-C05001123422}.LIB Release.Build.0 = LIB Release|Win32
	EndGlobalSection
	GlobalSection(ExtensibilityGlobals) = postSolution
	EndGlobalSection
	GlobalSection(ExtensibilityAddIns) = postSolution
	EndGlobalSection
EndGlobal
