
Microsoft Visual Studio Solution File, Format Version 9.00
# Visual C++ Express 2005
Project("{8BC9CEB8-8B4A-11D0-8D11-00A0C91BC942}") = "VNCPlugin", "VNCPlugin_vc8.vcproj", "{D9552077-0E23-4507-8460-3D939B79527D}"
	ProjectSection(ProjectDependencies) = postProject
		{D5828715-F3FF-478D-86C8-F9518C3EF383} = {D5828715-F3FF-478D-86C8-F9518C3EF383}
	EndProjectSection
EndProject
Project("{8BC9CEB8-8B4A-11D0-8D11-00A0C91BC942}") = "omnithread", "vncviewer\omnithread\omnithread.vcproj", "{0434BF2B-6310-4BB5-804E-F7A11C074CA2}"
EndProject
Project("{8BC9CEB8-8B4A-11D0-8D11-00A0C91BC942}") = "zlib", "vncviewer\zlib\zlib.vcproj", "{528E481B-FF16-491B-84A8-07ED2DD4234B}"
EndProject
Project("{8BC9CEB8-8B4A-11D0-8D11-00A0C91BC942}") = "libjpeg", "vncviewer\libjpeg\libjpeg.vcproj", "{B6F84561-61FE-477D-AE2E-D4152A247FB1}"
EndProject
Project("{8BC9CEB8-8B4A-11D0-8D11-00A0C91BC942}") = "vncviewer", "vncviewer\vncviewer.vcproj", "{D5828715-F3FF-478D-86C8-F9518C3EF383}"
	ProjectSection(ProjectDependencies) = postProject
		{528E481B-FF16-491B-84A8-07ED2DD4234B} = {528E481B-FF16-491B-84A8-07ED2DD4234B}
		{0434BF2B-6310-4BB5-804E-F7A11C074CA2} = {0434BF2B-6310-4BB5-804E-F7A11C074CA2}
		{B6F84561-61FE-477D-AE2E-D4152A247FB1} = {B6F84561-61FE-477D-AE2E-D4152A247FB1}
	EndProjectSection
EndProject
Global
	GlobalSection(SolutionConfigurationPlatforms) = preSolution
		Debug|Win32 = Debug|Win32
		Release|Win32 = Release|Win32
	EndGlobalSection
	GlobalSection(ProjectConfigurationPlatforms) = postSolution
		{D9552077-0E23-4507-8460-3D939B79527D}.Debug|Win32.ActiveCfg = Debug|Win32
		{D9552077-0E23-4507-8460-3D939B79527D}.Debug|Win32.Build.0 = Debug|Win32
		{D9552077-0E23-4507-8460-3D939B79527D}.Release|Win32.ActiveCfg = Release|Win32
		{D9552077-0E23-4507-8460-3D939B79527D}.Release|Win32.Build.0 = Release|Win32
		{0434BF2B-6310-4BB5-804E-F7A11C074CA2}.Debug|Win32.ActiveCfg = Debug|Win32
		{0434BF2B-6310-4BB5-804E-F7A11C074CA2}.Debug|Win32.Build.0 = Debug|Win32
		{0434BF2B-6310-4BB5-804E-F7A11C074CA2}.Release|Win32.ActiveCfg = Release|Win32
		{0434BF2B-6310-4BB5-804E-F7A11C074CA2}.Release|Win32.Build.0 = Release|Win32
		{528E481B-FF16-491B-84A8-07ED2DD4234B}.Debug|Win32.ActiveCfg = Debug|Win32
		{528E481B-FF16-491B-84A8-07ED2DD4234B}.Debug|Win32.Build.0 = Debug|Win32
		{528E481B-FF16-491B-84A8-07ED2DD4234B}.Release|Win32.ActiveCfg = Release|Win32
		{528E481B-FF16-491B-84A8-07ED2DD4234B}.Release|Win32.Build.0 = Release|Win32
		{B6F84561-61FE-477D-AE2E-D4152A247FB1}.Debug|Win32.ActiveCfg = Debug|Win32
		{B6F84561-61FE-477D-AE2E-D4152A247FB1}.Debug|Win32.Build.0 = Debug|Win32
		{B6F84561-61FE-477D-AE2E-D4152A247FB1}.Release|Win32.ActiveCfg = Release|Win32
		{B6F84561-61FE-477D-AE2E-D4152A247FB1}.Release|Win32.Build.0 = Release|Win32
		{D5828715-F3FF-478D-86C8-F9518C3EF383}.Debug|Win32.ActiveCfg = Debug|Win32
		{D5828715-F3FF-478D-86C8-F9518C3EF383}.Debug|Win32.Build.0 = Debug|Win32
		{D5828715-F3FF-478D-86C8-F9518C3EF383}.Release|Win32.ActiveCfg = Release|Win32
		{D5828715-F3FF-478D-86C8-F9518C3EF383}.Release|Win32.Build.0 = Release|Win32
	EndGlobalSection
	GlobalSection(SolutionProperties) = preSolution
		HideSolutionNode = FALSE
	EndGlobalSection
EndGlobal
