
Microsoft Visual Studio Solution File, Format Version 9.00
# Visual Studio 2005
Project("{8BC9CEB8-8B4A-11D0-8D11-00A0C91BC942}") = "TestClient", "TestClient\TestClient_vc8.vcproj", "{A3C8E81A-9932-42B0-8FEB-17749ECB97ED}"
	ProjectSection(ProjectDependencies) = postProject
		{C0E62EB8-7D34-43BE-BAEA-50AA8F4C224E} = {C0E62EB8-7D34-43BE-BAEA-50AA8F4C224E}
		{E1130C36-D33E-4D43-BD7F-7D7297D9A1B2} = {E1130C36-D33E-4D43-BD7F-7D7297D9A1B2}
	EndProjectSection
EndProject
Project("{8BC9CEB8-8B4A-11D0-8D11-00A0C91BC942}") = "TestServer", "TestServer\TestServer_vc8.vcproj", "{446B08B4-8977-4FB1-AB5B-016ED9E7CA53}"
	ProjectSection(ProjectDependencies) = postProject
		{FB8ECE98-9645-48FE-B3B3-8E2B8F19A376} = {FB8ECE98-9645-48FE-B3B3-8E2B8F19A376}
	EndProjectSection
EndProject
Project("{8BC9CEB8-8B4A-11D0-8D11-00A0C91BC942}") = "VoiceEngineClient", "Client\VoiceEngineClient_vc8.vcproj", "{E1130C36-D33E-4D43-BD7F-7D7297D9A1B2}"
	ProjectSection(ProjectDependencies) = postProject
		{38512799-B050-49D0-8025-C7623D2D1CF1} = {38512799-B050-49D0-8025-C7623D2D1CF1}
		{5F784299-72E2-4482-941D-12485DE80C30} = {5F784299-72E2-4482-941D-12485DE80C30}
		{40B5BFB6-29B2-455B-8A5F-5331657D4F93} = {40B5BFB6-29B2-455B-8A5F-5331657D4F93}
		{CCDFA8B2-DA14-4F21-BA0A-5140FA39AF3B} = {CCDFA8B2-DA14-4F21-BA0A-5140FA39AF3B}
	EndProjectSection
EndProject
Project("{8BC9CEB8-8B4A-11D0-8D11-00A0C91BC942}") = "VoiceEngineSimpleServer", "SimpleServer\VoiceEngineSimpleServer_vc8.vcproj", "{FB8ECE98-9645-48FE-B3B3-8E2B8F19A376}"
	ProjectSection(ProjectDependencies) = postProject
		{CCDFA8B2-DA14-4F21-BA0A-5140FA39AF3B} = {CCDFA8B2-DA14-4F21-BA0A-5140FA39AF3B}
		{E1130C36-D33E-4D43-BD7F-7D7297D9A1B2} = {E1130C36-D33E-4D43-BD7F-7D7297D9A1B2}
	EndProjectSection
EndProject
Project("{8BC9CEB8-8B4A-11D0-8D11-00A0C91BC942}") = "voiceEngineFModSpeex", "voiceEngineFModSpeex\voiceEngineFModSpeex_vc8.vcproj", "{148CA9AA-F955-48C0-A1A6-765AE0C6F21B}"
	ProjectSection(ProjectDependencies) = postProject
		{E1130C36-D33E-4D43-BD7F-7D7297D9A1B2} = {E1130C36-D33E-4D43-BD7F-7D7297D9A1B2}
	EndProjectSection
EndProject
Project("{8BC9CEB8-8B4A-11D0-8D11-00A0C91BC942}") = "libspeex", "..\DevTools\speex\win32\libspeex\libspeex_vc8.vcproj", "{40B5BFB6-29B2-455B-8A5F-5331657D4F93}"
EndProject
Project("{8BC9CEB8-8B4A-11D0-8D11-00A0C91BC942}") = "SimpleVoiceEngineProtocol", "SimpleVoiceEngineProtocol\SimpleVoiceEngineProtocol_vc8.vcproj", "{CCDFA8B2-DA14-4F21-BA0A-5140FA39AF3B}"
EndProject
Project("{8BC9CEB8-8B4A-11D0-8D11-00A0C91BC942}") = "Phonetizer", "..\Phonetizer\Phonetizer_vc8.vcproj", "{38512799-B050-49D0-8025-C7623D2D1CF1}"
	ProjectSection(ProjectDependencies) = postProject
		{2517A49B-1219-4823-8178-2A8B6D5FC63C} = {2517A49B-1219-4823-8178-2A8B6D5FC63C}
	EndProjectSection
EndProject
Project("{8BC9CEB8-8B4A-11D0-8D11-00A0C91BC942}") = "voiceEngine", "voiceEngine_vc8.vcproj", "{5F784299-72E2-4482-941D-12485DE80C30}"
EndProject
Project("{2150E333-8FDC-42A3-9474-1A3956D46DE8}") = "applications", "applications", "{AB62461F-C4CD-415E-8ACE-509D78079882}"
EndProject
Project("{2150E333-8FDC-42A3-9474-1A3956D46DE8}") = "libraries", "libraries", "{BCAFD455-4993-4F26-92C9-5D90EFF9A47F}"
EndProject
Project("{8BC9CEB8-8B4A-11D0-8D11-00A0C91BC942}") = "DummyPhonetizer", "..\DummyPhonetizer\DummyPhonetizer_vc8.vcproj", "{C0E62EB8-7D34-43BE-BAEA-50AA8F4C224E}"
EndProject
Project("{8BC9CEB8-8B4A-11D0-8D11-00A0C91BC942}") = "CommonTools", "..\CommonTools\CommonTools_vc8.vcproj", "{2517A49B-1219-4823-8178-2A8B6D5FC63C}"
EndProject
Global
	GlobalSection(SolutionConfigurationPlatforms) = preSolution
		Debug|Win32 = Debug|Win32
		Release|Win32 = Release|Win32
	EndGlobalSection
	GlobalSection(ProjectConfigurationPlatforms) = postSolution
		{A3C8E81A-9932-42B0-8FEB-17749ECB97ED}.Debug|Win32.ActiveCfg = Debug|Win32
		{A3C8E81A-9932-42B0-8FEB-17749ECB97ED}.Debug|Win32.Build.0 = Debug|Win32
		{A3C8E81A-9932-42B0-8FEB-17749ECB97ED}.Release|Win32.ActiveCfg = Release|Win32
		{A3C8E81A-9932-42B0-8FEB-17749ECB97ED}.Release|Win32.Build.0 = Release|Win32
		{446B08B4-8977-4FB1-AB5B-016ED9E7CA53}.Debug|Win32.ActiveCfg = Debug|Win32
		{446B08B4-8977-4FB1-AB5B-016ED9E7CA53}.Debug|Win32.Build.0 = Debug|Win32
		{446B08B4-8977-4FB1-AB5B-016ED9E7CA53}.Release|Win32.ActiveCfg = Release|Win32
		{446B08B4-8977-4FB1-AB5B-016ED9E7CA53}.Release|Win32.Build.0 = Release|Win32
		{E1130C36-D33E-4D43-BD7F-7D7297D9A1B2}.Debug|Win32.ActiveCfg = Debug|Win32
		{E1130C36-D33E-4D43-BD7F-7D7297D9A1B2}.Debug|Win32.Build.0 = Debug|Win32
		{E1130C36-D33E-4D43-BD7F-7D7297D9A1B2}.Release|Win32.ActiveCfg = Release|Win32
		{E1130C36-D33E-4D43-BD7F-7D7297D9A1B2}.Release|Win32.Build.0 = Release|Win32
		{FB8ECE98-9645-48FE-B3B3-8E2B8F19A376}.Debug|Win32.ActiveCfg = Debug|Win32
		{FB8ECE98-9645-48FE-B3B3-8E2B8F19A376}.Debug|Win32.Build.0 = Debug|Win32
		{FB8ECE98-9645-48FE-B3B3-8E2B8F19A376}.Release|Win32.ActiveCfg = Release|Win32
		{FB8ECE98-9645-48FE-B3B3-8E2B8F19A376}.Release|Win32.Build.0 = Release|Win32
		{148CA9AA-F955-48C0-A1A6-765AE0C6F21B}.Debug|Win32.ActiveCfg = Debug|Win32
		{148CA9AA-F955-48C0-A1A6-765AE0C6F21B}.Debug|Win32.Build.0 = Debug|Win32
		{148CA9AA-F955-48C0-A1A6-765AE0C6F21B}.Release|Win32.ActiveCfg = Release|Win32
		{148CA9AA-F955-48C0-A1A6-765AE0C6F21B}.Release|Win32.Build.0 = Release|Win32
		{40B5BFB6-29B2-455B-8A5F-5331657D4F93}.Debug|Win32.ActiveCfg = Debug|Win32
		{40B5BFB6-29B2-455B-8A5F-5331657D4F93}.Debug|Win32.Build.0 = Debug|Win32
		{40B5BFB6-29B2-455B-8A5F-5331657D4F93}.Release|Win32.ActiveCfg = Release|Win32
		{40B5BFB6-29B2-455B-8A5F-5331657D4F93}.Release|Win32.Build.0 = Release|Win32
		{CCDFA8B2-DA14-4F21-BA0A-5140FA39AF3B}.Debug|Win32.ActiveCfg = Debug|Win32
		{CCDFA8B2-DA14-4F21-BA0A-5140FA39AF3B}.Debug|Win32.Build.0 = Debug|Win32
		{CCDFA8B2-DA14-4F21-BA0A-5140FA39AF3B}.Release|Win32.ActiveCfg = Release|Win32
		{CCDFA8B2-DA14-4F21-BA0A-5140FA39AF3B}.Release|Win32.Build.0 = Release|Win32
		{38512799-B050-49D0-8025-C7623D2D1CF1}.Debug|Win32.ActiveCfg = Debug|Win32
		{38512799-B050-49D0-8025-C7623D2D1CF1}.Debug|Win32.Build.0 = Debug|Win32
		{38512799-B050-49D0-8025-C7623D2D1CF1}.Release|Win32.ActiveCfg = Release|Win32
		{38512799-B050-49D0-8025-C7623D2D1CF1}.Release|Win32.Build.0 = Release|Win32
		{5F784299-72E2-4482-941D-12485DE80C30}.Debug|Win32.ActiveCfg = Debug|Win32
		{5F784299-72E2-4482-941D-12485DE80C30}.Debug|Win32.Build.0 = Debug|Win32
		{5F784299-72E2-4482-941D-12485DE80C30}.Release|Win32.ActiveCfg = Release|Win32
		{5F784299-72E2-4482-941D-12485DE80C30}.Release|Win32.Build.0 = Release|Win32
		{C0E62EB8-7D34-43BE-BAEA-50AA8F4C224E}.Debug|Win32.ActiveCfg = Debug|Win32
		{C0E62EB8-7D34-43BE-BAEA-50AA8F4C224E}.Debug|Win32.Build.0 = Debug|Win32
		{C0E62EB8-7D34-43BE-BAEA-50AA8F4C224E}.Release|Win32.ActiveCfg = Release|Win32
		{C0E62EB8-7D34-43BE-BAEA-50AA8F4C224E}.Release|Win32.Build.0 = Release|Win32
		{2517A49B-1219-4823-8178-2A8B6D5FC63C}.Debug|Win32.ActiveCfg = Debug|Win32
		{2517A49B-1219-4823-8178-2A8B6D5FC63C}.Debug|Win32.Build.0 = Debug|Win32
		{2517A49B-1219-4823-8178-2A8B6D5FC63C}.Release|Win32.ActiveCfg = Release|Win32
		{2517A49B-1219-4823-8178-2A8B6D5FC63C}.Release|Win32.Build.0 = Release|Win32
	EndGlobalSection
	GlobalSection(SolutionProperties) = preSolution
		HideSolutionNode = FALSE
	EndGlobalSection
	GlobalSection(NestedProjects) = preSolution
		{446B08B4-8977-4FB1-AB5B-016ED9E7CA53} = {AB62461F-C4CD-415E-8ACE-509D78079882}
		{A3C8E81A-9932-42B0-8FEB-17749ECB97ED} = {AB62461F-C4CD-415E-8ACE-509D78079882}
		{FB8ECE98-9645-48FE-B3B3-8E2B8F19A376} = {BCAFD455-4993-4F26-92C9-5D90EFF9A47F}
		{148CA9AA-F955-48C0-A1A6-765AE0C6F21B} = {BCAFD455-4993-4F26-92C9-5D90EFF9A47F}
		{40B5BFB6-29B2-455B-8A5F-5331657D4F93} = {BCAFD455-4993-4F26-92C9-5D90EFF9A47F}
		{CCDFA8B2-DA14-4F21-BA0A-5140FA39AF3B} = {BCAFD455-4993-4F26-92C9-5D90EFF9A47F}
		{38512799-B050-49D0-8025-C7623D2D1CF1} = {BCAFD455-4993-4F26-92C9-5D90EFF9A47F}
		{5F784299-72E2-4482-941D-12485DE80C30} = {BCAFD455-4993-4F26-92C9-5D90EFF9A47F}
		{E1130C36-D33E-4D43-BD7F-7D7297D9A1B2} = {BCAFD455-4993-4F26-92C9-5D90EFF9A47F}
		{C0E62EB8-7D34-43BE-BAEA-50AA8F4C224E} = {BCAFD455-4993-4F26-92C9-5D90EFF9A47F}
		{2517A49B-1219-4823-8178-2A8B6D5FC63C} = {BCAFD455-4993-4F26-92C9-5D90EFF9A47F}
	EndGlobalSection
EndGlobal
