
Microsoft Visual Studio Solution File, Format Version 10.00
# Visual Studio 2008
Project("{8BC9CEB8-8B4A-11D0-8D11-00A0C91BC942}") = "OgreExtruder", "OgreExtruderLib.vcproj", "{AA5E23E5-8A1A-4969-957E-772B81699583}"
EndProject
Global
	GlobalSection(SolutionConfigurationPlatforms) = preSolution
		Debug|Win32 = Debug|Win32
		Release|Win32 = Release|Win32
	EndGlobalSection
	GlobalSection(ProjectConfigurationPlatforms) = postSolution
		{AA5E23E5-8A1A-4969-957E-772B81699583}.Debug|Win32.ActiveCfg = Debug|Win32
		{AA5E23E5-8A1A-4969-957E-772B81699583}.Debug|Win32.Build.0 = Debug|Win32
		{AA5E23E5-8A1A-4969-957E-772B81699583}.Release|Win32.ActiveCfg = Release|Win32
		{AA5E23E5-8A1A-4969-957E-772B81699583}.Release|Win32.Build.0 = Release|Win32
	EndGlobalSection
	GlobalSection(SolutionProperties) = preSolution
		HideSolutionNode = FALSE
	EndGlobalSection
EndGlobal
