Microsoft Visual Studio Solution File, Format Version 8.00
Project("{8BC9CEB8-8B4A-11D0-8D11-00A0C91BC942}") = "nodeSimulator", "nodeSimulator_vc7.vcproj", "{8EC2BEE3-E628-4CF0-917B-50418F19123D}"
	ProjectSection(ProjectDependencies) = postProject
	EndProjectSection
EndProject
Project("{8BC9CEB8-8B4A-11D0-8D11-00A0C91BC942}") = "peer", "peerApplication_vc7.vcproj", "{058DA683-2FA5-4481-A09A-8960D4278AA6}"
	ProjectSection(ProjectDependencies) = postProject
	EndProjectSection
EndProject
Global
	GlobalSection(SolutionConfiguration) = preSolution
		Debug = Debug
		Release = Release
	EndGlobalSection
	GlobalSection(ProjectConfiguration) = postSolution
		{8EC2BEE3-E628-4CF0-917B-50418F19123D}.Debug.ActiveCfg = Debug|Win32
		{8EC2BEE3-E628-4CF0-917B-50418F19123D}.Debug.Build.0 = Debug|Win32
		{8EC2BEE3-E628-4CF0-917B-50418F19123D}.Release.ActiveCfg = Release|Win32
		{8EC2BEE3-E628-4CF0-917B-50418F19123D}.Release.Build.0 = Release|Win32
		{058DA683-2FA5-4481-A09A-8960D4278AA6}.Debug.ActiveCfg = Debug|Win32
		{058DA683-2FA5-4481-A09A-8960D4278AA6}.Debug.Build.0 = Debug|Win32
		{058DA683-2FA5-4481-A09A-8960D4278AA6}.Release.ActiveCfg = Release|Win32
		{058DA683-2FA5-4481-A09A-8960D4278AA6}.Release.Build.0 = Release|Win32
	EndGlobalSection
	GlobalSection(ExtensibilityGlobals) = postSolution
	EndGlobalSection
	GlobalSection(ExtensibilityAddIns) = postSolution
	EndGlobalSection
EndGlobal
