
Microsoft Visual Studio Solution File, Format Version 10.00
# Visual Studio 2008
Project("{8BC9CEB8-8B4A-11D0-8D11-00A0C91BC942}") = "llmozlib_vc9", "llmozlib_vc9.vcproj", "{B464AB9E-C9ED-4797-9179-77282A916378}"
EndProject
Global
	GlobalSection(SolutionConfigurationPlatforms) = preSolution
		Debug|Win32 = Debug|Win32
		Release|Win32 = Release|Win32
	EndGlobalSection
	GlobalSection(ProjectConfigurationPlatforms) = postSolution
		{B464AB9E-C9ED-4797-9179-77282A916378}.Debug|Win32.ActiveCfg = Debug|Win32
		{B464AB9E-C9ED-4797-9179-77282A916378}.Debug|Win32.Build.0 = Debug|Win32
		{B464AB9E-C9ED-4797-9179-77282A916378}.Release|Win32.ActiveCfg = Release|Win32
		{B464AB9E-C9ED-4797-9179-77282A916378}.Release|Win32.Build.0 = Release|Win32
	EndGlobalSection
	GlobalSection(SolutionProperties) = preSolution
		HideSolutionNode = FALSE
	EndGlobalSection
EndGlobal
