Microsoft Visual Studio Solution File, Format Version 9.00
# Visual Studio 2005
Project("{8BC9CEB8-8B4A-11D0-8D11-00A0C91BC942}") = "tokamak", "tokamak_vc8.vcproj", "{4028E54D-5779-4FB5-B1BD-8EC3BB92EDA8}"
EndProject
Project("{8BC9CEB8-8B4A-11D0-8D11-00A0C91BC942}") = "tokamakdll", "tokamakdll_vc8.vcproj", "{FDDA48B9-E566-4971-8A92-74B2CAD2173C}"
EndProject
Global
	GlobalSection(SolutionConfigurationPlatforms) = preSolution
		Debug Multithreaded|Win32 = Debug Multithreaded|Win32
		Debug|Win32 = Debug|Win32
		Release Multithreaded|Win32 = Release Multithreaded|Win32
		Release|Win32 = Release|Win32
	EndGlobalSection
	GlobalSection(ProjectConfigurationPlatforms) = postSolution
		{4028E54D-5779-4FB5-B1BD-8EC3BB92EDA8}.Debug Multithreaded|Win32.ActiveCfg = Debug Multithreaded|Win32
		{4028E54D-5779-4FB5-B1BD-8EC3BB92EDA8}.Debug Multithreaded|Win32.Build.0 = Debug Multithreaded|Win32
		{4028E54D-5779-4FB5-B1BD-8EC3BB92EDA8}.Debug|Win32.ActiveCfg = Debug|Win32
		{4028E54D-5779-4FB5-B1BD-8EC3BB92EDA8}.Debug|Win32.Build.0 = Debug|Win32
		{4028E54D-5779-4FB5-B1BD-8EC3BB92EDA8}.Release Multithreaded|Win32.ActiveCfg = Release Multithreaded|Win32
		{4028E54D-5779-4FB5-B1BD-8EC3BB92EDA8}.Release Multithreaded|Win32.Build.0 = Release Multithreaded|Win32
		{4028E54D-5779-4FB5-B1BD-8EC3BB92EDA8}.Release|Win32.ActiveCfg = Release|Win32
		{4028E54D-5779-4FB5-B1BD-8EC3BB92EDA8}.Release|Win32.Build.0 = Release|Win32
		{FDDA48B9-E566-4971-8A92-74B2CAD2173C}.Debug Multithreaded|Win32.ActiveCfg = Debug|Win32
		{FDDA48B9-E566-4971-8A92-74B2CAD2173C}.Debug Multithreaded|Win32.Build.0 = Debug|Win32
		{FDDA48B9-E566-4971-8A92-74B2CAD2173C}.Debug|Win32.ActiveCfg = Debug|Win32
		{FDDA48B9-E566-4971-8A92-74B2CAD2173C}.Debug|Win32.Build.0 = Debug|Win32
		{FDDA48B9-E566-4971-8A92-74B2CAD2173C}.Release Multithreaded|Win32.ActiveCfg = Release|Win32
		{FDDA48B9-E566-4971-8A92-74B2CAD2173C}.Release Multithreaded|Win32.Build.0 = Release|Win32
		{FDDA48B9-E566-4971-8A92-74B2CAD2173C}.Release|Win32.ActiveCfg = Release|Win32
		{FDDA48B9-E566-4971-8A92-74B2CAD2173C}.Release|Win32.Build.0 = Release|Win32
	EndGlobalSection
	GlobalSection(SolutionProperties) = preSolution
		HideSolutionNode = FALSE
	EndGlobalSection
EndGlobal
