Microsoft Visual Studio Solution File, Format Version 10.00
# Visual Studio 2008
Project("{8BC9CEB8-8B4A-11D0-8D11-00A0C91BC942}") = "navigatorODE", "navigatorODE\navigatorODE_vc9.vcproj", "{123D21DE-C053-4711-9618-5E5ED1288ED6}"
EndProject
Project("{8BC9CEB8-8B4A-11D0-8D11-00A0C91BC942}") = "navigatorPhysX", "navigatorPhysX\navigatorPhysX_vc9.vcproj", "{88F50959-2CC5-442A-B795-2A60751CD2E3}"
EndProject
Project("{8BC9CEB8-8B4A-11D0-8D11-00A0C91BC942}") = "navigatorTokamak", "navigatorTokamak\navigatorTokamak_vc9.vcproj", "{86D89821-3C23-420F-A73B-065874F930B6}"
EndProject
Global
	GlobalSection(SolutionConfigurationPlatforms) = preSolution
		Debug|Win32 = Debug|Win32
		Release|Win32 = Release|Win32
	EndGlobalSection
	GlobalSection(ProjectConfigurationPlatforms) = postSolution
		{123D21DE-C053-4711-9618-5E5ED1288ED6}.Debug|Win32.ActiveCfg = Debug|Win32
		{123D21DE-C053-4711-9618-5E5ED1288ED6}.Debug|Win32.Build.0 = Debug|Win32
		{123D21DE-C053-4711-9618-5E5ED1288ED6}.Release|Win32.ActiveCfg = Release|Win32
		{123D21DE-C053-4711-9618-5E5ED1288ED6}.Release|Win32.Build.0 = Release|Win32
		{88F50959-2CC5-442A-B795-2A60751CD2E3}.Debug|Win32.ActiveCfg = Debug|Win32
		{88F50959-2CC5-442A-B795-2A60751CD2E3}.Debug|Win32.Build.0 = Debug|Win32
		{88F50959-2CC5-442A-B795-2A60751CD2E3}.Release|Win32.ActiveCfg = Release|Win32
		{88F50959-2CC5-442A-B795-2A60751CD2E3}.Release|Win32.Build.0 = Release|Win32
		{86D89821-3C23-420F-A73B-065874F930B6}.Debug|Win32.ActiveCfg = Debug|Win32
		{86D89821-3C23-420F-A73B-065874F930B6}.Debug|Win32.Build.0 = Debug|Win32
		{86D89821-3C23-420F-A73B-065874F930B6}.Release|Win32.ActiveCfg = Release|Win32
		{86D89821-3C23-420F-A73B-065874F930B6}.Release|Win32.Build.0 = Release|Win32
	EndGlobalSection
	GlobalSection(SolutionProperties) = preSolution
		HideSolutionNode = FALSE
	EndGlobalSection
EndGlobal
