
Microsoft Visual Studio Solution File, Format Version 10.00
# Visual Studio 2008
Project("{8BC9CEB8-8B4A-11D0-8D11-00A0C91BC942}") = "bspline", "BSpline\bspline.vcproj", "{33A6AAD0-98BE-43AD-9288-8D50CC347357}"
EndProject
Project("{8BC9CEB8-8B4A-11D0-8D11-00A0C91BC942}") = "linear", "Linear\linear.vcproj", "{402B5A6B-1E89-4CFC-AA64-0E7ED9D9E7D9}"
EndProject
Project("{8BC9CEB8-8B4A-11D0-8D11-00A0C91BC942}") = "roge", "roge\roge.vcproj", "{E8F3B357-F20F-4E7C-9443-609E6CFB8214}"
	ProjectSection(ProjectDependencies) = postProject
		{95F91844-85A4-4F05-8351-F36CA7E9C6F1} = {95F91844-85A4-4F05-8351-F36CA7E9C6F1}
		{FB529755-9920-41C4-B366-4F108068E2CF} = {FB529755-9920-41C4-B366-4F108068E2CF}
		{402B5A6B-1E89-4CFC-AA64-0E7ED9D9E7D9} = {402B5A6B-1E89-4CFC-AA64-0E7ED9D9E7D9}
		{4E6D7FC1-4F5E-4006-87FE-1DFED32F05E9} = {4E6D7FC1-4F5E-4006-87FE-1DFED32F05E9}
		{33A6AAD0-98BE-43AD-9288-8D50CC347357} = {33A6AAD0-98BE-43AD-9288-8D50CC347357}
		{AA5E23E5-8A1A-4969-957E-772B81699583} = {AA5E23E5-8A1A-4969-957E-772B81699583}
	EndProjectSection
EndProject
Project("{8BC9CEB8-8B4A-11D0-8D11-00A0C91BC942}") = "trax", "trax\trax.vcproj", "{13281307-97B0-470E-8568-72D75F976611}"
	ProjectSection(ProjectDependencies) = postProject
		{95F91844-85A4-4F05-8351-F36CA7E9C6F1} = {95F91844-85A4-4F05-8351-F36CA7E9C6F1}
		{4E6D7FC1-4F5E-4006-87FE-1DFED32F05E9} = {4E6D7FC1-4F5E-4006-87FE-1DFED32F05E9}
	EndProjectSection
EndProject
Project("{8BC9CEB8-8B4A-11D0-8D11-00A0C91BC942}") = "extruder", "Extruder\Extruder.vcproj", "{AA5E23E5-8A1A-4969-957E-772B81699583}"
EndProject
Project("{8BC9CEB8-8B4A-11D0-8D11-00A0C91BC942}") = "main", "main\main.vcproj", "{BBF1357E-91C2-46F4-9386-361B337A0BC3}"
	ProjectSection(ProjectDependencies) = postProject
		{13281307-97B0-470E-8568-72D75F976611} = {13281307-97B0-470E-8568-72D75F976611}
		{E8F3B357-F20F-4E7C-9443-609E6CFB8214} = {E8F3B357-F20F-4E7C-9443-609E6CFB8214}
	EndProjectSection
EndProject
Project("{8BC9CEB8-8B4A-11D0-8D11-00A0C91BC942}") = "tinyxml", "tinyxml\tinyxml.vcproj", "{95F91844-85A4-4F05-8351-F36CA7E9C6F1}"
EndProject
Project("{8BC9CEB8-8B4A-11D0-8D11-00A0C91BC942}") = "utils", "utils\utils.vcproj", "{4E6D7FC1-4F5E-4006-87FE-1DFED32F05E9}"
EndProject
Project("{8BC9CEB8-8B4A-11D0-8D11-00A0C91BC942}") = "triangle", "triangle\triangle.vcproj", "{FB529755-9920-41C4-B366-4F108068E2CF}"
EndProject
Project("{8BC9CEB8-8B4A-11D0-8D11-00A0C91BC942}") = "viewer", "viewer\viewer.vcproj", "{DACFB342-E04C-4B60-B8D9-8FB2703FACA6}"
EndProject
Global
	GlobalSection(SolutionConfigurationPlatforms) = preSolution
		Debug|Win32 = Debug|Win32
		Release|Win32 = Release|Win32
	EndGlobalSection
	GlobalSection(ProjectConfigurationPlatforms) = postSolution
		{33A6AAD0-98BE-43AD-9288-8D50CC347357}.Debug|Win32.ActiveCfg = Debug|Win32
		{33A6AAD0-98BE-43AD-9288-8D50CC347357}.Debug|Win32.Build.0 = Debug|Win32
		{33A6AAD0-98BE-43AD-9288-8D50CC347357}.Release|Win32.ActiveCfg = Release|Win32
		{33A6AAD0-98BE-43AD-9288-8D50CC347357}.Release|Win32.Build.0 = Release|Win32
		{402B5A6B-1E89-4CFC-AA64-0E7ED9D9E7D9}.Debug|Win32.ActiveCfg = Debug|Win32
		{402B5A6B-1E89-4CFC-AA64-0E7ED9D9E7D9}.Debug|Win32.Build.0 = Debug|Win32
		{402B5A6B-1E89-4CFC-AA64-0E7ED9D9E7D9}.Release|Win32.ActiveCfg = Release|Win32
		{402B5A6B-1E89-4CFC-AA64-0E7ED9D9E7D9}.Release|Win32.Build.0 = Release|Win32
		{E8F3B357-F20F-4E7C-9443-609E6CFB8214}.Debug|Win32.ActiveCfg = Debug|Win32
		{E8F3B357-F20F-4E7C-9443-609E6CFB8214}.Debug|Win32.Build.0 = Debug|Win32
		{E8F3B357-F20F-4E7C-9443-609E6CFB8214}.Release|Win32.ActiveCfg = Release|Win32
		{E8F3B357-F20F-4E7C-9443-609E6CFB8214}.Release|Win32.Build.0 = Release|Win32
		{13281307-97B0-470E-8568-72D75F976611}.Debug|Win32.ActiveCfg = Debug|Win32
		{13281307-97B0-470E-8568-72D75F976611}.Debug|Win32.Build.0 = Debug|Win32
		{13281307-97B0-470E-8568-72D75F976611}.Release|Win32.ActiveCfg = Release|Win32
		{13281307-97B0-470E-8568-72D75F976611}.Release|Win32.Build.0 = Release|Win32
		{AA5E23E5-8A1A-4969-957E-772B81699583}.Debug|Win32.ActiveCfg = Debug|Win32
		{AA5E23E5-8A1A-4969-957E-772B81699583}.Debug|Win32.Build.0 = Debug|Win32
		{AA5E23E5-8A1A-4969-957E-772B81699583}.Release|Win32.ActiveCfg = Release|Win32
		{AA5E23E5-8A1A-4969-957E-772B81699583}.Release|Win32.Build.0 = Release|Win32
		{BBF1357E-91C2-46F4-9386-361B337A0BC3}.Debug|Win32.ActiveCfg = Debug|Win32
		{BBF1357E-91C2-46F4-9386-361B337A0BC3}.Debug|Win32.Build.0 = Debug|Win32
		{BBF1357E-91C2-46F4-9386-361B337A0BC3}.Release|Win32.ActiveCfg = Release|Win32
		{BBF1357E-91C2-46F4-9386-361B337A0BC3}.Release|Win32.Build.0 = Release|Win32
		{95F91844-85A4-4F05-8351-F36CA7E9C6F1}.Debug|Win32.ActiveCfg = Debug|Win32
		{95F91844-85A4-4F05-8351-F36CA7E9C6F1}.Debug|Win32.Build.0 = Debug|Win32
		{95F91844-85A4-4F05-8351-F36CA7E9C6F1}.Release|Win32.ActiveCfg = Release|Win32
		{95F91844-85A4-4F05-8351-F36CA7E9C6F1}.Release|Win32.Build.0 = Release|Win32
		{4E6D7FC1-4F5E-4006-87FE-1DFED32F05E9}.Debug|Win32.ActiveCfg = Debug|Win32
		{4E6D7FC1-4F5E-4006-87FE-1DFED32F05E9}.Debug|Win32.Build.0 = Debug|Win32
		{4E6D7FC1-4F5E-4006-87FE-1DFED32F05E9}.Release|Win32.ActiveCfg = Release|Win32
		{4E6D7FC1-4F5E-4006-87FE-1DFED32F05E9}.Release|Win32.Build.0 = Release|Win32
		{FB529755-9920-41C4-B366-4F108068E2CF}.Debug|Win32.ActiveCfg = Debug|Win32
		{FB529755-9920-41C4-B366-4F108068E2CF}.Debug|Win32.Build.0 = Debug|Win32
		{FB529755-9920-41C4-B366-4F108068E2CF}.Release|Win32.ActiveCfg = Release|Win32
		{FB529755-9920-41C4-B366-4F108068E2CF}.Release|Win32.Build.0 = Release|Win32
		{DACFB342-E04C-4B60-B8D9-8FB2703FACA6}.Debug|Win32.ActiveCfg = Debug|Win32
		{DACFB342-E04C-4B60-B8D9-8FB2703FACA6}.Debug|Win32.Build.0 = Debug|Win32
		{DACFB342-E04C-4B60-B8D9-8FB2703FACA6}.Release|Win32.ActiveCfg = Release|Win32
		{DACFB342-E04C-4B60-B8D9-8FB2703FACA6}.Release|Win32.Build.0 = Release|Win32
	EndGlobalSection
	GlobalSection(SolutionProperties) = preSolution
		HideSolutionNode = FALSE
	EndGlobalSection
EndGlobal
